
Microsoft Visual Studio Solution File, Format Version 12.00
# Visual Studio Version 16
VisualStudioVersion = 16.0.31205.134
MinimumVisualStudioVersion = 10.0.40219.1
Project("{2150E333-8FDC-42A3-9474-1A3956D46DE8}") = "LevelUpToA", "LevelUpToA", "{6961296A-7CE9-450A-8697-8BF8611E71AF}"
EndProject
Project("{9A19103F-16F7-4668-BE54-9A1E7A4F7556}") = "getboardstatus001", "getboardstatus001\getboardstatus001.csproj", "{F0E08C72-52B9-454E-B7EA-0E29ED05FA8E}"
EndProject
Project("{2150E333-8FDC-42A3-9474-1A3956D46DE8}") = "mapjudgement", "mapjudgement", "{09167AC7-3057-4952-BCAB-642485353EAC}"
EndProject
Project("{9A19103F-16F7-4668-BE54-9A1E7A4F7556}") = "changeboardstatus001", "changeboardstatus001\changeboardstatus001.csproj", "{6ABA200F-AC7F-4E24-BE76-E67363F30D1B}"
EndProject
Project("{9A19103F-16F7-4668-BE54-9A1E7A4F7556}") = "mapjudgement_horizontal001", "mapjudgement_horizontal001\mapjudgement_horizontal001.csproj", "{DDB2E003-DC6F-47A4-8D89-30A3D1E3EE8B}"
EndProject
Project("{9A19103F-16F7-4668-BE54-9A1E7A4F7556}") = "mapjudgement_vertical001", "mapjudgement_vertical001\mapjudgement_vertical001.csproj", "{0611C32F-A4A0-4967-92E7-5D5BCDA9A39A}"
EndProject
Project("{9A19103F-16F7-4668-BE54-9A1E7A4F7556}") = "mapjudgement_all001", "mapjudgement_all001\mapjudgement_all001.csproj", "{47650223-C137-45CE-B762-D7C764673E95}"
EndProject
Project("{2150E333-8FDC-42A3-9474-1A3956D46DE8}") = "orientedmovement", "orientedmovement", "{D7BC0EB1-C104-4FBC-B31F-1F65D67D0815}"
EndProject
Project("{9A19103F-16F7-4668-BE54-9A1E7A4F7556}") = "getcoordinatefrommap001", "getcoordinatefrommap001\getcoordinatefrommap001.csproj", "{152851B0-4C0B-4B84-9E4C-0B6B655052A5}"
EndProject
Project("{9A19103F-16F7-4668-BE54-9A1E7A4F7556}") = "movementanddirection001", "movementanddirection001\movementanddirection001.csproj", "{E3B2526E-5133-47F4-8BCE-3101B2F8A6C7}"
EndProject
Project("{9A19103F-16F7-4668-BE54-9A1E7A4F7556}") = "movementandorientation001", "movementandorientation001\movementandorientation001.csproj", "{8BEBE8E5-C9A5-4100-A601-1F9F91CABC61}"
EndProject
Project("{9A19103F-16F7-4668-BE54-9A1E7A4F7556}") = "regularmovement001", "regularmovement001\regularmovement001.csproj", "{AE3A6C38-21EB-40B1-9940-C1ED581FA634}"
EndProject
Project("{9A19103F-16F7-4668-BE54-9A1E7A4F7556}") = "orientedmovement001", "orientedmovement001\orientedmovement001.csproj", "{D4BBC26E-7930-4A2C-A894-77776FE26CA6}"
EndProject
Project("{2150E333-8FDC-42A3-9474-1A3956D46DE8}") = "snake", "snake", "{26989194-26FB-4FE7-B5B4-74A401D6FE7A}"
EndProject
Project("{9A19103F-16F7-4668-BE54-9A1E7A4F7556}") = "directionofmovement001", "directionofmovement001\directionofmovement001.csproj", "{D0197EA0-00D4-4612-BA93-7F8E533ACCB9}"
EndProject
Project("{9A19103F-16F7-4668-BE54-9A1E7A4F7556}") = "directionofmovement002", "directionofmovement002\directionofmovement002.csproj", "{59241892-2C90-43C0-A964-4B0004877A02}"
EndProject
Project("{9A19103F-16F7-4668-BE54-9A1E7A4F7556}") = "movemultipletimes001", "movemultipletimes001\movemultipletimes001.csproj", "{8069700F-2DDB-4ADD-AAD1-E2000C178A86}"
EndProject
Project("{9A19103F-16F7-4668-BE54-9A1E7A4F7556}") = "widemovement001", "widemovement001\widemovement001.csproj", "{5D19C3AA-57CF-4DE0-914A-2CEC0D54AB47}"
EndProject
Project("{9A19103F-16F7-4668-BE54-9A1E7A4F7556}") = "widemovement002", "widemovement002\widemovement002.csproj", "{DD6AF1A9-5206-4692-91DD-4CECBC846561}"
EndProject
Project("{9A19103F-16F7-4668-BE54-9A1E7A4F7556}") = "movementwithtime001", "movementwithtime001\movementwithtime001.csproj", "{FC9C188C-B63F-45BA-81A6-78EFCA89B8F1}"
EndProject
Project("{9A19103F-16F7-4668-BE54-9A1E7A4F7556}") = "movewithtime002", "movewithtime002\movewithtime002.csproj", "{25E085F9-E4A6-4F1A-ABBF-1778E4D9356D}"
EndProject
Project("{2150E333-8FDC-42A3-9474-1A3956D46DE8}") = "campinggame", "campinggame", "{56A287EB-F9C6-453F-B606-93C8E2A7EA53}"
EndProject
Project("{2150E333-8FDC-42A3-9474-1A3956D46DE8}") = "SkillCheck", "SkillCheck", "{79A3C411-BB0E-4F03-9F8F-02CB4271813F}"
EndProject
Project("{9A19103F-16F7-4668-BE54-9A1E7A4F7556}") = "multiplication001", "multiplication001\multiplication001.csproj", "{3EAE9D31-2F77-4C93-8D02-D7E875652339}"
EndProject
Project("{9A19103F-16F7-4668-BE54-9A1E7A4F7556}") = "addition001", "addition001\addition001.csproj", "{B3724499-2FEC-4C9E-94E7-CC003F731C6C}"
EndProject
Project("{9A19103F-16F7-4668-BE54-9A1E7A4F7556}") = "minimumnumber001", "minimumnumber001\minimumnumber001.csproj", "{3FC3463B-571C-443F-8608-FC1A371AE3AE}"
EndProject
Project("{9A19103F-16F7-4668-BE54-9A1E7A4F7556}") = "matchletters001", "matchletters001\matchletters001.csproj", "{5C7FA784-0ADA-4D9B-8A15-9BC54D726DBA}"
EndProject
Project("{9A19103F-16F7-4668-BE54-9A1E7A4F7556}") = "fizzbuzz001", "fizzbuzz001\fizzbuzz001.csproj", "{D1A7968D-B091-4C6A-B60D-C648ECB76586}"
EndProject
Project("{9A19103F-16F7-4668-BE54-9A1E7A4F7556}") = "longtableeelshop001", "longtableeelshop001\longtableeelshop001.csproj", "{32C17850-4FFC-4DCF-8667-D1B0ECBB1F57}"
EndProject
Project("{9A19103F-16F7-4668-BE54-9A1E7A4F7556}") = "rockpaperscissors001", "rockpaperscissors001\rockpaperscissors001.csproj", "{537A00B3-C76A-483E-9090-AA758393BC74}"
EndProject
Project("{9A19103F-16F7-4668-BE54-9A1E7A4F7556}") = "11masscamp001", "11masscamp001\11masscamp001.csproj", "{E058AA7C-4956-405F-9397-70CFC1590A91}"
EndProject
Project("{9A19103F-16F7-4668-BE54-9A1E7A4F7556}") = "1masscamp002", "1masscamp002\1masscamp002.csproj", "{1629F5AB-5A1E-491D-A3E8-693768CC077B}"
EndProject
Project("{9A19103F-16F7-4668-BE54-9A1E7A4F7556}") = "endigingofcamp001", "endigingofcamp001\endigingofcamp001.csproj", "{C2188262-56FC-4483-8B6A-5382724C3610}"
EndProject
Project("{9A19103F-16F7-4668-BE54-9A1E7A4F7556}") = "effortofcamp001", "effortofcamp001\effortofcamp001.csproj", "{4789114F-C485-476F-A1E7-1DAF8F6CF9E4}"
EndProject
Project("{9A19103F-16F7-4668-BE54-9A1E7A4F7556}") = "numberofcampturns001", "numberofcampturns001\numberofcampturns001.csproj", "{8642D0B2-7212-4C86-A79A-607835AE8D75}"
EndProject
Project("{2150E333-8FDC-42A3-9474-1A3956D46DE8}") = "SkillCheckPQ", "SkillCheckPQ", "{9AA95928-E3F1-4676-A48F-A3F4D7913E5D}"
EndProject
Project("{9A19103F-16F7-4668-BE54-9A1E7A4F7556}") = "wordcount001", "wordcount001\wordcount001.csproj", "{272B367E-DA3B-485E-A8D0-D8C4D4704C76}"
EndProject
Project("{9A19103F-16F7-4668-BE54-9A1E7A4F7556}") = "searchhistory001", "searchhistory001\searchhistory001.csproj", "{2F21634A-3460-4A00-9A86-4661479557DE}"
EndProject
Project("{9A19103F-16F7-4668-BE54-9A1E7A4F7556}") = "lottery001", "lottery001\lottery001.csproj", "{31778A4B-47CE-4428-8D02-2F52D4D8EDEE}"
EndProject
Project("{9A19103F-16F7-4668-BE54-9A1E7A4F7556}") = "baseballumpire001", "baseballumpire001\baseballumpire001.csproj", "{CD868DC5-3389-403B-BE80-A0E4F80429A6}"
EndProject
Project("{9A19103F-16F7-4668-BE54-9A1E7A4F7556}") = "maxaveragenumberdv001", "maxaveragenumberdv001\maxaveragenumberdv001.csproj", "{BD569AF8-9F30-4219-B865-070ABEF1F19F}"
EndProject
Project("{9A19103F-16F7-4668-BE54-9A1E7A4F7556}") = "shiritori001", "shiritori001\shiritori001.csproj", "{1A954585-C9BB-45DA-BA44-35C410DA11FC}"
EndProject
Project("{9A19103F-16F7-4668-BE54-9A1E7A4F7556}") = "matchinggame001", "matchinggame001\matchinggame001.csproj", "{1B62DC14-AB6E-469C-87E6-33E508E624FA}"
EndProject
Project("{2150E333-8FDC-42A3-9474-1A3956D46DE8}") = "Sort", "Sort", "{B3715BDA-8786-4EB6-BD6D-031FB0AED7AD}"
EndProject
Project("{9A19103F-16F7-4668-BE54-9A1E7A4F7556}") = "InsertSort001", "InsertSort001\InsertSort001.csproj", "{E383DBC5-465B-4DE5-AAF7-29FBF7F8B42E}"
EndProject
Project("{2150E333-8FDC-42A3-9474-1A3956D46DE8}") = "Others", "Others", "{7159B02E-2050-40EC-9F1E-E68486AFFC68}"
EndProject
Project("{9A19103F-16F7-4668-BE54-9A1E7A4F7556}") = "selfintroduction001", "selfintroduction001\selfintroduction001.csproj", "{F9EE28EB-BDEB-4AFC-91EE-FC187A4400A8}"
EndProject
Project("{9A19103F-16F7-4668-BE54-9A1E7A4F7556}") = "numbersort001", "numbersort001\numbersort001.csproj", "{E31EDAE0-D1AB-4BA7-B0EA-63C1B0DA9C9E}"
EndProject
Project("{9A19103F-16F7-4668-BE54-9A1E7A4F7556}") = "iforternaryoperator001", "iforternaryoperator001\iforternaryoperator001.csproj", "{6BBC5107-F510-4C59-B557-23183CEED782}"
EndProject
Project("{9A19103F-16F7-4668-BE54-9A1E7A4F7556}") = "sumcalculation001", "sumcalculation001\sumcalculation001.csproj", "{3D88B1E3-37E6-4112-B1F7-826D15434FC6}"
EndProject
Project("{9A19103F-16F7-4668-BE54-9A1E7A4F7556}") = "selectionsort001", "selectionsort001\selectionsort001.csproj", "{C1858F92-5E45-4550-A7CA-F4AE0CCD2A2D}"
EndProject
Project("{9A19103F-16F7-4668-BE54-9A1E7A4F7556}") = "bubblesort001", "bubblesort001\bubblesort001.csproj", "{2488DA25-EA07-4846-BAF2-701ACDFC93A0}"
EndProject
Project("{9A19103F-16F7-4668-BE54-9A1E7A4F7556}") = "shellsort001", "shellsort001\shellsort001.csproj", "{E6CC08AF-9D5C-460E-81AD-3DDF27094927}"
EndProject
Project("{2150E333-8FDC-42A3-9474-1A3956D46DE8}") = "STEINS;GATE", "STEINS;GATE", "{19A02845-C28C-43FF-9B7E-B2C1FDC2796C}"
EndProject
Project("{9A19103F-16F7-4668-BE54-9A1E7A4F7556}") = "regularrepresentation001", "regularrepresentation001\regularrepresentation001.csproj", "{95F248BD-1E0D-49EE-A266-9AA9AFFF1743}"
EndProject
Project("{9A19103F-16F7-4668-BE54-9A1E7A4F7556}") = "performanceanalysis001", "performanceanalysis001\performanceanalysis001.csproj", "{E7F7EA3E-8735-4222-A53C-DD5497116925}"
EndProject
Project("{9A19103F-16F7-4668-BE54-9A1E7A4F7556}") = "diffrenceofint001", "diffrenceofint001\diffrenceofint001.csproj", "{128F91BE-CBF7-4052-BBB6-E5C21919A2DD}"
EndProject
Project("{9A19103F-16F7-4668-BE54-9A1E7A4F7556}") = "diffrenceofsequence001", "diffrenceofsequence001\diffrenceofsequence001.csproj", "{AD6C6DF5-B2C2-4411-9074-D096E7017105}"
EndProject
Project("{9A19103F-16F7-4668-BE54-9A1E7A4F7556}") = "intsearch001", "intsearch001\intsearch001.csproj", "{1CDA7120-8EBE-4847-92CD-BC1FDD77C821}"
EndProject
Project("{9A19103F-16F7-4668-BE54-9A1E7A4F7556}") = "sequencesearch001", "sequencesearch001\sequencesearch001.csproj", "{3C541397-DB88-43D4-B161-4F429AF8DD03}"
EndProject
Project("{9A19103F-16F7-4668-BE54-9A1E7A4F7556}") = "exceptionhandling001", "exceptionhandling001\exceptionhandling001.csproj", "{303327B6-5F34-4A38-B55F-5E8AB88544DB}"
EndProject
Project("{9A19103F-16F7-4668-BE54-9A1E7A4F7556}") = "dungeondeadlock001", "dungeondeadlock001\dungeondeadlock001.csproj", "{4A7F3162-A2C2-4D47-A315-9938346459F4}"
EndProject
Project("{9A19103F-16F7-4668-BE54-9A1E7A4F7556}") = "dungeondeadlock002", "dungeondeadlock002\dungeondeadlock002.csproj", "{E7FEBD17-F266-4F07-B07A-373E01A374C5}"
EndProject
Project("{9A19103F-16F7-4668-BE54-9A1E7A4F7556}") = "dungeondeadlock003", "dungeondeadlock003\dungeondeadlock003.csproj", "{DB38567B-27D5-48E7-BFA4-9C40CB81447B}"
EndProject
Project("{9A19103F-16F7-4668-BE54-9A1E7A4F7556}") = "dungeondeadlock004", "dungeondeadlock004\dungeondeadlock004.csproj", "{F93F91A6-86E3-4DDA-846A-6DE53166435F}"
EndProject
Project("{2150E333-8FDC-42A3-9474-1A3956D46DE8}") = "LevelUpToB", "LevelUpToB", "{649FB960-A302-4490-A8BB-F271E661BA88}"
EndProject
Project("{2150E333-8FDC-42A3-9474-1A3956D46DE8}") = "SumOfInteger", "SumOfInteger", "{BC749F1E-9CFB-499E-9C82-60CD5A44EF1E}"
EndProject
Project("{9A19103F-16F7-4668-BE54-9A1E7A4F7556}") = "increment001", "increment001\increment001.csproj", "{5D067CB1-9EC6-40A2-A1E8-6DCFAA1A11FA}"
EndProject
Project("{9A19103F-16F7-4668-BE54-9A1E7A4F7556}") = "multilineinput_output001", "multilineinput_output001\multilineinput_output001.csproj", "{03370C46-5387-489B-BE1E-20C0791FF5AD}"
EndProject
Project("{9A19103F-16F7-4668-BE54-9A1E7A4F7556}") = "sumofarrayelement001", "sumofarrayelement001\sumofarrayelement001.csproj", "{354B95FE-2ED0-465B-A1D5-6C11AEEF7F26}"
EndProject
Project("{9A19103F-16F7-4668-BE54-9A1E7A4F7556}") = "more5orless4_001", "more5orless4_001\more5orless4_001.csproj", "{1BF9256F-A2C8-4A59-9E35-878D2E86ED75}"
EndProject
Project("{9A19103F-16F7-4668-BE54-9A1E7A4F7556}") = "sumofarraydata001", "sumofarraydata001\sumofarraydata001.csproj", "{C0CCEC8F-4596-4FC2-8ECF-966251290FEB}"
EndProject
Project("{9A19103F-16F7-4668-BE54-9A1E7A4F7556}") = "sumofinteger_more5_001", "sumofinteger_more5_001\sumofinteger_more5_001.csproj", "{779DD270-FCD9-4B21-AEDC-2709EA9E330E}"
EndProject
Project("{2150E333-8FDC-42A3-9474-1A3956D46DE8}") = "AddOrMultiplicate", "AddOrMultiplicate", "{0D7F9C8E-4380-46E8-AE4A-66E82F8ABAE4}"
EndProject
Project("{9A19103F-16F7-4668-BE54-9A1E7A4F7556}") = "increment002", "increment002\increment002.csproj", "{7F9CD923-753A-4B8E-909C-FC54BE7C9BE2}"
EndProject
Project("{9A19103F-16F7-4668-BE54-9A1E7A4F7556}") = "stringoutput001", "stringoutput001\stringoutput001.csproj", "{F8444990-278B-424D-BB8C-F055413CA905}"
EndProject
Project("{9A19103F-16F7-4668-BE54-9A1E7A4F7556}") = "stringsplit001", "stringsplit001\stringsplit001.csproj", "{5427CCEC-D38A-4CD5-861C-DEE6A7137E2C}"
EndProject
Project("{9A19103F-16F7-4668-BE54-9A1E7A4F7556}") = "addinteger001", "addinteger001\addinteger001.csproj", "{6C4ECEA6-8FEB-402A-845C-B4B45DE67133}"
EndProject
Project("{9A19103F-16F7-4668-BE54-9A1E7A4F7556}") = "addormultiplicate001", "addormultiplicate001\addormultiplicate001.csproj", "{17B2B05F-BA23-42BA-BFB0-9A875922EF18}"
EndProject
Project("{2150E333-8FDC-42A3-9474-1A3956D46DE8}") = "SplitString", "SplitString", "{29F590F2-EDFE-41E8-B1F4-C8121AC8C8A6}"
EndProject
Project("{9A19103F-16F7-4668-BE54-9A1E7A4F7556}") = "splitstring001", "splitstring001\splitstring001.csproj", "{2D96D93F-A15A-4147-A496-2EF39AE0ADBC}"
EndProject
Project("{9A19103F-16F7-4668-BE54-9A1E7A4F7556}") = "addinteger002", "addinteger002\addinteger002.csproj", "{E0D6DFF4-698C-4427-9123-9EE8C8889F33}"
EndProject
Project("{9A19103F-16F7-4668-BE54-9A1E7A4F7556}") = "stringlength001", "stringlength001\stringlength001.csproj", "{78D1605C-0046-4B1B-BEE2-0F1759807821}"
EndProject
Project("{9A19103F-16F7-4668-BE54-9A1E7A4F7556}") = "firstchar001", "firstchar001\firstchar001.csproj", "{C87204EF-0007-4850-B77E-67CB596043CA}"
EndProject
Project("{9A19103F-16F7-4668-BE54-9A1E7A4F7556}") = "allinteger001", "allinteger001\allinteger001.csproj", "{35EBE14B-83A2-4F21-A92A-440FF1362666}"
EndProject
Project("{9A19103F-16F7-4668-BE54-9A1E7A4F7556}") = "substringstr001", "substringstr001\substringstr001.csproj", "{B56E847A-AA9F-4FAA-B1BC-7632AB232624}"
EndProject
Project("{2150E333-8FDC-42A3-9474-1A3956D46DE8}") = "ToUpperCase", "ToUpperCase", "{E04A8470-8C68-4E8C-91DE-2AE3650FA394}"
EndProject
Project("{9A19103F-16F7-4668-BE54-9A1E7A4F7556}") = "splitstr002", "splitstr002\splitstr002.csproj", "{45F9A879-6B50-4669-AC25-E201AABA588B}"
EndProject
Project("{9A19103F-16F7-4668-BE54-9A1E7A4F7556}") = "addinteger003", "addinteger003\addinteger003.csproj", "{02BFC03A-23D8-45CB-A1E9-A3CD51F09636}"
EndProject
Project("{9A19103F-16F7-4668-BE54-9A1E7A4F7556}") = "stringlength002", "stringlength002\stringlength002.csproj", "{9446B385-63AD-41FA-85CC-7B4186169A7C}"
EndProject
Project("{9A19103F-16F7-4668-BE54-9A1E7A4F7556}") = "firstchar002", "firstchar002\firstchar002.csproj", "{6E660F2E-0019-47F0-9A98-DB5A41BC8CC4}"
EndProject
Project("{9A19103F-16F7-4668-BE54-9A1E7A4F7556}") = "touppercase001", "touppercase001\touppercase001.csproj", "{5E2E4E7C-1A16-4884-A874-918EA99966DB}"
EndProject
Project("{9A19103F-16F7-4668-BE54-9A1E7A4F7556}") = "specificrangeinteger001", "specificrangeinteger001\specificrangeinteger001.csproj", "{A5F01CBC-DDF5-4DDA-B760-CD3BA625FA6A}"
EndProject
Project("{9A19103F-16F7-4668-BE54-9A1E7A4F7556}") = "touppercase002", "touppercase002\touppercase002.csproj", "{1BD20E45-EE71-4C44-BCA6-223B88A1B4F0}"
EndProject
Project("{2150E333-8FDC-42A3-9474-1A3956D46DE8}") = "DuplicationCount_Char", "DuplicationCount_Char", "{4F959DCB-9B61-45AB-9AF3-A8BB3701D531}"
EndProject
Project("{9A19103F-16F7-4668-BE54-9A1E7A4F7556}") = "stringlegnth003", "stringlegnth003\stringlegnth003.csproj", "{4DAE08D4-7E9B-47FD-B128-755BBEEFCB86}"
EndProject
Project("{9A19103F-16F7-4668-BE54-9A1E7A4F7556}") = "firstchar003", "firstchar003\firstchar003.csproj", "{87150BDA-A2A3-4CCA-9E92-556671E70E20}"
EndProject
Project("{9A19103F-16F7-4668-BE54-9A1E7A4F7556}") = "outputelements001", "outputelements001\outputelements001.csproj", "{116B5F56-C362-4599-BEEC-BB281BAA254A}"
EndProject
Project("{9A19103F-16F7-4668-BE54-9A1E7A4F7556}") = "outputeachchar001", "outputeachchar001\outputeachchar001.csproj", "{C1D8CC2A-2840-492E-AACA-5D932A846AC4}"
EndProject
Project("{9A19103F-16F7-4668-BE54-9A1E7A4F7556}") = "duplicationcountofchar001", "duplicationcountofchar001\duplicationcountofchar001.csproj", "{57F4A205-ACD8-465C-852D-57ED804E6234}"
EndProject
Project("{2150E333-8FDC-42A3-9474-1A3956D46DE8}") = "DuplicationCount_String", "DuplicationCount_String", "{9AE1F0B8-5622-4AA2-B7B7-50454A64011F}"
EndProject
Project("{9A19103F-16F7-4668-BE54-9A1E7A4F7556}") = "stringlength003", "stringlength003\stringlength003.csproj", "{A4C04FE2-A03B-4C07-95CF-9C84488A979C}"
EndProject
Project("{9A19103F-16F7-4668-BE54-9A1E7A4F7556}") = "firstchar004", "firstchar004\firstchar004.csproj", "{64CA7735-5EDB-4458-BBF0-2849B60FA836}"
EndProject
Project("{9A19103F-16F7-4668-BE54-9A1E7A4F7556}") = "outputeachchar002", "outputeachchar002\outputeachchar002.csproj", "{47497786-D81F-42A4-8060-6CC540DC172C}"
EndProject
Project("{9A19103F-16F7-4668-BE54-9A1E7A4F7556}") = "firstandsecondchar001", "firstandsecondchar001\firstandsecondchar001.csproj", "{71C20E4E-5BA9-44EF-8BC0-14E49CF754B9}"
EndProject
Project("{9A19103F-16F7-4668-BE54-9A1E7A4F7556}") = "nthandnthplus1char001", "nthandnthplus1char001\nthandnthplus1char001.csproj", "{759F99FF-0470-4C3B-A46D-C99A0D3F3502}"
EndProject
Project("{9A19103F-16F7-4668-BE54-9A1E7A4F7556}") = "duplicationcountstring001", "duplicationcountstring001\duplicationcountstring001.csproj", "{1435944E-91C8-4C7B-95BF-9A2564171004}"
EndProject
Project("{2150E333-8FDC-42A3-9474-1A3956D46DE8}") = "Sort1", "Sort1", "{199DC06D-1D57-4613-BFAC-99418669FA94}"
EndProject
Project("{2150E333-8FDC-42A3-9474-1A3956D46DE8}") = "Sort2", "Sort2", "{F9CF130D-70C1-4631-A56F-2BFB766CA1E9}"
EndProject
Project("{9A19103F-16F7-4668-BE54-9A1E7A4F7556}") = "increment003", "increment003\increment003.csproj", "{6BD13641-3CE2-4607-85E0-2FB383F4540F}"
EndProject
Project("{9A19103F-16F7-4668-BE54-9A1E7A4F7556}") = "printnumberonly001", "printnumberonly001\printnumberonly001.csproj", "{E7B60AB6-9A20-4A58-A24F-74684611C162}"
EndProject
Project("{9A19103F-16F7-4668-BE54-9A1E7A4F7556}") = "sortascending001", "sortascending001\sortascending001.csproj", "{F7B5FB44-0ABA-4398-AFA8-09E5FBB156C1}"
EndProject
Project("{9A19103F-16F7-4668-BE54-9A1E7A4F7556}") = "charandnumberpairsort001", "charandnumberpairsort001\charandnumberpairsort001.csproj", "{21509E63-14EA-42ED-934E-42117389705C}"
EndProject
Project("{9A19103F-16F7-4668-BE54-9A1E7A4F7556}") = "increment004", "increment004\increment004.csproj", "{1871A2A5-973F-4AC9-898C-3040C44FEE82}"
EndProject
Project("{9A19103F-16F7-4668-BE54-9A1E7A4F7556}") = "judgementofduplication001", "judgementofduplication001\judgementofduplication001.csproj", "{AD364972-3D0F-4A09-8902-62A420253164}"
EndProject
Project("{9A19103F-16F7-4668-BE54-9A1E7A4F7556}") = "duplicationcountarray001", "duplicationcountarray001\duplicationcountarray001.csproj", "{9BDE154F-F13E-4A32-A3EF-FC0144EB5DBE}"
EndProject
Project("{9A19103F-16F7-4668-BE54-9A1E7A4F7556}") = "arraysort001", "arraysort001\arraysort001.csproj", "{8A0B26D9-2400-41DA-836F-70917659E6B0}"
EndProject
Project("{9A19103F-16F7-4668-BE54-9A1E7A4F7556}") = "printnumberonly002", "printnumberonly002\printnumberonly002.csproj", "{1398051F-6D35-477E-B11C-87978AF33D3F}"
EndProject
Project("{9A19103F-16F7-4668-BE54-9A1E7A4F7556}") = "sortascending002", "sortascending002\sortascending002.csproj", "{EC07EEB4-BAEE-432B-A78F-35DC4376FAAE}"
EndProject
Project("{9A19103F-16F7-4668-BE54-9A1E7A4F7556}") = "charandnumberpairsort002", "charandnumberpairsort002\charandnumberpairsort002.csproj", "{326B2A33-CF3B-4297-86D2-E8544913A1D5}"
EndProject
Project("{2150E333-8FDC-42A3-9474-1A3956D46DE8}") = "AlphabetSearch", "AlphabetSearch", "{A9E20E82-91B6-48EA-9D40-FBF3A5DBDD12}"
EndProject
Project("{9A19103F-16F7-4668-BE54-9A1E7A4F7556}") = "outputstring001", "outputstring001\outputstring001.csproj", "{D0E9ABE5-F703-4C52-8510-D8779030DF09}"
EndProject
Project("{9A19103F-16F7-4668-BE54-9A1E7A4F7556}") = "outputstringalphabet001", "outputstringalphabet001\outputstringalphabet001.csproj", "{B7984382-61A4-4514-9EC8-B8C02DB6A733}"
EndProject
Project("{9A19103F-16F7-4668-BE54-9A1E7A4F7556}") = "orderofalphabet001", "orderofalphabet001\orderofalphabet001.csproj", "{54C8D85A-275A-4155-B453-3369AAF96177}"
EndProject
Project("{9A19103F-16F7-4668-BE54-9A1E7A4F7556}") = "alphabetsearch001", "alphabetsearch001\alphabetsearch001.csproj", "{7FDE6820-A904-4E37-A383-A6F7DC62948B}"
EndProject
Project("{2150E333-8FDC-42A3-9474-1A3956D46DE8}") = "Gomoku", "Gomoku", "{72547BF6-07F3-469E-BD29-59E9695C2B05}"
EndProject
Project("{9A19103F-16F7-4668-BE54-9A1E7A4F7556}") = "outputstring002", "outputstring002\outputstring002.csproj", "{49A2891C-6BD1-444D-ADC4-49C25C1B460F}"
EndProject
Project("{9A19103F-16F7-4668-BE54-9A1E7A4F7556}") = "gomokuline001", "gomokuline001\gomokuline001.csproj", "{297C8939-EDA8-4911-9F41-7E4928892618}"
EndProject
Project("{9A19103F-16F7-4668-BE54-9A1E7A4F7556}") = "gomokuhorizontal001", "gomokuhorizontal001\gomokuhorizontal001.csproj", "{C286357A-E053-4418-A93E-7650FE57D4D5}"
EndProject
Project("{9A19103F-16F7-4668-BE54-9A1E7A4F7556}") = "gomokuvertical001", "gomokuvertical001\gomokuvertical001.csproj", "{893EC726-DF11-4E99-A371-12B2C88CC8E3}"
EndProject
Project("{9A19103F-16F7-4668-BE54-9A1E7A4F7556}") = "gomokudiagonal001", "gomokudiagonal001\gomokudiagonal001.csproj", "{89E876EC-B0A9-459F-B690-99F5997BC473}"
EndProject
Project("{9A19103F-16F7-4668-BE54-9A1E7A4F7556}") = "gomoku001", "gomoku001\gomoku001.csproj", "{2F83EE2F-C190-417E-8BFA-D206BFEAFB7A}"
EndProject
Project("{2150E333-8FDC-42A3-9474-1A3956D46DE8}") = "Divination", "Divination", "{F6664C98-AE3A-4C7B-A53C-9C70B913AE41}"
EndProject
Project("{9A19103F-16F7-4668-BE54-9A1E7A4F7556}") = "useassociativearray001", "useassociativearray001\useassociativearray001.csproj", "{52FEE8B3-A528-4D58-88C0-A86B8224D23B}"
EndProject
Project("{9A19103F-16F7-4668-BE54-9A1E7A4F7556}") = "bloodtypedataprocessing001", "bloodtypedataprocessing001\bloodtypedataprocessing001.csproj", "{195E9171-CEC5-4B5E-8EA2-1BBEC075F013}"
EndProject
Project("{9A19103F-16F7-4668-BE54-9A1E7A4F7556}") = "bloodtype001", "bloodtype001\bloodtype001.csproj", "{5FED7AD9-4B0B-4423-AE37-E89E0AD29BB3}"
EndProject
Project("{9A19103F-16F7-4668-BE54-9A1E7A4F7556}") = "bloodtypedivination001", "bloodtypedivination001\bloodtypedivination001.csproj", "{AD6C1169-F674-47A2-B23B-897D84EF7C9A}"
EndProject
Project("{9A19103F-16F7-4668-BE54-9A1E7A4F7556}") = "divinationresult001", "divinationresult001\divinationresult001.csproj", "{870174A0-B892-4571-AA2E-C96B6F884763}"
EndProject
Project("{9A19103F-16F7-4668-BE54-9A1E7A4F7556}") = "divination001", "divination001\divination001.csproj", "{D72E6D9F-84E9-4104-A382-36B0A4B7BE47}"
EndProject
Project("{2150E333-8FDC-42A3-9474-1A3956D46DE8}") = "BattleSet", "BattleSet", "{228B8C31-B208-448C-89A6-F9F884C8A71E}"
EndProject
Project("{9A19103F-16F7-4668-BE54-9A1E7A4F7556}") = "passjudgement001", "passjudgement001\passjudgement001.csproj", "{69683DDF-9F33-4E5B-ADEF-7198E6DB6F75}"
EndProject
Project("{9A19103F-16F7-4668-BE54-9A1E7A4F7556}") = "finddifference001", "finddifference001\finddifference001.csproj", "{95060BDA-E143-4EBA-BF05-6B7B4FF86D4F}"
EndProject
Project("{9A19103F-16F7-4668-BE54-9A1E7A4F7556}") = "notationofmidnighttime001", "notationofmidnighttime001\notationofmidnighttime001.csproj", "{029C4AA5-29C0-4D22-AA98-561FDA54D16E}"
EndProject
Project("{9A19103F-16F7-4668-BE54-9A1E7A4F7556}") = "befinetomorrow", "befinetomorrow\befinetomorrow.csproj", "{03F713B9-53FF-419B-8737-EEDA3C29899D}"
EndProject
Project("{9A19103F-16F7-4668-BE54-9A1E7A4F7556}") = "boiledegg001", "boiledegg001\boiledegg001.csproj", "{331B361C-1531-4494-9ED7-A9A724FF81D1}"
EndProject
Project("{9A19103F-16F7-4668-BE54-9A1E7A4F7556}") = "mranonymous001", "mranonymous001\mranonymous001.csproj", "{DFE4ACB2-3B54-43B1-B657-361D2895A457}"
EndProject
Project("{9A19103F-16F7-4668-BE54-9A1E7A4F7556}") = "linesymmetrypointsymmetry001", "linesymmetrypointsymmetry001\linesymmetrypointsymmetry001.csproj", "{4DE4889A-586F-4DD8-908B-D90DDECFA06E}"
EndProject
Project("{9A19103F-16F7-4668-BE54-9A1E7A4F7556}") = "onlyoneitemperperson001", "onlyoneitemperperson001\onlyoneitemperperson001.csproj", "{4E7ED870-1A87-4040-BCF4-608FC6B82124}"
EndProject
Project("{9A19103F-16F7-4668-BE54-9A1E7A4F7556}") = "yamadalikesodd001", "yamadalikesodd001\yamadalikesodd001.csproj", "{29E756C5-1EF7-4FDA-A271-6C60656E2470}"
EndProject
Project("{2150E333-8FDC-42A3-9474-1A3956D46DE8}") = "LinearSearch", "LinearSearch", "{A34EF4B7-B10A-4DB3-A05A-17AB8859F521}"
EndProject
Project("{9A19103F-16F7-4668-BE54-9A1E7A4F7556}") = "findvaluepos001", "findvaluepos001\findvaluepos001.csproj", "{A9F8357E-95D8-4317-B207-3C14E288A839}"
EndProject
Project("{9A19103F-16F7-4668-BE54-9A1E7A4F7556}") = "counttargetvalue001", "counttargetvalue001\counttargetvalue001.csproj", "{B2B2FCBE-D1A6-4DF8-BD68-65320A9A7982}"
EndProject
Project("{9A19103F-16F7-4668-BE54-9A1E7A4F7556}") = "findvaluepos002", "findvaluepos002\findvaluepos002.csproj", "{DBDB0304-0289-42DB-BC63-FF86FEDD1352}"
EndProject
Project("{9A19103F-16F7-4668-BE54-9A1E7A4F7556}") = "findvaluepos003", "findvaluepos003\findvaluepos003.csproj", "{27FD3A39-5304-450E-9331-B7EF2521AC47}"
EndProject
Project("{9A19103F-16F7-4668-BE54-9A1E7A4F7556}") = "maxmin001", "maxmin001\maxmin001.csproj", "{4696C080-E0EB-421A-BE5D-ED441F35CC7B}"
EndProject
Project("{9A19103F-16F7-4668-BE54-9A1E7A4F7556}") = "maxmin002", "maxmin002\maxmin002.csproj", "{EC77A96A-9307-44C0-B7E8-1C24D625A3CB}"
EndProject
Project("{9A19103F-16F7-4668-BE54-9A1E7A4F7556}") = "maxmin003", "maxmin003\maxmin003.csproj", "{381ACDA5-3561-4435-A21B-34658D01ABF9}"
EndProject
Project("{9A19103F-16F7-4668-BE54-9A1E7A4F7556}") = "evensearch001", "evensearch001\evensearch001.csproj", "{F29BDF7A-86C9-45AE-9422-C7125907311C}"
EndProject
Project("{9A19103F-16F7-4668-BE54-9A1E7A4F7556}") = "oddsearch001", "oddsearch001\oddsearch001.csproj", "{55591791-4F02-415A-8E89-5C3F58A35322}"
EndProject
Project("{9A19103F-16F7-4668-BE54-9A1E7A4F7556}") = "conditionalminimum001", "conditionalminimum001\conditionalminimum001.csproj", "{D6BD239F-87EA-496F-BE30-21716759F704}"
EndProject
Project("{9A19103F-16F7-4668-BE54-9A1E7A4F7556}") = "conditionalmaximum001", "conditionalmaximum001\conditionalmaximum001.csproj", "{211FD03D-A53E-4F2B-AECA-EA69EA4E6954}"
EndProject
Project("{9A19103F-16F7-4668-BE54-9A1E7A4F7556}") = "point2pointdistance001", "point2pointdistance001\point2pointdistance001.csproj", "{4B6BF14E-7E83-4E0F-8DFC-E0DA365188AD}"
EndProject
Project("{9A19103F-16F7-4668-BE54-9A1E7A4F7556}") = "pointincludeinrectangle001", "pointincludeinrectangle001\pointincludeinrectangle001.csproj", "{932E4148-ADF1-4579-9D74-358FA9C70247}"
EndProject
Project("{9A19103F-16F7-4668-BE54-9A1E7A4F7556}") = "listofhonorstudent001", "listofhonorstudent001\listofhonorstudent001.csproj", "{030502AA-AACA-42B5-9D4B-6F561EF2D2E0}"
EndProject
Project("{9A19103F-16F7-4668-BE54-9A1E7A4F7556}") = "listofhonorstudent002", "listofhonorstudent002\listofhonorstudent002.csproj", "{E6891B5A-7C5B-4656-BA2F-D711A1E7401C}"
EndProject
Project("{9A19103F-16F7-4668-BE54-9A1E7A4F7556}") = "secondlargestvalue001", "secondlargestvalue001\secondlargestvalue001.csproj", "{E9F776E2-A6E7-4F96-9F4A-EAE7880FBBEC}"
EndProject
Project("{9A19103F-16F7-4668-BE54-9A1E7A4F7556}") = "kthargestvalue001", "kthargestvalue001\kthargestvalue001.csproj", "{722DF29A-9E80-4B63-82D0-E6FA94B04B68}"
EndProject
Project("{2150E333-8FDC-42A3-9474-1A3956D46DE8}") = "PrimeNumber", "PrimeNumber", "{40532C47-957A-4FD3-8C1C-A02C4791DB1C}"
EndProject
Project("{9A19103F-16F7-4668-BE54-9A1E7A4F7556}") = "grothendieckprime001", "grothendieckprime001\grothendieckprime001.csproj", "{DE6FF322-6961-478C-8123-E284C15F8105}"
EndProject
Project("{9A19103F-16F7-4668-BE54-9A1E7A4F7556}") = "primalitytest001", "primalitytest001\primalitytest001.csproj", "{B8FCC538-78BE-4D3D-B1FB-4FB91F5DCBC5}"
EndProject
Project("{9A19103F-16F7-4668-BE54-9A1E7A4F7556}") = "primalitytest002", "primalitytest002\primalitytest002.csproj", "{86751200-69C6-4C32-B040-15310A0850EA}"
EndProject
Project("{9A19103F-16F7-4668-BE54-9A1E7A4F7556}") = "eratosthenessieve001", "eratosthenessieve001\eratosthenessieve001.csproj", "{0FEEA3C6-6C16-408B-84B5-D2EA3C018499}"
EndProject
Project("{9A19103F-16F7-4668-BE54-9A1E7A4F7556}") = "fermattest001", "fermattest001\fermattest001.csproj", "{8BC66E1E-5A13-432F-957E-A86B2387D369}"
EndProject
Project("{9A19103F-16F7-4668-BE54-9A1E7A4F7556}") = "primenumbercollege001", "primenumbercollege001\primenumbercollege001.csproj", "{6264ADAB-8FA3-4DAC-86E0-D2D8F96BEB53}"
EndProject
Project("{9A19103F-16F7-4668-BE54-9A1E7A4F7556}") = "primefactorization001", "primefactorization001\primefactorization001.csproj", "{A2A07D62-C053-4FAB-8961-6CD5B3B15FF7}"
EndProject
Project("{FAE04EC0-301F-11D3-BF4B-00C04F79EFBC}") = "divisor001", "divisor001\divisor001.csproj", "{22FBC7D0-3C5F-4DF8-AC50-8AE3DC77A4D8}"
EndProject
Global
	GlobalSection(SolutionConfigurationPlatforms) = preSolution
		Debug|Any CPU = Debug|Any CPU
		Release|Any CPU = Release|Any CPU
	EndGlobalSection
	GlobalSection(ProjectConfigurationPlatforms) = postSolution
		{F0E08C72-52B9-454E-B7EA-0E29ED05FA8E}.Debug|Any CPU.ActiveCfg = Debug|Any CPU
		{F0E08C72-52B9-454E-B7EA-0E29ED05FA8E}.Debug|Any CPU.Build.0 = Debug|Any CPU
		{F0E08C72-52B9-454E-B7EA-0E29ED05FA8E}.Release|Any CPU.ActiveCfg = Release|Any CPU
		{F0E08C72-52B9-454E-B7EA-0E29ED05FA8E}.Release|Any CPU.Build.0 = Release|Any CPU
		{6ABA200F-AC7F-4E24-BE76-E67363F30D1B}.Debug|Any CPU.ActiveCfg = Debug|Any CPU
		{6ABA200F-AC7F-4E24-BE76-E67363F30D1B}.Debug|Any CPU.Build.0 = Debug|Any CPU
		{6ABA200F-AC7F-4E24-BE76-E67363F30D1B}.Release|Any CPU.ActiveCfg = Release|Any CPU
		{6ABA200F-AC7F-4E24-BE76-E67363F30D1B}.Release|Any CPU.Build.0 = Release|Any CPU
		{DDB2E003-DC6F-47A4-8D89-30A3D1E3EE8B}.Debug|Any CPU.ActiveCfg = Debug|Any CPU
		{DDB2E003-DC6F-47A4-8D89-30A3D1E3EE8B}.Debug|Any CPU.Build.0 = Debug|Any CPU
		{DDB2E003-DC6F-47A4-8D89-30A3D1E3EE8B}.Release|Any CPU.ActiveCfg = Release|Any CPU
		{DDB2E003-DC6F-47A4-8D89-30A3D1E3EE8B}.Release|Any CPU.Build.0 = Release|Any CPU
		{0611C32F-A4A0-4967-92E7-5D5BCDA9A39A}.Debug|Any CPU.ActiveCfg = Debug|Any CPU
		{0611C32F-A4A0-4967-92E7-5D5BCDA9A39A}.Debug|Any CPU.Build.0 = Debug|Any CPU
		{0611C32F-A4A0-4967-92E7-5D5BCDA9A39A}.Release|Any CPU.ActiveCfg = Release|Any CPU
		{0611C32F-A4A0-4967-92E7-5D5BCDA9A39A}.Release|Any CPU.Build.0 = Release|Any CPU
		{47650223-C137-45CE-B762-D7C764673E95}.Debug|Any CPU.ActiveCfg = Debug|Any CPU
		{47650223-C137-45CE-B762-D7C764673E95}.Debug|Any CPU.Build.0 = Debug|Any CPU
		{47650223-C137-45CE-B762-D7C764673E95}.Release|Any CPU.ActiveCfg = Release|Any CPU
		{47650223-C137-45CE-B762-D7C764673E95}.Release|Any CPU.Build.0 = Release|Any CPU
		{152851B0-4C0B-4B84-9E4C-0B6B655052A5}.Debug|Any CPU.ActiveCfg = Debug|Any CPU
		{152851B0-4C0B-4B84-9E4C-0B6B655052A5}.Debug|Any CPU.Build.0 = Debug|Any CPU
		{152851B0-4C0B-4B84-9E4C-0B6B655052A5}.Release|Any CPU.ActiveCfg = Release|Any CPU
		{152851B0-4C0B-4B84-9E4C-0B6B655052A5}.Release|Any CPU.Build.0 = Release|Any CPU
		{E3B2526E-5133-47F4-8BCE-3101B2F8A6C7}.Debug|Any CPU.ActiveCfg = Debug|Any CPU
		{E3B2526E-5133-47F4-8BCE-3101B2F8A6C7}.Debug|Any CPU.Build.0 = Debug|Any CPU
		{E3B2526E-5133-47F4-8BCE-3101B2F8A6C7}.Release|Any CPU.ActiveCfg = Release|Any CPU
		{E3B2526E-5133-47F4-8BCE-3101B2F8A6C7}.Release|Any CPU.Build.0 = Release|Any CPU
		{8BEBE8E5-C9A5-4100-A601-1F9F91CABC61}.Debug|Any CPU.ActiveCfg = Debug|Any CPU
		{8BEBE8E5-C9A5-4100-A601-1F9F91CABC61}.Debug|Any CPU.Build.0 = Debug|Any CPU
		{8BEBE8E5-C9A5-4100-A601-1F9F91CABC61}.Release|Any CPU.ActiveCfg = Release|Any CPU
		{8BEBE8E5-C9A5-4100-A601-1F9F91CABC61}.Release|Any CPU.Build.0 = Release|Any CPU
		{AE3A6C38-21EB-40B1-9940-C1ED581FA634}.Debug|Any CPU.ActiveCfg = Debug|Any CPU
		{AE3A6C38-21EB-40B1-9940-C1ED581FA634}.Debug|Any CPU.Build.0 = Debug|Any CPU
		{AE3A6C38-21EB-40B1-9940-C1ED581FA634}.Release|Any CPU.ActiveCfg = Release|Any CPU
		{AE3A6C38-21EB-40B1-9940-C1ED581FA634}.Release|Any CPU.Build.0 = Release|Any CPU
		{D4BBC26E-7930-4A2C-A894-77776FE26CA6}.Debug|Any CPU.ActiveCfg = Debug|Any CPU
		{D4BBC26E-7930-4A2C-A894-77776FE26CA6}.Debug|Any CPU.Build.0 = Debug|Any CPU
		{D4BBC26E-7930-4A2C-A894-77776FE26CA6}.Release|Any CPU.ActiveCfg = Release|Any CPU
		{D4BBC26E-7930-4A2C-A894-77776FE26CA6}.Release|Any CPU.Build.0 = Release|Any CPU
		{D0197EA0-00D4-4612-BA93-7F8E533ACCB9}.Debug|Any CPU.ActiveCfg = Debug|Any CPU
		{D0197EA0-00D4-4612-BA93-7F8E533ACCB9}.Debug|Any CPU.Build.0 = Debug|Any CPU
		{D0197EA0-00D4-4612-BA93-7F8E533ACCB9}.Release|Any CPU.ActiveCfg = Release|Any CPU
		{D0197EA0-00D4-4612-BA93-7F8E533ACCB9}.Release|Any CPU.Build.0 = Release|Any CPU
		{59241892-2C90-43C0-A964-4B0004877A02}.Debug|Any CPU.ActiveCfg = Debug|Any CPU
		{59241892-2C90-43C0-A964-4B0004877A02}.Debug|Any CPU.Build.0 = Debug|Any CPU
		{59241892-2C90-43C0-A964-4B0004877A02}.Release|Any CPU.ActiveCfg = Release|Any CPU
		{59241892-2C90-43C0-A964-4B0004877A02}.Release|Any CPU.Build.0 = Release|Any CPU
		{8069700F-2DDB-4ADD-AAD1-E2000C178A86}.Debug|Any CPU.ActiveCfg = Debug|Any CPU
		{8069700F-2DDB-4ADD-AAD1-E2000C178A86}.Debug|Any CPU.Build.0 = Debug|Any CPU
		{8069700F-2DDB-4ADD-AAD1-E2000C178A86}.Release|Any CPU.ActiveCfg = Release|Any CPU
		{8069700F-2DDB-4ADD-AAD1-E2000C178A86}.Release|Any CPU.Build.0 = Release|Any CPU
		{5D19C3AA-57CF-4DE0-914A-2CEC0D54AB47}.Debug|Any CPU.ActiveCfg = Debug|Any CPU
		{5D19C3AA-57CF-4DE0-914A-2CEC0D54AB47}.Debug|Any CPU.Build.0 = Debug|Any CPU
		{5D19C3AA-57CF-4DE0-914A-2CEC0D54AB47}.Release|Any CPU.ActiveCfg = Release|Any CPU
		{5D19C3AA-57CF-4DE0-914A-2CEC0D54AB47}.Release|Any CPU.Build.0 = Release|Any CPU
		{DD6AF1A9-5206-4692-91DD-4CECBC846561}.Debug|Any CPU.ActiveCfg = Debug|Any CPU
		{DD6AF1A9-5206-4692-91DD-4CECBC846561}.Debug|Any CPU.Build.0 = Debug|Any CPU
		{DD6AF1A9-5206-4692-91DD-4CECBC846561}.Release|Any CPU.ActiveCfg = Release|Any CPU
		{DD6AF1A9-5206-4692-91DD-4CECBC846561}.Release|Any CPU.Build.0 = Release|Any CPU
		{FC9C188C-B63F-45BA-81A6-78EFCA89B8F1}.Debug|Any CPU.ActiveCfg = Debug|Any CPU
		{FC9C188C-B63F-45BA-81A6-78EFCA89B8F1}.Debug|Any CPU.Build.0 = Debug|Any CPU
		{FC9C188C-B63F-45BA-81A6-78EFCA89B8F1}.Release|Any CPU.ActiveCfg = Release|Any CPU
		{FC9C188C-B63F-45BA-81A6-78EFCA89B8F1}.Release|Any CPU.Build.0 = Release|Any CPU
		{25E085F9-E4A6-4F1A-ABBF-1778E4D9356D}.Debug|Any CPU.ActiveCfg = Debug|Any CPU
		{25E085F9-E4A6-4F1A-ABBF-1778E4D9356D}.Debug|Any CPU.Build.0 = Debug|Any CPU
		{25E085F9-E4A6-4F1A-ABBF-1778E4D9356D}.Release|Any CPU.ActiveCfg = Release|Any CPU
		{25E085F9-E4A6-4F1A-ABBF-1778E4D9356D}.Release|Any CPU.Build.0 = Release|Any CPU
		{3EAE9D31-2F77-4C93-8D02-D7E875652339}.Debug|Any CPU.ActiveCfg = Debug|Any CPU
		{3EAE9D31-2F77-4C93-8D02-D7E875652339}.Debug|Any CPU.Build.0 = Debug|Any CPU
		{3EAE9D31-2F77-4C93-8D02-D7E875652339}.Release|Any CPU.ActiveCfg = Release|Any CPU
		{3EAE9D31-2F77-4C93-8D02-D7E875652339}.Release|Any CPU.Build.0 = Release|Any CPU
		{B3724499-2FEC-4C9E-94E7-CC003F731C6C}.Debug|Any CPU.ActiveCfg = Debug|Any CPU
		{B3724499-2FEC-4C9E-94E7-CC003F731C6C}.Debug|Any CPU.Build.0 = Debug|Any CPU
		{B3724499-2FEC-4C9E-94E7-CC003F731C6C}.Release|Any CPU.ActiveCfg = Release|Any CPU
		{B3724499-2FEC-4C9E-94E7-CC003F731C6C}.Release|Any CPU.Build.0 = Release|Any CPU
		{3FC3463B-571C-443F-8608-FC1A371AE3AE}.Debug|Any CPU.ActiveCfg = Debug|Any CPU
		{3FC3463B-571C-443F-8608-FC1A371AE3AE}.Debug|Any CPU.Build.0 = Debug|Any CPU
		{3FC3463B-571C-443F-8608-FC1A371AE3AE}.Release|Any CPU.ActiveCfg = Release|Any CPU
		{3FC3463B-571C-443F-8608-FC1A371AE3AE}.Release|Any CPU.Build.0 = Release|Any CPU
		{5C7FA784-0ADA-4D9B-8A15-9BC54D726DBA}.Debug|Any CPU.ActiveCfg = Debug|Any CPU
		{5C7FA784-0ADA-4D9B-8A15-9BC54D726DBA}.Debug|Any CPU.Build.0 = Debug|Any CPU
		{5C7FA784-0ADA-4D9B-8A15-9BC54D726DBA}.Release|Any CPU.ActiveCfg = Release|Any CPU
		{5C7FA784-0ADA-4D9B-8A15-9BC54D726DBA}.Release|Any CPU.Build.0 = Release|Any CPU
		{D1A7968D-B091-4C6A-B60D-C648ECB76586}.Debug|Any CPU.ActiveCfg = Debug|Any CPU
		{D1A7968D-B091-4C6A-B60D-C648ECB76586}.Debug|Any CPU.Build.0 = Debug|Any CPU
		{D1A7968D-B091-4C6A-B60D-C648ECB76586}.Release|Any CPU.ActiveCfg = Release|Any CPU
		{D1A7968D-B091-4C6A-B60D-C648ECB76586}.Release|Any CPU.Build.0 = Release|Any CPU
		{32C17850-4FFC-4DCF-8667-D1B0ECBB1F57}.Debug|Any CPU.ActiveCfg = Debug|Any CPU
		{32C17850-4FFC-4DCF-8667-D1B0ECBB1F57}.Debug|Any CPU.Build.0 = Debug|Any CPU
		{32C17850-4FFC-4DCF-8667-D1B0ECBB1F57}.Release|Any CPU.ActiveCfg = Release|Any CPU
		{32C17850-4FFC-4DCF-8667-D1B0ECBB1F57}.Release|Any CPU.Build.0 = Release|Any CPU
		{537A00B3-C76A-483E-9090-AA758393BC74}.Debug|Any CPU.ActiveCfg = Debug|Any CPU
		{537A00B3-C76A-483E-9090-AA758393BC74}.Debug|Any CPU.Build.0 = Debug|Any CPU
		{537A00B3-C76A-483E-9090-AA758393BC74}.Release|Any CPU.ActiveCfg = Release|Any CPU
		{537A00B3-C76A-483E-9090-AA758393BC74}.Release|Any CPU.Build.0 = Release|Any CPU
		{E058AA7C-4956-405F-9397-70CFC1590A91}.Debug|Any CPU.ActiveCfg = Debug|Any CPU
		{E058AA7C-4956-405F-9397-70CFC1590A91}.Debug|Any CPU.Build.0 = Debug|Any CPU
		{E058AA7C-4956-405F-9397-70CFC1590A91}.Release|Any CPU.ActiveCfg = Release|Any CPU
		{E058AA7C-4956-405F-9397-70CFC1590A91}.Release|Any CPU.Build.0 = Release|Any CPU
		{1629F5AB-5A1E-491D-A3E8-693768CC077B}.Debug|Any CPU.ActiveCfg = Debug|Any CPU
		{1629F5AB-5A1E-491D-A3E8-693768CC077B}.Debug|Any CPU.Build.0 = Debug|Any CPU
		{1629F5AB-5A1E-491D-A3E8-693768CC077B}.Release|Any CPU.ActiveCfg = Release|Any CPU
		{1629F5AB-5A1E-491D-A3E8-693768CC077B}.Release|Any CPU.Build.0 = Release|Any CPU
		{C2188262-56FC-4483-8B6A-5382724C3610}.Debug|Any CPU.ActiveCfg = Debug|Any CPU
		{C2188262-56FC-4483-8B6A-5382724C3610}.Debug|Any CPU.Build.0 = Debug|Any CPU
		{C2188262-56FC-4483-8B6A-5382724C3610}.Release|Any CPU.ActiveCfg = Release|Any CPU
		{C2188262-56FC-4483-8B6A-5382724C3610}.Release|Any CPU.Build.0 = Release|Any CPU
		{4789114F-C485-476F-A1E7-1DAF8F6CF9E4}.Debug|Any CPU.ActiveCfg = Debug|Any CPU
		{4789114F-C485-476F-A1E7-1DAF8F6CF9E4}.Debug|Any CPU.Build.0 = Debug|Any CPU
		{4789114F-C485-476F-A1E7-1DAF8F6CF9E4}.Release|Any CPU.ActiveCfg = Release|Any CPU
		{4789114F-C485-476F-A1E7-1DAF8F6CF9E4}.Release|Any CPU.Build.0 = Release|Any CPU
		{8642D0B2-7212-4C86-A79A-607835AE8D75}.Debug|Any CPU.ActiveCfg = Debug|Any CPU
		{8642D0B2-7212-4C86-A79A-607835AE8D75}.Debug|Any CPU.Build.0 = Debug|Any CPU
		{8642D0B2-7212-4C86-A79A-607835AE8D75}.Release|Any CPU.ActiveCfg = Release|Any CPU
		{8642D0B2-7212-4C86-A79A-607835AE8D75}.Release|Any CPU.Build.0 = Release|Any CPU
		{272B367E-DA3B-485E-A8D0-D8C4D4704C76}.Debug|Any CPU.ActiveCfg = Debug|Any CPU
		{272B367E-DA3B-485E-A8D0-D8C4D4704C76}.Debug|Any CPU.Build.0 = Debug|Any CPU
		{272B367E-DA3B-485E-A8D0-D8C4D4704C76}.Release|Any CPU.ActiveCfg = Release|Any CPU
		{272B367E-DA3B-485E-A8D0-D8C4D4704C76}.Release|Any CPU.Build.0 = Release|Any CPU
		{2F21634A-3460-4A00-9A86-4661479557DE}.Debug|Any CPU.ActiveCfg = Debug|Any CPU
		{2F21634A-3460-4A00-9A86-4661479557DE}.Debug|Any CPU.Build.0 = Debug|Any CPU
		{2F21634A-3460-4A00-9A86-4661479557DE}.Release|Any CPU.ActiveCfg = Release|Any CPU
		{2F21634A-3460-4A00-9A86-4661479557DE}.Release|Any CPU.Build.0 = Release|Any CPU
		{31778A4B-47CE-4428-8D02-2F52D4D8EDEE}.Debug|Any CPU.ActiveCfg = Debug|Any CPU
		{31778A4B-47CE-4428-8D02-2F52D4D8EDEE}.Debug|Any CPU.Build.0 = Debug|Any CPU
		{31778A4B-47CE-4428-8D02-2F52D4D8EDEE}.Release|Any CPU.ActiveCfg = Release|Any CPU
		{31778A4B-47CE-4428-8D02-2F52D4D8EDEE}.Release|Any CPU.Build.0 = Release|Any CPU
		{CD868DC5-3389-403B-BE80-A0E4F80429A6}.Debug|Any CPU.ActiveCfg = Debug|Any CPU
		{CD868DC5-3389-403B-BE80-A0E4F80429A6}.Debug|Any CPU.Build.0 = Debug|Any CPU
		{CD868DC5-3389-403B-BE80-A0E4F80429A6}.Release|Any CPU.ActiveCfg = Release|Any CPU
		{CD868DC5-3389-403B-BE80-A0E4F80429A6}.Release|Any CPU.Build.0 = Release|Any CPU
		{BD569AF8-9F30-4219-B865-070ABEF1F19F}.Debug|Any CPU.ActiveCfg = Debug|Any CPU
		{BD569AF8-9F30-4219-B865-070ABEF1F19F}.Debug|Any CPU.Build.0 = Debug|Any CPU
		{BD569AF8-9F30-4219-B865-070ABEF1F19F}.Release|Any CPU.ActiveCfg = Release|Any CPU
		{BD569AF8-9F30-4219-B865-070ABEF1F19F}.Release|Any CPU.Build.0 = Release|Any CPU
		{1A954585-C9BB-45DA-BA44-35C410DA11FC}.Debug|Any CPU.ActiveCfg = Debug|Any CPU
		{1A954585-C9BB-45DA-BA44-35C410DA11FC}.Debug|Any CPU.Build.0 = Debug|Any CPU
		{1A954585-C9BB-45DA-BA44-35C410DA11FC}.Release|Any CPU.ActiveCfg = Release|Any CPU
		{1A954585-C9BB-45DA-BA44-35C410DA11FC}.Release|Any CPU.Build.0 = Release|Any CPU
		{1B62DC14-AB6E-469C-87E6-33E508E624FA}.Debug|Any CPU.ActiveCfg = Debug|Any CPU
		{1B62DC14-AB6E-469C-87E6-33E508E624FA}.Debug|Any CPU.Build.0 = Debug|Any CPU
		{1B62DC14-AB6E-469C-87E6-33E508E624FA}.Release|Any CPU.ActiveCfg = Release|Any CPU
		{1B62DC14-AB6E-469C-87E6-33E508E624FA}.Release|Any CPU.Build.0 = Release|Any CPU
		{E383DBC5-465B-4DE5-AAF7-29FBF7F8B42E}.Debug|Any CPU.ActiveCfg = Debug|Any CPU
		{E383DBC5-465B-4DE5-AAF7-29FBF7F8B42E}.Debug|Any CPU.Build.0 = Debug|Any CPU
		{E383DBC5-465B-4DE5-AAF7-29FBF7F8B42E}.Release|Any CPU.ActiveCfg = Release|Any CPU
		{E383DBC5-465B-4DE5-AAF7-29FBF7F8B42E}.Release|Any CPU.Build.0 = Release|Any CPU
		{F9EE28EB-BDEB-4AFC-91EE-FC187A4400A8}.Debug|Any CPU.ActiveCfg = Debug|Any CPU
		{F9EE28EB-BDEB-4AFC-91EE-FC187A4400A8}.Debug|Any CPU.Build.0 = Debug|Any CPU
		{F9EE28EB-BDEB-4AFC-91EE-FC187A4400A8}.Release|Any CPU.ActiveCfg = Release|Any CPU
		{F9EE28EB-BDEB-4AFC-91EE-FC187A4400A8}.Release|Any CPU.Build.0 = Release|Any CPU
		{E31EDAE0-D1AB-4BA7-B0EA-63C1B0DA9C9E}.Debug|Any CPU.ActiveCfg = Debug|Any CPU
		{E31EDAE0-D1AB-4BA7-B0EA-63C1B0DA9C9E}.Debug|Any CPU.Build.0 = Debug|Any CPU
		{E31EDAE0-D1AB-4BA7-B0EA-63C1B0DA9C9E}.Release|Any CPU.ActiveCfg = Release|Any CPU
		{E31EDAE0-D1AB-4BA7-B0EA-63C1B0DA9C9E}.Release|Any CPU.Build.0 = Release|Any CPU
		{6BBC5107-F510-4C59-B557-23183CEED782}.Debug|Any CPU.ActiveCfg = Debug|Any CPU
		{6BBC5107-F510-4C59-B557-23183CEED782}.Debug|Any CPU.Build.0 = Debug|Any CPU
		{6BBC5107-F510-4C59-B557-23183CEED782}.Release|Any CPU.ActiveCfg = Release|Any CPU
		{6BBC5107-F510-4C59-B557-23183CEED782}.Release|Any CPU.Build.0 = Release|Any CPU
		{3D88B1E3-37E6-4112-B1F7-826D15434FC6}.Debug|Any CPU.ActiveCfg = Debug|Any CPU
		{3D88B1E3-37E6-4112-B1F7-826D15434FC6}.Debug|Any CPU.Build.0 = Debug|Any CPU
		{3D88B1E3-37E6-4112-B1F7-826D15434FC6}.Release|Any CPU.ActiveCfg = Release|Any CPU
		{3D88B1E3-37E6-4112-B1F7-826D15434FC6}.Release|Any CPU.Build.0 = Release|Any CPU
		{C1858F92-5E45-4550-A7CA-F4AE0CCD2A2D}.Debug|Any CPU.ActiveCfg = Debug|Any CPU
		{C1858F92-5E45-4550-A7CA-F4AE0CCD2A2D}.Debug|Any CPU.Build.0 = Debug|Any CPU
		{C1858F92-5E45-4550-A7CA-F4AE0CCD2A2D}.Release|Any CPU.ActiveCfg = Release|Any CPU
		{C1858F92-5E45-4550-A7CA-F4AE0CCD2A2D}.Release|Any CPU.Build.0 = Release|Any CPU
		{2488DA25-EA07-4846-BAF2-701ACDFC93A0}.Debug|Any CPU.ActiveCfg = Debug|Any CPU
		{2488DA25-EA07-4846-BAF2-701ACDFC93A0}.Debug|Any CPU.Build.0 = Debug|Any CPU
		{2488DA25-EA07-4846-BAF2-701ACDFC93A0}.Release|Any CPU.ActiveCfg = Release|Any CPU
		{2488DA25-EA07-4846-BAF2-701ACDFC93A0}.Release|Any CPU.Build.0 = Release|Any CPU
		{E6CC08AF-9D5C-460E-81AD-3DDF27094927}.Debug|Any CPU.ActiveCfg = Debug|Any CPU
		{E6CC08AF-9D5C-460E-81AD-3DDF27094927}.Debug|Any CPU.Build.0 = Debug|Any CPU
		{E6CC08AF-9D5C-460E-81AD-3DDF27094927}.Release|Any CPU.ActiveCfg = Release|Any CPU
		{E6CC08AF-9D5C-460E-81AD-3DDF27094927}.Release|Any CPU.Build.0 = Release|Any CPU
		{95F248BD-1E0D-49EE-A266-9AA9AFFF1743}.Debug|Any CPU.ActiveCfg = Debug|Any CPU
		{95F248BD-1E0D-49EE-A266-9AA9AFFF1743}.Debug|Any CPU.Build.0 = Debug|Any CPU
		{95F248BD-1E0D-49EE-A266-9AA9AFFF1743}.Release|Any CPU.ActiveCfg = Release|Any CPU
		{95F248BD-1E0D-49EE-A266-9AA9AFFF1743}.Release|Any CPU.Build.0 = Release|Any CPU
		{E7F7EA3E-8735-4222-A53C-DD5497116925}.Debug|Any CPU.ActiveCfg = Debug|Any CPU
		{E7F7EA3E-8735-4222-A53C-DD5497116925}.Debug|Any CPU.Build.0 = Debug|Any CPU
		{E7F7EA3E-8735-4222-A53C-DD5497116925}.Release|Any CPU.ActiveCfg = Release|Any CPU
		{E7F7EA3E-8735-4222-A53C-DD5497116925}.Release|Any CPU.Build.0 = Release|Any CPU
		{128F91BE-CBF7-4052-BBB6-E5C21919A2DD}.Debug|Any CPU.ActiveCfg = Debug|Any CPU
		{128F91BE-CBF7-4052-BBB6-E5C21919A2DD}.Debug|Any CPU.Build.0 = Debug|Any CPU
		{128F91BE-CBF7-4052-BBB6-E5C21919A2DD}.Release|Any CPU.ActiveCfg = Release|Any CPU
		{128F91BE-CBF7-4052-BBB6-E5C21919A2DD}.Release|Any CPU.Build.0 = Release|Any CPU
		{AD6C6DF5-B2C2-4411-9074-D096E7017105}.Debug|Any CPU.ActiveCfg = Debug|Any CPU
		{AD6C6DF5-B2C2-4411-9074-D096E7017105}.Debug|Any CPU.Build.0 = Debug|Any CPU
		{AD6C6DF5-B2C2-4411-9074-D096E7017105}.Release|Any CPU.ActiveCfg = Release|Any CPU
		{AD6C6DF5-B2C2-4411-9074-D096E7017105}.Release|Any CPU.Build.0 = Release|Any CPU
		{1CDA7120-8EBE-4847-92CD-BC1FDD77C821}.Debug|Any CPU.ActiveCfg = Debug|Any CPU
		{1CDA7120-8EBE-4847-92CD-BC1FDD77C821}.Debug|Any CPU.Build.0 = Debug|Any CPU
		{1CDA7120-8EBE-4847-92CD-BC1FDD77C821}.Release|Any CPU.ActiveCfg = Release|Any CPU
		{1CDA7120-8EBE-4847-92CD-BC1FDD77C821}.Release|Any CPU.Build.0 = Release|Any CPU
		{3C541397-DB88-43D4-B161-4F429AF8DD03}.Debug|Any CPU.ActiveCfg = Debug|Any CPU
		{3C541397-DB88-43D4-B161-4F429AF8DD03}.Debug|Any CPU.Build.0 = Debug|Any CPU
		{3C541397-DB88-43D4-B161-4F429AF8DD03}.Release|Any CPU.ActiveCfg = Release|Any CPU
		{3C541397-DB88-43D4-B161-4F429AF8DD03}.Release|Any CPU.Build.0 = Release|Any CPU
		{303327B6-5F34-4A38-B55F-5E8AB88544DB}.Debug|Any CPU.ActiveCfg = Debug|Any CPU
		{303327B6-5F34-4A38-B55F-5E8AB88544DB}.Debug|Any CPU.Build.0 = Debug|Any CPU
		{303327B6-5F34-4A38-B55F-5E8AB88544DB}.Release|Any CPU.ActiveCfg = Release|Any CPU
		{303327B6-5F34-4A38-B55F-5E8AB88544DB}.Release|Any CPU.Build.0 = Release|Any CPU
		{4A7F3162-A2C2-4D47-A315-9938346459F4}.Debug|Any CPU.ActiveCfg = Debug|Any CPU
		{4A7F3162-A2C2-4D47-A315-9938346459F4}.Debug|Any CPU.Build.0 = Debug|Any CPU
		{4A7F3162-A2C2-4D47-A315-9938346459F4}.Release|Any CPU.ActiveCfg = Release|Any CPU
		{4A7F3162-A2C2-4D47-A315-9938346459F4}.Release|Any CPU.Build.0 = Release|Any CPU
		{E7FEBD17-F266-4F07-B07A-373E01A374C5}.Debug|Any CPU.ActiveCfg = Debug|Any CPU
		{E7FEBD17-F266-4F07-B07A-373E01A374C5}.Debug|Any CPU.Build.0 = Debug|Any CPU
		{E7FEBD17-F266-4F07-B07A-373E01A374C5}.Release|Any CPU.ActiveCfg = Release|Any CPU
		{E7FEBD17-F266-4F07-B07A-373E01A374C5}.Release|Any CPU.Build.0 = Release|Any CPU
		{DB38567B-27D5-48E7-BFA4-9C40CB81447B}.Debug|Any CPU.ActiveCfg = Debug|Any CPU
		{DB38567B-27D5-48E7-BFA4-9C40CB81447B}.Debug|Any CPU.Build.0 = Debug|Any CPU
		{DB38567B-27D5-48E7-BFA4-9C40CB81447B}.Release|Any CPU.ActiveCfg = Release|Any CPU
		{DB38567B-27D5-48E7-BFA4-9C40CB81447B}.Release|Any CPU.Build.0 = Release|Any CPU
		{F93F91A6-86E3-4DDA-846A-6DE53166435F}.Debug|Any CPU.ActiveCfg = Debug|Any CPU
		{F93F91A6-86E3-4DDA-846A-6DE53166435F}.Debug|Any CPU.Build.0 = Debug|Any CPU
		{F93F91A6-86E3-4DDA-846A-6DE53166435F}.Release|Any CPU.ActiveCfg = Release|Any CPU
		{F93F91A6-86E3-4DDA-846A-6DE53166435F}.Release|Any CPU.Build.0 = Release|Any CPU
		{5D067CB1-9EC6-40A2-A1E8-6DCFAA1A11FA}.Debug|Any CPU.ActiveCfg = Debug|Any CPU
		{5D067CB1-9EC6-40A2-A1E8-6DCFAA1A11FA}.Debug|Any CPU.Build.0 = Debug|Any CPU
		{5D067CB1-9EC6-40A2-A1E8-6DCFAA1A11FA}.Release|Any CPU.ActiveCfg = Release|Any CPU
		{5D067CB1-9EC6-40A2-A1E8-6DCFAA1A11FA}.Release|Any CPU.Build.0 = Release|Any CPU
		{03370C46-5387-489B-BE1E-20C0791FF5AD}.Debug|Any CPU.ActiveCfg = Debug|Any CPU
		{03370C46-5387-489B-BE1E-20C0791FF5AD}.Debug|Any CPU.Build.0 = Debug|Any CPU
		{03370C46-5387-489B-BE1E-20C0791FF5AD}.Release|Any CPU.ActiveCfg = Release|Any CPU
		{03370C46-5387-489B-BE1E-20C0791FF5AD}.Release|Any CPU.Build.0 = Release|Any CPU
		{354B95FE-2ED0-465B-A1D5-6C11AEEF7F26}.Debug|Any CPU.ActiveCfg = Debug|Any CPU
		{354B95FE-2ED0-465B-A1D5-6C11AEEF7F26}.Debug|Any CPU.Build.0 = Debug|Any CPU
		{354B95FE-2ED0-465B-A1D5-6C11AEEF7F26}.Release|Any CPU.ActiveCfg = Release|Any CPU
		{354B95FE-2ED0-465B-A1D5-6C11AEEF7F26}.Release|Any CPU.Build.0 = Release|Any CPU
		{1BF9256F-A2C8-4A59-9E35-878D2E86ED75}.Debug|Any CPU.ActiveCfg = Debug|Any CPU
		{1BF9256F-A2C8-4A59-9E35-878D2E86ED75}.Debug|Any CPU.Build.0 = Debug|Any CPU
		{1BF9256F-A2C8-4A59-9E35-878D2E86ED75}.Release|Any CPU.ActiveCfg = Release|Any CPU
		{1BF9256F-A2C8-4A59-9E35-878D2E86ED75}.Release|Any CPU.Build.0 = Release|Any CPU
		{C0CCEC8F-4596-4FC2-8ECF-966251290FEB}.Debug|Any CPU.ActiveCfg = Debug|Any CPU
		{C0CCEC8F-4596-4FC2-8ECF-966251290FEB}.Debug|Any CPU.Build.0 = Debug|Any CPU
		{C0CCEC8F-4596-4FC2-8ECF-966251290FEB}.Release|Any CPU.ActiveCfg = Release|Any CPU
		{C0CCEC8F-4596-4FC2-8ECF-966251290FEB}.Release|Any CPU.Build.0 = Release|Any CPU
		{779DD270-FCD9-4B21-AEDC-2709EA9E330E}.Debug|Any CPU.ActiveCfg = Debug|Any CPU
		{779DD270-FCD9-4B21-AEDC-2709EA9E330E}.Debug|Any CPU.Build.0 = Debug|Any CPU
		{779DD270-FCD9-4B21-AEDC-2709EA9E330E}.Release|Any CPU.ActiveCfg = Release|Any CPU
		{779DD270-FCD9-4B21-AEDC-2709EA9E330E}.Release|Any CPU.Build.0 = Release|Any CPU
		{7F9CD923-753A-4B8E-909C-FC54BE7C9BE2}.Debug|Any CPU.ActiveCfg = Debug|Any CPU
		{7F9CD923-753A-4B8E-909C-FC54BE7C9BE2}.Debug|Any CPU.Build.0 = Debug|Any CPU
		{7F9CD923-753A-4B8E-909C-FC54BE7C9BE2}.Release|Any CPU.ActiveCfg = Release|Any CPU
		{7F9CD923-753A-4B8E-909C-FC54BE7C9BE2}.Release|Any CPU.Build.0 = Release|Any CPU
		{F8444990-278B-424D-BB8C-F055413CA905}.Debug|Any CPU.ActiveCfg = Debug|Any CPU
		{F8444990-278B-424D-BB8C-F055413CA905}.Debug|Any CPU.Build.0 = Debug|Any CPU
		{F8444990-278B-424D-BB8C-F055413CA905}.Release|Any CPU.ActiveCfg = Release|Any CPU
		{F8444990-278B-424D-BB8C-F055413CA905}.Release|Any CPU.Build.0 = Release|Any CPU
		{5427CCEC-D38A-4CD5-861C-DEE6A7137E2C}.Debug|Any CPU.ActiveCfg = Debug|Any CPU
		{5427CCEC-D38A-4CD5-861C-DEE6A7137E2C}.Debug|Any CPU.Build.0 = Debug|Any CPU
		{5427CCEC-D38A-4CD5-861C-DEE6A7137E2C}.Release|Any CPU.ActiveCfg = Release|Any CPU
		{5427CCEC-D38A-4CD5-861C-DEE6A7137E2C}.Release|Any CPU.Build.0 = Release|Any CPU
		{6C4ECEA6-8FEB-402A-845C-B4B45DE67133}.Debug|Any CPU.ActiveCfg = Debug|Any CPU
		{6C4ECEA6-8FEB-402A-845C-B4B45DE67133}.Debug|Any CPU.Build.0 = Debug|Any CPU
		{6C4ECEA6-8FEB-402A-845C-B4B45DE67133}.Release|Any CPU.ActiveCfg = Release|Any CPU
		{6C4ECEA6-8FEB-402A-845C-B4B45DE67133}.Release|Any CPU.Build.0 = Release|Any CPU
		{17B2B05F-BA23-42BA-BFB0-9A875922EF18}.Debug|Any CPU.ActiveCfg = Debug|Any CPU
		{17B2B05F-BA23-42BA-BFB0-9A875922EF18}.Debug|Any CPU.Build.0 = Debug|Any CPU
		{17B2B05F-BA23-42BA-BFB0-9A875922EF18}.Release|Any CPU.ActiveCfg = Release|Any CPU
		{17B2B05F-BA23-42BA-BFB0-9A875922EF18}.Release|Any CPU.Build.0 = Release|Any CPU
		{2D96D93F-A15A-4147-A496-2EF39AE0ADBC}.Debug|Any CPU.ActiveCfg = Debug|Any CPU
		{2D96D93F-A15A-4147-A496-2EF39AE0ADBC}.Debug|Any CPU.Build.0 = Debug|Any CPU
		{2D96D93F-A15A-4147-A496-2EF39AE0ADBC}.Release|Any CPU.ActiveCfg = Release|Any CPU
		{2D96D93F-A15A-4147-A496-2EF39AE0ADBC}.Release|Any CPU.Build.0 = Release|Any CPU
		{E0D6DFF4-698C-4427-9123-9EE8C8889F33}.Debug|Any CPU.ActiveCfg = Debug|Any CPU
		{E0D6DFF4-698C-4427-9123-9EE8C8889F33}.Debug|Any CPU.Build.0 = Debug|Any CPU
		{E0D6DFF4-698C-4427-9123-9EE8C8889F33}.Release|Any CPU.ActiveCfg = Release|Any CPU
		{E0D6DFF4-698C-4427-9123-9EE8C8889F33}.Release|Any CPU.Build.0 = Release|Any CPU
		{78D1605C-0046-4B1B-BEE2-0F1759807821}.Debug|Any CPU.ActiveCfg = Debug|Any CPU
		{78D1605C-0046-4B1B-BEE2-0F1759807821}.Debug|Any CPU.Build.0 = Debug|Any CPU
		{78D1605C-0046-4B1B-BEE2-0F1759807821}.Release|Any CPU.ActiveCfg = Release|Any CPU
		{78D1605C-0046-4B1B-BEE2-0F1759807821}.Release|Any CPU.Build.0 = Release|Any CPU
		{C87204EF-0007-4850-B77E-67CB596043CA}.Debug|Any CPU.ActiveCfg = Debug|Any CPU
		{C87204EF-0007-4850-B77E-67CB596043CA}.Debug|Any CPU.Build.0 = Debug|Any CPU
		{C87204EF-0007-4850-B77E-67CB596043CA}.Release|Any CPU.ActiveCfg = Release|Any CPU
		{C87204EF-0007-4850-B77E-67CB596043CA}.Release|Any CPU.Build.0 = Release|Any CPU
		{35EBE14B-83A2-4F21-A92A-440FF1362666}.Debug|Any CPU.ActiveCfg = Debug|Any CPU
		{35EBE14B-83A2-4F21-A92A-440FF1362666}.Debug|Any CPU.Build.0 = Debug|Any CPU
		{35EBE14B-83A2-4F21-A92A-440FF1362666}.Release|Any CPU.ActiveCfg = Release|Any CPU
		{35EBE14B-83A2-4F21-A92A-440FF1362666}.Release|Any CPU.Build.0 = Release|Any CPU
		{B56E847A-AA9F-4FAA-B1BC-7632AB232624}.Debug|Any CPU.ActiveCfg = Debug|Any CPU
		{B56E847A-AA9F-4FAA-B1BC-7632AB232624}.Debug|Any CPU.Build.0 = Debug|Any CPU
		{B56E847A-AA9F-4FAA-B1BC-7632AB232624}.Release|Any CPU.ActiveCfg = Release|Any CPU
		{B56E847A-AA9F-4FAA-B1BC-7632AB232624}.Release|Any CPU.Build.0 = Release|Any CPU
		{45F9A879-6B50-4669-AC25-E201AABA588B}.Debug|Any CPU.ActiveCfg = Debug|Any CPU
		{45F9A879-6B50-4669-AC25-E201AABA588B}.Debug|Any CPU.Build.0 = Debug|Any CPU
		{45F9A879-6B50-4669-AC25-E201AABA588B}.Release|Any CPU.ActiveCfg = Release|Any CPU
		{45F9A879-6B50-4669-AC25-E201AABA588B}.Release|Any CPU.Build.0 = Release|Any CPU
		{02BFC03A-23D8-45CB-A1E9-A3CD51F09636}.Debug|Any CPU.ActiveCfg = Debug|Any CPU
		{02BFC03A-23D8-45CB-A1E9-A3CD51F09636}.Debug|Any CPU.Build.0 = Debug|Any CPU
		{02BFC03A-23D8-45CB-A1E9-A3CD51F09636}.Release|Any CPU.ActiveCfg = Release|Any CPU
		{02BFC03A-23D8-45CB-A1E9-A3CD51F09636}.Release|Any CPU.Build.0 = Release|Any CPU
		{9446B385-63AD-41FA-85CC-7B4186169A7C}.Debug|Any CPU.ActiveCfg = Debug|Any CPU
		{9446B385-63AD-41FA-85CC-7B4186169A7C}.Debug|Any CPU.Build.0 = Debug|Any CPU
		{9446B385-63AD-41FA-85CC-7B4186169A7C}.Release|Any CPU.ActiveCfg = Release|Any CPU
		{9446B385-63AD-41FA-85CC-7B4186169A7C}.Release|Any CPU.Build.0 = Release|Any CPU
		{6E660F2E-0019-47F0-9A98-DB5A41BC8CC4}.Debug|Any CPU.ActiveCfg = Debug|Any CPU
		{6E660F2E-0019-47F0-9A98-DB5A41BC8CC4}.Debug|Any CPU.Build.0 = Debug|Any CPU
		{6E660F2E-0019-47F0-9A98-DB5A41BC8CC4}.Release|Any CPU.ActiveCfg = Release|Any CPU
		{6E660F2E-0019-47F0-9A98-DB5A41BC8CC4}.Release|Any CPU.Build.0 = Release|Any CPU
		{5E2E4E7C-1A16-4884-A874-918EA99966DB}.Debug|Any CPU.ActiveCfg = Debug|Any CPU
		{5E2E4E7C-1A16-4884-A874-918EA99966DB}.Debug|Any CPU.Build.0 = Debug|Any CPU
		{5E2E4E7C-1A16-4884-A874-918EA99966DB}.Release|Any CPU.ActiveCfg = Release|Any CPU
		{5E2E4E7C-1A16-4884-A874-918EA99966DB}.Release|Any CPU.Build.0 = Release|Any CPU
		{A5F01CBC-DDF5-4DDA-B760-CD3BA625FA6A}.Debug|Any CPU.ActiveCfg = Debug|Any CPU
		{A5F01CBC-DDF5-4DDA-B760-CD3BA625FA6A}.Debug|Any CPU.Build.0 = Debug|Any CPU
		{A5F01CBC-DDF5-4DDA-B760-CD3BA625FA6A}.Release|Any CPU.ActiveCfg = Release|Any CPU
		{A5F01CBC-DDF5-4DDA-B760-CD3BA625FA6A}.Release|Any CPU.Build.0 = Release|Any CPU
		{1BD20E45-EE71-4C44-BCA6-223B88A1B4F0}.Debug|Any CPU.ActiveCfg = Debug|Any CPU
		{1BD20E45-EE71-4C44-BCA6-223B88A1B4F0}.Debug|Any CPU.Build.0 = Debug|Any CPU
		{1BD20E45-EE71-4C44-BCA6-223B88A1B4F0}.Release|Any CPU.ActiveCfg = Release|Any CPU
		{1BD20E45-EE71-4C44-BCA6-223B88A1B4F0}.Release|Any CPU.Build.0 = Release|Any CPU
		{4DAE08D4-7E9B-47FD-B128-755BBEEFCB86}.Debug|Any CPU.ActiveCfg = Debug|Any CPU
		{4DAE08D4-7E9B-47FD-B128-755BBEEFCB86}.Debug|Any CPU.Build.0 = Debug|Any CPU
		{4DAE08D4-7E9B-47FD-B128-755BBEEFCB86}.Release|Any CPU.ActiveCfg = Release|Any CPU
		{4DAE08D4-7E9B-47FD-B128-755BBEEFCB86}.Release|Any CPU.Build.0 = Release|Any CPU
		{87150BDA-A2A3-4CCA-9E92-556671E70E20}.Debug|Any CPU.ActiveCfg = Debug|Any CPU
		{87150BDA-A2A3-4CCA-9E92-556671E70E20}.Debug|Any CPU.Build.0 = Debug|Any CPU
		{87150BDA-A2A3-4CCA-9E92-556671E70E20}.Release|Any CPU.ActiveCfg = Release|Any CPU
		{87150BDA-A2A3-4CCA-9E92-556671E70E20}.Release|Any CPU.Build.0 = Release|Any CPU
		{116B5F56-C362-4599-BEEC-BB281BAA254A}.Debug|Any CPU.ActiveCfg = Debug|Any CPU
		{116B5F56-C362-4599-BEEC-BB281BAA254A}.Debug|Any CPU.Build.0 = Debug|Any CPU
		{116B5F56-C362-4599-BEEC-BB281BAA254A}.Release|Any CPU.ActiveCfg = Release|Any CPU
		{116B5F56-C362-4599-BEEC-BB281BAA254A}.Release|Any CPU.Build.0 = Release|Any CPU
		{C1D8CC2A-2840-492E-AACA-5D932A846AC4}.Debug|Any CPU.ActiveCfg = Debug|Any CPU
		{C1D8CC2A-2840-492E-AACA-5D932A846AC4}.Debug|Any CPU.Build.0 = Debug|Any CPU
		{C1D8CC2A-2840-492E-AACA-5D932A846AC4}.Release|Any CPU.ActiveCfg = Release|Any CPU
		{C1D8CC2A-2840-492E-AACA-5D932A846AC4}.Release|Any CPU.Build.0 = Release|Any CPU
		{57F4A205-ACD8-465C-852D-57ED804E6234}.Debug|Any CPU.ActiveCfg = Debug|Any CPU
		{57F4A205-ACD8-465C-852D-57ED804E6234}.Debug|Any CPU.Build.0 = Debug|Any CPU
		{57F4A205-ACD8-465C-852D-57ED804E6234}.Release|Any CPU.ActiveCfg = Release|Any CPU
		{57F4A205-ACD8-465C-852D-57ED804E6234}.Release|Any CPU.Build.0 = Release|Any CPU
		{A4C04FE2-A03B-4C07-95CF-9C84488A979C}.Debug|Any CPU.ActiveCfg = Debug|Any CPU
		{A4C04FE2-A03B-4C07-95CF-9C84488A979C}.Debug|Any CPU.Build.0 = Debug|Any CPU
		{A4C04FE2-A03B-4C07-95CF-9C84488A979C}.Release|Any CPU.ActiveCfg = Release|Any CPU
		{A4C04FE2-A03B-4C07-95CF-9C84488A979C}.Release|Any CPU.Build.0 = Release|Any CPU
		{64CA7735-5EDB-4458-BBF0-2849B60FA836}.Debug|Any CPU.ActiveCfg = Debug|Any CPU
		{64CA7735-5EDB-4458-BBF0-2849B60FA836}.Debug|Any CPU.Build.0 = Debug|Any CPU
		{64CA7735-5EDB-4458-BBF0-2849B60FA836}.Release|Any CPU.ActiveCfg = Release|Any CPU
		{64CA7735-5EDB-4458-BBF0-2849B60FA836}.Release|Any CPU.Build.0 = Release|Any CPU
		{47497786-D81F-42A4-8060-6CC540DC172C}.Debug|Any CPU.ActiveCfg = Debug|Any CPU
		{47497786-D81F-42A4-8060-6CC540DC172C}.Debug|Any CPU.Build.0 = Debug|Any CPU
		{47497786-D81F-42A4-8060-6CC540DC172C}.Release|Any CPU.ActiveCfg = Release|Any CPU
		{47497786-D81F-42A4-8060-6CC540DC172C}.Release|Any CPU.Build.0 = Release|Any CPU
		{71C20E4E-5BA9-44EF-8BC0-14E49CF754B9}.Debug|Any CPU.ActiveCfg = Debug|Any CPU
		{71C20E4E-5BA9-44EF-8BC0-14E49CF754B9}.Debug|Any CPU.Build.0 = Debug|Any CPU
		{71C20E4E-5BA9-44EF-8BC0-14E49CF754B9}.Release|Any CPU.ActiveCfg = Release|Any CPU
		{71C20E4E-5BA9-44EF-8BC0-14E49CF754B9}.Release|Any CPU.Build.0 = Release|Any CPU
		{759F99FF-0470-4C3B-A46D-C99A0D3F3502}.Debug|Any CPU.ActiveCfg = Debug|Any CPU
		{759F99FF-0470-4C3B-A46D-C99A0D3F3502}.Debug|Any CPU.Build.0 = Debug|Any CPU
		{759F99FF-0470-4C3B-A46D-C99A0D3F3502}.Release|Any CPU.ActiveCfg = Release|Any CPU
		{759F99FF-0470-4C3B-A46D-C99A0D3F3502}.Release|Any CPU.Build.0 = Release|Any CPU
		{1435944E-91C8-4C7B-95BF-9A2564171004}.Debug|Any CPU.ActiveCfg = Debug|Any CPU
		{1435944E-91C8-4C7B-95BF-9A2564171004}.Debug|Any CPU.Build.0 = Debug|Any CPU
		{1435944E-91C8-4C7B-95BF-9A2564171004}.Release|Any CPU.ActiveCfg = Release|Any CPU
		{1435944E-91C8-4C7B-95BF-9A2564171004}.Release|Any CPU.Build.0 = Release|Any CPU
		{6BD13641-3CE2-4607-85E0-2FB383F4540F}.Debug|Any CPU.ActiveCfg = Debug|Any CPU
		{6BD13641-3CE2-4607-85E0-2FB383F4540F}.Debug|Any CPU.Build.0 = Debug|Any CPU
		{6BD13641-3CE2-4607-85E0-2FB383F4540F}.Release|Any CPU.ActiveCfg = Release|Any CPU
		{6BD13641-3CE2-4607-85E0-2FB383F4540F}.Release|Any CPU.Build.0 = Release|Any CPU
		{E7B60AB6-9A20-4A58-A24F-74684611C162}.Debug|Any CPU.ActiveCfg = Debug|Any CPU
		{E7B60AB6-9A20-4A58-A24F-74684611C162}.Debug|Any CPU.Build.0 = Debug|Any CPU
		{E7B60AB6-9A20-4A58-A24F-74684611C162}.Release|Any CPU.ActiveCfg = Release|Any CPU
		{E7B60AB6-9A20-4A58-A24F-74684611C162}.Release|Any CPU.Build.0 = Release|Any CPU
		{F7B5FB44-0ABA-4398-AFA8-09E5FBB156C1}.Debug|Any CPU.ActiveCfg = Debug|Any CPU
		{F7B5FB44-0ABA-4398-AFA8-09E5FBB156C1}.Debug|Any CPU.Build.0 = Debug|Any CPU
		{F7B5FB44-0ABA-4398-AFA8-09E5FBB156C1}.Release|Any CPU.ActiveCfg = Release|Any CPU
		{F7B5FB44-0ABA-4398-AFA8-09E5FBB156C1}.Release|Any CPU.Build.0 = Release|Any CPU
		{21509E63-14EA-42ED-934E-42117389705C}.Debug|Any CPU.ActiveCfg = Debug|Any CPU
		{21509E63-14EA-42ED-934E-42117389705C}.Debug|Any CPU.Build.0 = Debug|Any CPU
		{21509E63-14EA-42ED-934E-42117389705C}.Release|Any CPU.ActiveCfg = Release|Any CPU
		{21509E63-14EA-42ED-934E-42117389705C}.Release|Any CPU.Build.0 = Release|Any CPU
		{1871A2A5-973F-4AC9-898C-3040C44FEE82}.Debug|Any CPU.ActiveCfg = Debug|Any CPU
		{1871A2A5-973F-4AC9-898C-3040C44FEE82}.Debug|Any CPU.Build.0 = Debug|Any CPU
		{1871A2A5-973F-4AC9-898C-3040C44FEE82}.Release|Any CPU.ActiveCfg = Release|Any CPU
		{1871A2A5-973F-4AC9-898C-3040C44FEE82}.Release|Any CPU.Build.0 = Release|Any CPU
		{AD364972-3D0F-4A09-8902-62A420253164}.Debug|Any CPU.ActiveCfg = Debug|Any CPU
		{AD364972-3D0F-4A09-8902-62A420253164}.Debug|Any CPU.Build.0 = Debug|Any CPU
		{AD364972-3D0F-4A09-8902-62A420253164}.Release|Any CPU.ActiveCfg = Release|Any CPU
		{AD364972-3D0F-4A09-8902-62A420253164}.Release|Any CPU.Build.0 = Release|Any CPU
		{9BDE154F-F13E-4A32-A3EF-FC0144EB5DBE}.Debug|Any CPU.ActiveCfg = Debug|Any CPU
		{9BDE154F-F13E-4A32-A3EF-FC0144EB5DBE}.Debug|Any CPU.Build.0 = Debug|Any CPU
		{9BDE154F-F13E-4A32-A3EF-FC0144EB5DBE}.Release|Any CPU.ActiveCfg = Release|Any CPU
		{9BDE154F-F13E-4A32-A3EF-FC0144EB5DBE}.Release|Any CPU.Build.0 = Release|Any CPU
		{8A0B26D9-2400-41DA-836F-70917659E6B0}.Debug|Any CPU.ActiveCfg = Debug|Any CPU
		{8A0B26D9-2400-41DA-836F-70917659E6B0}.Debug|Any CPU.Build.0 = Debug|Any CPU
		{8A0B26D9-2400-41DA-836F-70917659E6B0}.Release|Any CPU.ActiveCfg = Release|Any CPU
		{8A0B26D9-2400-41DA-836F-70917659E6B0}.Release|Any CPU.Build.0 = Release|Any CPU
		{1398051F-6D35-477E-B11C-87978AF33D3F}.Debug|Any CPU.ActiveCfg = Debug|Any CPU
		{1398051F-6D35-477E-B11C-87978AF33D3F}.Debug|Any CPU.Build.0 = Debug|Any CPU
		{1398051F-6D35-477E-B11C-87978AF33D3F}.Release|Any CPU.ActiveCfg = Release|Any CPU
		{1398051F-6D35-477E-B11C-87978AF33D3F}.Release|Any CPU.Build.0 = Release|Any CPU
		{EC07EEB4-BAEE-432B-A78F-35DC4376FAAE}.Debug|Any CPU.ActiveCfg = Debug|Any CPU
		{EC07EEB4-BAEE-432B-A78F-35DC4376FAAE}.Debug|Any CPU.Build.0 = Debug|Any CPU
		{EC07EEB4-BAEE-432B-A78F-35DC4376FAAE}.Release|Any CPU.ActiveCfg = Release|Any CPU
		{EC07EEB4-BAEE-432B-A78F-35DC4376FAAE}.Release|Any CPU.Build.0 = Release|Any CPU
		{326B2A33-CF3B-4297-86D2-E8544913A1D5}.Debug|Any CPU.ActiveCfg = Debug|Any CPU
		{326B2A33-CF3B-4297-86D2-E8544913A1D5}.Debug|Any CPU.Build.0 = Debug|Any CPU
		{326B2A33-CF3B-4297-86D2-E8544913A1D5}.Release|Any CPU.ActiveCfg = Release|Any CPU
		{326B2A33-CF3B-4297-86D2-E8544913A1D5}.Release|Any CPU.Build.0 = Release|Any CPU
		{D0E9ABE5-F703-4C52-8510-D8779030DF09}.Debug|Any CPU.ActiveCfg = Debug|Any CPU
		{D0E9ABE5-F703-4C52-8510-D8779030DF09}.Debug|Any CPU.Build.0 = Debug|Any CPU
		{D0E9ABE5-F703-4C52-8510-D8779030DF09}.Release|Any CPU.ActiveCfg = Release|Any CPU
		{D0E9ABE5-F703-4C52-8510-D8779030DF09}.Release|Any CPU.Build.0 = Release|Any CPU
		{B7984382-61A4-4514-9EC8-B8C02DB6A733}.Debug|Any CPU.ActiveCfg = Debug|Any CPU
		{B7984382-61A4-4514-9EC8-B8C02DB6A733}.Debug|Any CPU.Build.0 = Debug|Any CPU
		{B7984382-61A4-4514-9EC8-B8C02DB6A733}.Release|Any CPU.ActiveCfg = Release|Any CPU
		{B7984382-61A4-4514-9EC8-B8C02DB6A733}.Release|Any CPU.Build.0 = Release|Any CPU
		{54C8D85A-275A-4155-B453-3369AAF96177}.Debug|Any CPU.ActiveCfg = Debug|Any CPU
		{54C8D85A-275A-4155-B453-3369AAF96177}.Debug|Any CPU.Build.0 = Debug|Any CPU
		{54C8D85A-275A-4155-B453-3369AAF96177}.Release|Any CPU.ActiveCfg = Release|Any CPU
		{54C8D85A-275A-4155-B453-3369AAF96177}.Release|Any CPU.Build.0 = Release|Any CPU
		{7FDE6820-A904-4E37-A383-A6F7DC62948B}.Debug|Any CPU.ActiveCfg = Debug|Any CPU
		{7FDE6820-A904-4E37-A383-A6F7DC62948B}.Debug|Any CPU.Build.0 = Debug|Any CPU
		{7FDE6820-A904-4E37-A383-A6F7DC62948B}.Release|Any CPU.ActiveCfg = Release|Any CPU
		{7FDE6820-A904-4E37-A383-A6F7DC62948B}.Release|Any CPU.Build.0 = Release|Any CPU
		{49A2891C-6BD1-444D-ADC4-49C25C1B460F}.Debug|Any CPU.ActiveCfg = Debug|Any CPU
		{49A2891C-6BD1-444D-ADC4-49C25C1B460F}.Debug|Any CPU.Build.0 = Debug|Any CPU
		{49A2891C-6BD1-444D-ADC4-49C25C1B460F}.Release|Any CPU.ActiveCfg = Release|Any CPU
		{49A2891C-6BD1-444D-ADC4-49C25C1B460F}.Release|Any CPU.Build.0 = Release|Any CPU
		{297C8939-EDA8-4911-9F41-7E4928892618}.Debug|Any CPU.ActiveCfg = Debug|Any CPU
		{297C8939-EDA8-4911-9F41-7E4928892618}.Debug|Any CPU.Build.0 = Debug|Any CPU
		{297C8939-EDA8-4911-9F41-7E4928892618}.Release|Any CPU.ActiveCfg = Release|Any CPU
		{297C8939-EDA8-4911-9F41-7E4928892618}.Release|Any CPU.Build.0 = Release|Any CPU
		{C286357A-E053-4418-A93E-7650FE57D4D5}.Debug|Any CPU.ActiveCfg = Debug|Any CPU
		{C286357A-E053-4418-A93E-7650FE57D4D5}.Debug|Any CPU.Build.0 = Debug|Any CPU
		{C286357A-E053-4418-A93E-7650FE57D4D5}.Release|Any CPU.ActiveCfg = Release|Any CPU
		{C286357A-E053-4418-A93E-7650FE57D4D5}.Release|Any CPU.Build.0 = Release|Any CPU
		{893EC726-DF11-4E99-A371-12B2C88CC8E3}.Debug|Any CPU.ActiveCfg = Debug|Any CPU
		{893EC726-DF11-4E99-A371-12B2C88CC8E3}.Debug|Any CPU.Build.0 = Debug|Any CPU
		{893EC726-DF11-4E99-A371-12B2C88CC8E3}.Release|Any CPU.ActiveCfg = Release|Any CPU
		{893EC726-DF11-4E99-A371-12B2C88CC8E3}.Release|Any CPU.Build.0 = Release|Any CPU
		{89E876EC-B0A9-459F-B690-99F5997BC473}.Debug|Any CPU.ActiveCfg = Debug|Any CPU
		{89E876EC-B0A9-459F-B690-99F5997BC473}.Debug|Any CPU.Build.0 = Debug|Any CPU
		{89E876EC-B0A9-459F-B690-99F5997BC473}.Release|Any CPU.ActiveCfg = Release|Any CPU
		{89E876EC-B0A9-459F-B690-99F5997BC473}.Release|Any CPU.Build.0 = Release|Any CPU
		{2F83EE2F-C190-417E-8BFA-D206BFEAFB7A}.Debug|Any CPU.ActiveCfg = Debug|Any CPU
		{2F83EE2F-C190-417E-8BFA-D206BFEAFB7A}.Debug|Any CPU.Build.0 = Debug|Any CPU
		{2F83EE2F-C190-417E-8BFA-D206BFEAFB7A}.Release|Any CPU.ActiveCfg = Release|Any CPU
		{2F83EE2F-C190-417E-8BFA-D206BFEAFB7A}.Release|Any CPU.Build.0 = Release|Any CPU
		{52FEE8B3-A528-4D58-88C0-A86B8224D23B}.Debug|Any CPU.ActiveCfg = Debug|Any CPU
		{52FEE8B3-A528-4D58-88C0-A86B8224D23B}.Debug|Any CPU.Build.0 = Debug|Any CPU
		{52FEE8B3-A528-4D58-88C0-A86B8224D23B}.Release|Any CPU.ActiveCfg = Release|Any CPU
		{52FEE8B3-A528-4D58-88C0-A86B8224D23B}.Release|Any CPU.Build.0 = Release|Any CPU
		{195E9171-CEC5-4B5E-8EA2-1BBEC075F013}.Debug|Any CPU.ActiveCfg = Debug|Any CPU
		{195E9171-CEC5-4B5E-8EA2-1BBEC075F013}.Debug|Any CPU.Build.0 = Debug|Any CPU
		{195E9171-CEC5-4B5E-8EA2-1BBEC075F013}.Release|Any CPU.ActiveCfg = Release|Any CPU
		{195E9171-CEC5-4B5E-8EA2-1BBEC075F013}.Release|Any CPU.Build.0 = Release|Any CPU
		{5FED7AD9-4B0B-4423-AE37-E89E0AD29BB3}.Debug|Any CPU.ActiveCfg = Debug|Any CPU
		{5FED7AD9-4B0B-4423-AE37-E89E0AD29BB3}.Debug|Any CPU.Build.0 = Debug|Any CPU
		{5FED7AD9-4B0B-4423-AE37-E89E0AD29BB3}.Release|Any CPU.ActiveCfg = Release|Any CPU
		{5FED7AD9-4B0B-4423-AE37-E89E0AD29BB3}.Release|Any CPU.Build.0 = Release|Any CPU
		{AD6C1169-F674-47A2-B23B-897D84EF7C9A}.Debug|Any CPU.ActiveCfg = Debug|Any CPU
		{AD6C1169-F674-47A2-B23B-897D84EF7C9A}.Debug|Any CPU.Build.0 = Debug|Any CPU
		{AD6C1169-F674-47A2-B23B-897D84EF7C9A}.Release|Any CPU.ActiveCfg = Release|Any CPU
		{AD6C1169-F674-47A2-B23B-897D84EF7C9A}.Release|Any CPU.Build.0 = Release|Any CPU
		{870174A0-B892-4571-AA2E-C96B6F884763}.Debug|Any CPU.ActiveCfg = Debug|Any CPU
		{870174A0-B892-4571-AA2E-C96B6F884763}.Debug|Any CPU.Build.0 = Debug|Any CPU
		{870174A0-B892-4571-AA2E-C96B6F884763}.Release|Any CPU.ActiveCfg = Release|Any CPU
		{870174A0-B892-4571-AA2E-C96B6F884763}.Release|Any CPU.Build.0 = Release|Any CPU
		{D72E6D9F-84E9-4104-A382-36B0A4B7BE47}.Debug|Any CPU.ActiveCfg = Debug|Any CPU
		{D72E6D9F-84E9-4104-A382-36B0A4B7BE47}.Debug|Any CPU.Build.0 = Debug|Any CPU
		{D72E6D9F-84E9-4104-A382-36B0A4B7BE47}.Release|Any CPU.ActiveCfg = Release|Any CPU
		{D72E6D9F-84E9-4104-A382-36B0A4B7BE47}.Release|Any CPU.Build.0 = Release|Any CPU
		{69683DDF-9F33-4E5B-ADEF-7198E6DB6F75}.Debug|Any CPU.ActiveCfg = Debug|Any CPU
		{69683DDF-9F33-4E5B-ADEF-7198E6DB6F75}.Debug|Any CPU.Build.0 = Debug|Any CPU
		{69683DDF-9F33-4E5B-ADEF-7198E6DB6F75}.Release|Any CPU.ActiveCfg = Release|Any CPU
		{69683DDF-9F33-4E5B-ADEF-7198E6DB6F75}.Release|Any CPU.Build.0 = Release|Any CPU
		{95060BDA-E143-4EBA-BF05-6B7B4FF86D4F}.Debug|Any CPU.ActiveCfg = Debug|Any CPU
		{95060BDA-E143-4EBA-BF05-6B7B4FF86D4F}.Debug|Any CPU.Build.0 = Debug|Any CPU
		{95060BDA-E143-4EBA-BF05-6B7B4FF86D4F}.Release|Any CPU.ActiveCfg = Release|Any CPU
		{95060BDA-E143-4EBA-BF05-6B7B4FF86D4F}.Release|Any CPU.Build.0 = Release|Any CPU
		{029C4AA5-29C0-4D22-AA98-561FDA54D16E}.Debug|Any CPU.ActiveCfg = Debug|Any CPU
		{029C4AA5-29C0-4D22-AA98-561FDA54D16E}.Debug|Any CPU.Build.0 = Debug|Any CPU
		{029C4AA5-29C0-4D22-AA98-561FDA54D16E}.Release|Any CPU.ActiveCfg = Release|Any CPU
		{029C4AA5-29C0-4D22-AA98-561FDA54D16E}.Release|Any CPU.Build.0 = Release|Any CPU
		{03F713B9-53FF-419B-8737-EEDA3C29899D}.Debug|Any CPU.ActiveCfg = Debug|Any CPU
		{03F713B9-53FF-419B-8737-EEDA3C29899D}.Debug|Any CPU.Build.0 = Debug|Any CPU
		{03F713B9-53FF-419B-8737-EEDA3C29899D}.Release|Any CPU.ActiveCfg = Release|Any CPU
		{03F713B9-53FF-419B-8737-EEDA3C29899D}.Release|Any CPU.Build.0 = Release|Any CPU
		{331B361C-1531-4494-9ED7-A9A724FF81D1}.Debug|Any CPU.ActiveCfg = Debug|Any CPU
		{331B361C-1531-4494-9ED7-A9A724FF81D1}.Debug|Any CPU.Build.0 = Debug|Any CPU
		{331B361C-1531-4494-9ED7-A9A724FF81D1}.Release|Any CPU.ActiveCfg = Release|Any CPU
		{331B361C-1531-4494-9ED7-A9A724FF81D1}.Release|Any CPU.Build.0 = Release|Any CPU
		{DFE4ACB2-3B54-43B1-B657-361D2895A457}.Debug|Any CPU.ActiveCfg = Debug|Any CPU
		{DFE4ACB2-3B54-43B1-B657-361D2895A457}.Debug|Any CPU.Build.0 = Debug|Any CPU
		{DFE4ACB2-3B54-43B1-B657-361D2895A457}.Release|Any CPU.ActiveCfg = Release|Any CPU
		{DFE4ACB2-3B54-43B1-B657-361D2895A457}.Release|Any CPU.Build.0 = Release|Any CPU
		{4DE4889A-586F-4DD8-908B-D90DDECFA06E}.Debug|Any CPU.ActiveCfg = Debug|Any CPU
		{4DE4889A-586F-4DD8-908B-D90DDECFA06E}.Debug|Any CPU.Build.0 = Debug|Any CPU
		{4DE4889A-586F-4DD8-908B-D90DDECFA06E}.Release|Any CPU.ActiveCfg = Release|Any CPU
		{4DE4889A-586F-4DD8-908B-D90DDECFA06E}.Release|Any CPU.Build.0 = Release|Any CPU
		{4E7ED870-1A87-4040-BCF4-608FC6B82124}.Debug|Any CPU.ActiveCfg = Debug|Any CPU
		{4E7ED870-1A87-4040-BCF4-608FC6B82124}.Debug|Any CPU.Build.0 = Debug|Any CPU
		{4E7ED870-1A87-4040-BCF4-608FC6B82124}.Release|Any CPU.ActiveCfg = Release|Any CPU
		{4E7ED870-1A87-4040-BCF4-608FC6B82124}.Release|Any CPU.Build.0 = Release|Any CPU
		{29E756C5-1EF7-4FDA-A271-6C60656E2470}.Debug|Any CPU.ActiveCfg = Debug|Any CPU
		{29E756C5-1EF7-4FDA-A271-6C60656E2470}.Debug|Any CPU.Build.0 = Debug|Any CPU
		{29E756C5-1EF7-4FDA-A271-6C60656E2470}.Release|Any CPU.ActiveCfg = Release|Any CPU
		{29E756C5-1EF7-4FDA-A271-6C60656E2470}.Release|Any CPU.Build.0 = Release|Any CPU
		{A9F8357E-95D8-4317-B207-3C14E288A839}.Debug|Any CPU.ActiveCfg = Debug|Any CPU
		{A9F8357E-95D8-4317-B207-3C14E288A839}.Debug|Any CPU.Build.0 = Debug|Any CPU
		{A9F8357E-95D8-4317-B207-3C14E288A839}.Release|Any CPU.ActiveCfg = Release|Any CPU
		{A9F8357E-95D8-4317-B207-3C14E288A839}.Release|Any CPU.Build.0 = Release|Any CPU
		{B2B2FCBE-D1A6-4DF8-BD68-65320A9A7982}.Debug|Any CPU.ActiveCfg = Debug|Any CPU
		{B2B2FCBE-D1A6-4DF8-BD68-65320A9A7982}.Debug|Any CPU.Build.0 = Debug|Any CPU
		{B2B2FCBE-D1A6-4DF8-BD68-65320A9A7982}.Release|Any CPU.ActiveCfg = Release|Any CPU
		{B2B2FCBE-D1A6-4DF8-BD68-65320A9A7982}.Release|Any CPU.Build.0 = Release|Any CPU
		{DBDB0304-0289-42DB-BC63-FF86FEDD1352}.Debug|Any CPU.ActiveCfg = Debug|Any CPU
		{DBDB0304-0289-42DB-BC63-FF86FEDD1352}.Debug|Any CPU.Build.0 = Debug|Any CPU
		{DBDB0304-0289-42DB-BC63-FF86FEDD1352}.Release|Any CPU.ActiveCfg = Release|Any CPU
		{DBDB0304-0289-42DB-BC63-FF86FEDD1352}.Release|Any CPU.Build.0 = Release|Any CPU
		{27FD3A39-5304-450E-9331-B7EF2521AC47}.Debug|Any CPU.ActiveCfg = Debug|Any CPU
		{27FD3A39-5304-450E-9331-B7EF2521AC47}.Debug|Any CPU.Build.0 = Debug|Any CPU
		{27FD3A39-5304-450E-9331-B7EF2521AC47}.Release|Any CPU.ActiveCfg = Release|Any CPU
		{27FD3A39-5304-450E-9331-B7EF2521AC47}.Release|Any CPU.Build.0 = Release|Any CPU
		{4696C080-E0EB-421A-BE5D-ED441F35CC7B}.Debug|Any CPU.ActiveCfg = Debug|Any CPU
		{4696C080-E0EB-421A-BE5D-ED441F35CC7B}.Debug|Any CPU.Build.0 = Debug|Any CPU
		{4696C080-E0EB-421A-BE5D-ED441F35CC7B}.Release|Any CPU.ActiveCfg = Release|Any CPU
		{4696C080-E0EB-421A-BE5D-ED441F35CC7B}.Release|Any CPU.Build.0 = Release|Any CPU
		{EC77A96A-9307-44C0-B7E8-1C24D625A3CB}.Debug|Any CPU.ActiveCfg = Debug|Any CPU
		{EC77A96A-9307-44C0-B7E8-1C24D625A3CB}.Debug|Any CPU.Build.0 = Debug|Any CPU
		{EC77A96A-9307-44C0-B7E8-1C24D625A3CB}.Release|Any CPU.ActiveCfg = Release|Any CPU
		{EC77A96A-9307-44C0-B7E8-1C24D625A3CB}.Release|Any CPU.Build.0 = Release|Any CPU
		{381ACDA5-3561-4435-A21B-34658D01ABF9}.Debug|Any CPU.ActiveCfg = Debug|Any CPU
		{381ACDA5-3561-4435-A21B-34658D01ABF9}.Debug|Any CPU.Build.0 = Debug|Any CPU
		{381ACDA5-3561-4435-A21B-34658D01ABF9}.Release|Any CPU.ActiveCfg = Release|Any CPU
		{381ACDA5-3561-4435-A21B-34658D01ABF9}.Release|Any CPU.Build.0 = Release|Any CPU
		{F29BDF7A-86C9-45AE-9422-C7125907311C}.Debug|Any CPU.ActiveCfg = Debug|Any CPU
		{F29BDF7A-86C9-45AE-9422-C7125907311C}.Debug|Any CPU.Build.0 = Debug|Any CPU
		{F29BDF7A-86C9-45AE-9422-C7125907311C}.Release|Any CPU.ActiveCfg = Release|Any CPU
		{F29BDF7A-86C9-45AE-9422-C7125907311C}.Release|Any CPU.Build.0 = Release|Any CPU
		{55591791-4F02-415A-8E89-5C3F58A35322}.Debug|Any CPU.ActiveCfg = Debug|Any CPU
		{55591791-4F02-415A-8E89-5C3F58A35322}.Debug|Any CPU.Build.0 = Debug|Any CPU
		{55591791-4F02-415A-8E89-5C3F58A35322}.Release|Any CPU.ActiveCfg = Release|Any CPU
		{55591791-4F02-415A-8E89-5C3F58A35322}.Release|Any CPU.Build.0 = Release|Any CPU
		{D6BD239F-87EA-496F-BE30-21716759F704}.Debug|Any CPU.ActiveCfg = Debug|Any CPU
		{D6BD239F-87EA-496F-BE30-21716759F704}.Debug|Any CPU.Build.0 = Debug|Any CPU
		{D6BD239F-87EA-496F-BE30-21716759F704}.Release|Any CPU.ActiveCfg = Release|Any CPU
		{D6BD239F-87EA-496F-BE30-21716759F704}.Release|Any CPU.Build.0 = Release|Any CPU
		{211FD03D-A53E-4F2B-AECA-EA69EA4E6954}.Debug|Any CPU.ActiveCfg = Debug|Any CPU
		{211FD03D-A53E-4F2B-AECA-EA69EA4E6954}.Debug|Any CPU.Build.0 = Debug|Any CPU
		{211FD03D-A53E-4F2B-AECA-EA69EA4E6954}.Release|Any CPU.ActiveCfg = Release|Any CPU
		{211FD03D-A53E-4F2B-AECA-EA69EA4E6954}.Release|Any CPU.Build.0 = Release|Any CPU
		{4B6BF14E-7E83-4E0F-8DFC-E0DA365188AD}.Debug|Any CPU.ActiveCfg = Debug|Any CPU
		{4B6BF14E-7E83-4E0F-8DFC-E0DA365188AD}.Debug|Any CPU.Build.0 = Debug|Any CPU
		{4B6BF14E-7E83-4E0F-8DFC-E0DA365188AD}.Release|Any CPU.ActiveCfg = Release|Any CPU
		{4B6BF14E-7E83-4E0F-8DFC-E0DA365188AD}.Release|Any CPU.Build.0 = Release|Any CPU
		{932E4148-ADF1-4579-9D74-358FA9C70247}.Debug|Any CPU.ActiveCfg = Debug|Any CPU
		{932E4148-ADF1-4579-9D74-358FA9C70247}.Debug|Any CPU.Build.0 = Debug|Any CPU
		{932E4148-ADF1-4579-9D74-358FA9C70247}.Release|Any CPU.ActiveCfg = Release|Any CPU
		{932E4148-ADF1-4579-9D74-358FA9C70247}.Release|Any CPU.Build.0 = Release|Any CPU
		{030502AA-AACA-42B5-9D4B-6F561EF2D2E0}.Debug|Any CPU.ActiveCfg = Debug|Any CPU
		{030502AA-AACA-42B5-9D4B-6F561EF2D2E0}.Debug|Any CPU.Build.0 = Debug|Any CPU
		{030502AA-AACA-42B5-9D4B-6F561EF2D2E0}.Release|Any CPU.ActiveCfg = Release|Any CPU
		{030502AA-AACA-42B5-9D4B-6F561EF2D2E0}.Release|Any CPU.Build.0 = Release|Any CPU
		{E6891B5A-7C5B-4656-BA2F-D711A1E7401C}.Debug|Any CPU.ActiveCfg = Debug|Any CPU
		{E6891B5A-7C5B-4656-BA2F-D711A1E7401C}.Debug|Any CPU.Build.0 = Debug|Any CPU
		{E6891B5A-7C5B-4656-BA2F-D711A1E7401C}.Release|Any CPU.ActiveCfg = Release|Any CPU
		{E6891B5A-7C5B-4656-BA2F-D711A1E7401C}.Release|Any CPU.Build.0 = Release|Any CPU
		{E9F776E2-A6E7-4F96-9F4A-EAE7880FBBEC}.Debug|Any CPU.ActiveCfg = Debug|Any CPU
		{E9F776E2-A6E7-4F96-9F4A-EAE7880FBBEC}.Debug|Any CPU.Build.0 = Debug|Any CPU
		{E9F776E2-A6E7-4F96-9F4A-EAE7880FBBEC}.Release|Any CPU.ActiveCfg = Release|Any CPU
		{E9F776E2-A6E7-4F96-9F4A-EAE7880FBBEC}.Release|Any CPU.Build.0 = Release|Any CPU
		{722DF29A-9E80-4B63-82D0-E6FA94B04B68}.Debug|Any CPU.ActiveCfg = Debug|Any CPU
		{722DF29A-9E80-4B63-82D0-E6FA94B04B68}.Debug|Any CPU.Build.0 = Debug|Any CPU
		{722DF29A-9E80-4B63-82D0-E6FA94B04B68}.Release|Any CPU.ActiveCfg = Release|Any CPU
		{722DF29A-9E80-4B63-82D0-E6FA94B04B68}.Release|Any CPU.Build.0 = Release|Any CPU
		{DE6FF322-6961-478C-8123-E284C15F8105}.Debug|Any CPU.ActiveCfg = Debug|Any CPU
		{DE6FF322-6961-478C-8123-E284C15F8105}.Debug|Any CPU.Build.0 = Debug|Any CPU
		{DE6FF322-6961-478C-8123-E284C15F8105}.Release|Any CPU.ActiveCfg = Release|Any CPU
		{DE6FF322-6961-478C-8123-E284C15F8105}.Release|Any CPU.Build.0 = Release|Any CPU
		{B8FCC538-78BE-4D3D-B1FB-4FB91F5DCBC5}.Debug|Any CPU.ActiveCfg = Debug|Any CPU
		{B8FCC538-78BE-4D3D-B1FB-4FB91F5DCBC5}.Debug|Any CPU.Build.0 = Debug|Any CPU
		{B8FCC538-78BE-4D3D-B1FB-4FB91F5DCBC5}.Release|Any CPU.ActiveCfg = Release|Any CPU
		{B8FCC538-78BE-4D3D-B1FB-4FB91F5DCBC5}.Release|Any CPU.Build.0 = Release|Any CPU
		{86751200-69C6-4C32-B040-15310A0850EA}.Debug|Any CPU.ActiveCfg = Debug|Any CPU
		{86751200-69C6-4C32-B040-15310A0850EA}.Debug|Any CPU.Build.0 = Debug|Any CPU
		{86751200-69C6-4C32-B040-15310A0850EA}.Release|Any CPU.ActiveCfg = Release|Any CPU
		{86751200-69C6-4C32-B040-15310A0850EA}.Release|Any CPU.Build.0 = Release|Any CPU
		{0FEEA3C6-6C16-408B-84B5-D2EA3C018499}.Debug|Any CPU.ActiveCfg = Debug|Any CPU
		{0FEEA3C6-6C16-408B-84B5-D2EA3C018499}.Debug|Any CPU.Build.0 = Debug|Any CPU
		{0FEEA3C6-6C16-408B-84B5-D2EA3C018499}.Release|Any CPU.ActiveCfg = Release|Any CPU
		{0FEEA3C6-6C16-408B-84B5-D2EA3C018499}.Release|Any CPU.Build.0 = Release|Any CPU
		{8BC66E1E-5A13-432F-957E-A86B2387D369}.Debug|Any CPU.ActiveCfg = Debug|Any CPU
		{8BC66E1E-5A13-432F-957E-A86B2387D369}.Debug|Any CPU.Build.0 = Debug|Any CPU
		{8BC66E1E-5A13-432F-957E-A86B2387D369}.Release|Any CPU.ActiveCfg = Release|Any CPU
		{8BC66E1E-5A13-432F-957E-A86B2387D369}.Release|Any CPU.Build.0 = Release|Any CPU
		{6264ADAB-8FA3-4DAC-86E0-D2D8F96BEB53}.Debug|Any CPU.ActiveCfg = Debug|Any CPU
		{6264ADAB-8FA3-4DAC-86E0-D2D8F96BEB53}.Debug|Any CPU.Build.0 = Debug|Any CPU
		{6264ADAB-8FA3-4DAC-86E0-D2D8F96BEB53}.Release|Any CPU.ActiveCfg = Release|Any CPU
		{6264ADAB-8FA3-4DAC-86E0-D2D8F96BEB53}.Release|Any CPU.Build.0 = Release|Any CPU
		{A2A07D62-C053-4FAB-8961-6CD5B3B15FF7}.Debug|Any CPU.ActiveCfg = Debug|Any CPU
		{A2A07D62-C053-4FAB-8961-6CD5B3B15FF7}.Debug|Any CPU.Build.0 = Debug|Any CPU
		{A2A07D62-C053-4FAB-8961-6CD5B3B15FF7}.Release|Any CPU.ActiveCfg = Release|Any CPU
		{A2A07D62-C053-4FAB-8961-6CD5B3B15FF7}.Release|Any CPU.Build.0 = Release|Any CPU
		{22FBC7D0-3C5F-4DF8-AC50-8AE3DC77A4D8}.Debug|Any CPU.ActiveCfg = Debug|Any CPU
		{22FBC7D0-3C5F-4DF8-AC50-8AE3DC77A4D8}.Debug|Any CPU.Build.0 = Debug|Any CPU
		{22FBC7D0-3C5F-4DF8-AC50-8AE3DC77A4D8}.Release|Any CPU.ActiveCfg = Release|Any CPU
		{22FBC7D0-3C5F-4DF8-AC50-8AE3DC77A4D8}.Release|Any CPU.Build.0 = Release|Any CPU
	EndGlobalSection
	GlobalSection(SolutionProperties) = preSolution
		HideSolutionNode = FALSE
	EndGlobalSection
	GlobalSection(NestedProjects) = preSolution
		{F0E08C72-52B9-454E-B7EA-0E29ED05FA8E} = {09167AC7-3057-4952-BCAB-642485353EAC}
		{09167AC7-3057-4952-BCAB-642485353EAC} = {6961296A-7CE9-450A-8697-8BF8611E71AF}
		{6ABA200F-AC7F-4E24-BE76-E67363F30D1B} = {09167AC7-3057-4952-BCAB-642485353EAC}
		{DDB2E003-DC6F-47A4-8D89-30A3D1E3EE8B} = {09167AC7-3057-4952-BCAB-642485353EAC}
		{0611C32F-A4A0-4967-92E7-5D5BCDA9A39A} = {09167AC7-3057-4952-BCAB-642485353EAC}
		{47650223-C137-45CE-B762-D7C764673E95} = {09167AC7-3057-4952-BCAB-642485353EAC}
		{D7BC0EB1-C104-4FBC-B31F-1F65D67D0815} = {6961296A-7CE9-450A-8697-8BF8611E71AF}
		{152851B0-4C0B-4B84-9E4C-0B6B655052A5} = {D7BC0EB1-C104-4FBC-B31F-1F65D67D0815}
		{E3B2526E-5133-47F4-8BCE-3101B2F8A6C7} = {D7BC0EB1-C104-4FBC-B31F-1F65D67D0815}
		{8BEBE8E5-C9A5-4100-A601-1F9F91CABC61} = {D7BC0EB1-C104-4FBC-B31F-1F65D67D0815}
		{AE3A6C38-21EB-40B1-9940-C1ED581FA634} = {D7BC0EB1-C104-4FBC-B31F-1F65D67D0815}
		{D4BBC26E-7930-4A2C-A894-77776FE26CA6} = {D7BC0EB1-C104-4FBC-B31F-1F65D67D0815}
		{26989194-26FB-4FE7-B5B4-74A401D6FE7A} = {6961296A-7CE9-450A-8697-8BF8611E71AF}
		{D0197EA0-00D4-4612-BA93-7F8E533ACCB9} = {26989194-26FB-4FE7-B5B4-74A401D6FE7A}
		{59241892-2C90-43C0-A964-4B0004877A02} = {26989194-26FB-4FE7-B5B4-74A401D6FE7A}
		{8069700F-2DDB-4ADD-AAD1-E2000C178A86} = {26989194-26FB-4FE7-B5B4-74A401D6FE7A}
		{5D19C3AA-57CF-4DE0-914A-2CEC0D54AB47} = {26989194-26FB-4FE7-B5B4-74A401D6FE7A}
		{DD6AF1A9-5206-4692-91DD-4CECBC846561} = {26989194-26FB-4FE7-B5B4-74A401D6FE7A}
		{FC9C188C-B63F-45BA-81A6-78EFCA89B8F1} = {26989194-26FB-4FE7-B5B4-74A401D6FE7A}
		{25E085F9-E4A6-4F1A-ABBF-1778E4D9356D} = {26989194-26FB-4FE7-B5B4-74A401D6FE7A}
		{56A287EB-F9C6-453F-B606-93C8E2A7EA53} = {6961296A-7CE9-450A-8697-8BF8611E71AF}
		{3EAE9D31-2F77-4C93-8D02-D7E875652339} = {79A3C411-BB0E-4F03-9F8F-02CB4271813F}
		{B3724499-2FEC-4C9E-94E7-CC003F731C6C} = {79A3C411-BB0E-4F03-9F8F-02CB4271813F}
		{3FC3463B-571C-443F-8608-FC1A371AE3AE} = {79A3C411-BB0E-4F03-9F8F-02CB4271813F}
		{5C7FA784-0ADA-4D9B-8A15-9BC54D726DBA} = {79A3C411-BB0E-4F03-9F8F-02CB4271813F}
		{D1A7968D-B091-4C6A-B60D-C648ECB76586} = {79A3C411-BB0E-4F03-9F8F-02CB4271813F}
		{32C17850-4FFC-4DCF-8667-D1B0ECBB1F57} = {79A3C411-BB0E-4F03-9F8F-02CB4271813F}
		{537A00B3-C76A-483E-9090-AA758393BC74} = {79A3C411-BB0E-4F03-9F8F-02CB4271813F}
		{E058AA7C-4956-405F-9397-70CFC1590A91} = {56A287EB-F9C6-453F-B606-93C8E2A7EA53}
		{1629F5AB-5A1E-491D-A3E8-693768CC077B} = {56A287EB-F9C6-453F-B606-93C8E2A7EA53}
		{C2188262-56FC-4483-8B6A-5382724C3610} = {56A287EB-F9C6-453F-B606-93C8E2A7EA53}
		{4789114F-C485-476F-A1E7-1DAF8F6CF9E4} = {56A287EB-F9C6-453F-B606-93C8E2A7EA53}
		{8642D0B2-7212-4C86-A79A-607835AE8D75} = {56A287EB-F9C6-453F-B606-93C8E2A7EA53}
		{272B367E-DA3B-485E-A8D0-D8C4D4704C76} = {9AA95928-E3F1-4676-A48F-A3F4D7913E5D}
		{2F21634A-3460-4A00-9A86-4661479557DE} = {9AA95928-E3F1-4676-A48F-A3F4D7913E5D}
		{31778A4B-47CE-4428-8D02-2F52D4D8EDEE} = {9AA95928-E3F1-4676-A48F-A3F4D7913E5D}
		{CD868DC5-3389-403B-BE80-A0E4F80429A6} = {9AA95928-E3F1-4676-A48F-A3F4D7913E5D}
		{BD569AF8-9F30-4219-B865-070ABEF1F19F} = {9AA95928-E3F1-4676-A48F-A3F4D7913E5D}
		{1A954585-C9BB-45DA-BA44-35C410DA11FC} = {9AA95928-E3F1-4676-A48F-A3F4D7913E5D}
		{1B62DC14-AB6E-469C-87E6-33E508E624FA} = {9AA95928-E3F1-4676-A48F-A3F4D7913E5D}
		{E383DBC5-465B-4DE5-AAF7-29FBF7F8B42E} = {B3715BDA-8786-4EB6-BD6D-031FB0AED7AD}
		{F9EE28EB-BDEB-4AFC-91EE-FC187A4400A8} = {7159B02E-2050-40EC-9F1E-E68486AFFC68}
		{E31EDAE0-D1AB-4BA7-B0EA-63C1B0DA9C9E} = {7159B02E-2050-40EC-9F1E-E68486AFFC68}
		{6BBC5107-F510-4C59-B557-23183CEED782} = {7159B02E-2050-40EC-9F1E-E68486AFFC68}
		{3D88B1E3-37E6-4112-B1F7-826D15434FC6} = {7159B02E-2050-40EC-9F1E-E68486AFFC68}
		{C1858F92-5E45-4550-A7CA-F4AE0CCD2A2D} = {B3715BDA-8786-4EB6-BD6D-031FB0AED7AD}
		{2488DA25-EA07-4846-BAF2-701ACDFC93A0} = {B3715BDA-8786-4EB6-BD6D-031FB0AED7AD}
		{E6CC08AF-9D5C-460E-81AD-3DDF27094927} = {B3715BDA-8786-4EB6-BD6D-031FB0AED7AD}
		{95F248BD-1E0D-49EE-A266-9AA9AFFF1743} = {19A02845-C28C-43FF-9B7E-B2C1FDC2796C}
		{E7F7EA3E-8735-4222-A53C-DD5497116925} = {19A02845-C28C-43FF-9B7E-B2C1FDC2796C}
		{128F91BE-CBF7-4052-BBB6-E5C21919A2DD} = {19A02845-C28C-43FF-9B7E-B2C1FDC2796C}
		{AD6C6DF5-B2C2-4411-9074-D096E7017105} = {19A02845-C28C-43FF-9B7E-B2C1FDC2796C}
		{1CDA7120-8EBE-4847-92CD-BC1FDD77C821} = {19A02845-C28C-43FF-9B7E-B2C1FDC2796C}
		{3C541397-DB88-43D4-B161-4F429AF8DD03} = {19A02845-C28C-43FF-9B7E-B2C1FDC2796C}
		{303327B6-5F34-4A38-B55F-5E8AB88544DB} = {19A02845-C28C-43FF-9B7E-B2C1FDC2796C}
		{4A7F3162-A2C2-4D47-A315-9938346459F4} = {19A02845-C28C-43FF-9B7E-B2C1FDC2796C}
		{E7FEBD17-F266-4F07-B07A-373E01A374C5} = {19A02845-C28C-43FF-9B7E-B2C1FDC2796C}
		{DB38567B-27D5-48E7-BFA4-9C40CB81447B} = {19A02845-C28C-43FF-9B7E-B2C1FDC2796C}
		{F93F91A6-86E3-4DDA-846A-6DE53166435F} = {19A02845-C28C-43FF-9B7E-B2C1FDC2796C}
		{BC749F1E-9CFB-499E-9C82-60CD5A44EF1E} = {649FB960-A302-4490-A8BB-F271E661BA88}
		{5D067CB1-9EC6-40A2-A1E8-6DCFAA1A11FA} = {BC749F1E-9CFB-499E-9C82-60CD5A44EF1E}
		{03370C46-5387-489B-BE1E-20C0791FF5AD} = {BC749F1E-9CFB-499E-9C82-60CD5A44EF1E}
		{354B95FE-2ED0-465B-A1D5-6C11AEEF7F26} = {BC749F1E-9CFB-499E-9C82-60CD5A44EF1E}
		{1BF9256F-A2C8-4A59-9E35-878D2E86ED75} = {BC749F1E-9CFB-499E-9C82-60CD5A44EF1E}
		{C0CCEC8F-4596-4FC2-8ECF-966251290FEB} = {BC749F1E-9CFB-499E-9C82-60CD5A44EF1E}
		{779DD270-FCD9-4B21-AEDC-2709EA9E330E} = {BC749F1E-9CFB-499E-9C82-60CD5A44EF1E}
		{0D7F9C8E-4380-46E8-AE4A-66E82F8ABAE4} = {649FB960-A302-4490-A8BB-F271E661BA88}
		{7F9CD923-753A-4B8E-909C-FC54BE7C9BE2} = {0D7F9C8E-4380-46E8-AE4A-66E82F8ABAE4}
		{F8444990-278B-424D-BB8C-F055413CA905} = {0D7F9C8E-4380-46E8-AE4A-66E82F8ABAE4}
		{5427CCEC-D38A-4CD5-861C-DEE6A7137E2C} = {0D7F9C8E-4380-46E8-AE4A-66E82F8ABAE4}
		{6C4ECEA6-8FEB-402A-845C-B4B45DE67133} = {0D7F9C8E-4380-46E8-AE4A-66E82F8ABAE4}
		{17B2B05F-BA23-42BA-BFB0-9A875922EF18} = {0D7F9C8E-4380-46E8-AE4A-66E82F8ABAE4}
		{29F590F2-EDFE-41E8-B1F4-C8121AC8C8A6} = {649FB960-A302-4490-A8BB-F271E661BA88}
		{2D96D93F-A15A-4147-A496-2EF39AE0ADBC} = {29F590F2-EDFE-41E8-B1F4-C8121AC8C8A6}
		{E0D6DFF4-698C-4427-9123-9EE8C8889F33} = {29F590F2-EDFE-41E8-B1F4-C8121AC8C8A6}
		{78D1605C-0046-4B1B-BEE2-0F1759807821} = {29F590F2-EDFE-41E8-B1F4-C8121AC8C8A6}
		{C87204EF-0007-4850-B77E-67CB596043CA} = {29F590F2-EDFE-41E8-B1F4-C8121AC8C8A6}
		{35EBE14B-83A2-4F21-A92A-440FF1362666} = {29F590F2-EDFE-41E8-B1F4-C8121AC8C8A6}
		{B56E847A-AA9F-4FAA-B1BC-7632AB232624} = {29F590F2-EDFE-41E8-B1F4-C8121AC8C8A6}
		{E04A8470-8C68-4E8C-91DE-2AE3650FA394} = {649FB960-A302-4490-A8BB-F271E661BA88}
		{45F9A879-6B50-4669-AC25-E201AABA588B} = {E04A8470-8C68-4E8C-91DE-2AE3650FA394}
		{02BFC03A-23D8-45CB-A1E9-A3CD51F09636} = {E04A8470-8C68-4E8C-91DE-2AE3650FA394}
		{9446B385-63AD-41FA-85CC-7B4186169A7C} = {E04A8470-8C68-4E8C-91DE-2AE3650FA394}
		{6E660F2E-0019-47F0-9A98-DB5A41BC8CC4} = {E04A8470-8C68-4E8C-91DE-2AE3650FA394}
		{5E2E4E7C-1A16-4884-A874-918EA99966DB} = {E04A8470-8C68-4E8C-91DE-2AE3650FA394}
		{A5F01CBC-DDF5-4DDA-B760-CD3BA625FA6A} = {E04A8470-8C68-4E8C-91DE-2AE3650FA394}
		{1BD20E45-EE71-4C44-BCA6-223B88A1B4F0} = {E04A8470-8C68-4E8C-91DE-2AE3650FA394}
		{4F959DCB-9B61-45AB-9AF3-A8BB3701D531} = {649FB960-A302-4490-A8BB-F271E661BA88}
		{4DAE08D4-7E9B-47FD-B128-755BBEEFCB86} = {4F959DCB-9B61-45AB-9AF3-A8BB3701D531}
		{87150BDA-A2A3-4CCA-9E92-556671E70E20} = {4F959DCB-9B61-45AB-9AF3-A8BB3701D531}
		{116B5F56-C362-4599-BEEC-BB281BAA254A} = {4F959DCB-9B61-45AB-9AF3-A8BB3701D531}
		{C1D8CC2A-2840-492E-AACA-5D932A846AC4} = {4F959DCB-9B61-45AB-9AF3-A8BB3701D531}
		{57F4A205-ACD8-465C-852D-57ED804E6234} = {4F959DCB-9B61-45AB-9AF3-A8BB3701D531}
		{9AE1F0B8-5622-4AA2-B7B7-50454A64011F} = {649FB960-A302-4490-A8BB-F271E661BA88}
		{A4C04FE2-A03B-4C07-95CF-9C84488A979C} = {9AE1F0B8-5622-4AA2-B7B7-50454A64011F}
		{64CA7735-5EDB-4458-BBF0-2849B60FA836} = {9AE1F0B8-5622-4AA2-B7B7-50454A64011F}
		{47497786-D81F-42A4-8060-6CC540DC172C} = {9AE1F0B8-5622-4AA2-B7B7-50454A64011F}
		{71C20E4E-5BA9-44EF-8BC0-14E49CF754B9} = {9AE1F0B8-5622-4AA2-B7B7-50454A64011F}
		{759F99FF-0470-4C3B-A46D-C99A0D3F3502} = {9AE1F0B8-5622-4AA2-B7B7-50454A64011F}
		{1435944E-91C8-4C7B-95BF-9A2564171004} = {9AE1F0B8-5622-4AA2-B7B7-50454A64011F}
		{199DC06D-1D57-4613-BFAC-99418669FA94} = {649FB960-A302-4490-A8BB-F271E661BA88}
		{F9CF130D-70C1-4631-A56F-2BFB766CA1E9} = {649FB960-A302-4490-A8BB-F271E661BA88}
		{6BD13641-3CE2-4607-85E0-2FB383F4540F} = {199DC06D-1D57-4613-BFAC-99418669FA94}
		{E7B60AB6-9A20-4A58-A24F-74684611C162} = {199DC06D-1D57-4613-BFAC-99418669FA94}
		{F7B5FB44-0ABA-4398-AFA8-09E5FBB156C1} = {199DC06D-1D57-4613-BFAC-99418669FA94}
		{21509E63-14EA-42ED-934E-42117389705C} = {199DC06D-1D57-4613-BFAC-99418669FA94}
		{1871A2A5-973F-4AC9-898C-3040C44FEE82} = {F9CF130D-70C1-4631-A56F-2BFB766CA1E9}
		{AD364972-3D0F-4A09-8902-62A420253164} = {F9CF130D-70C1-4631-A56F-2BFB766CA1E9}
		{9BDE154F-F13E-4A32-A3EF-FC0144EB5DBE} = {F9CF130D-70C1-4631-A56F-2BFB766CA1E9}
		{8A0B26D9-2400-41DA-836F-70917659E6B0} = {F9CF130D-70C1-4631-A56F-2BFB766CA1E9}
		{1398051F-6D35-477E-B11C-87978AF33D3F} = {F9CF130D-70C1-4631-A56F-2BFB766CA1E9}
		{EC07EEB4-BAEE-432B-A78F-35DC4376FAAE} = {F9CF130D-70C1-4631-A56F-2BFB766CA1E9}
		{326B2A33-CF3B-4297-86D2-E8544913A1D5} = {F9CF130D-70C1-4631-A56F-2BFB766CA1E9}
		{A9E20E82-91B6-48EA-9D40-FBF3A5DBDD12} = {649FB960-A302-4490-A8BB-F271E661BA88}
		{D0E9ABE5-F703-4C52-8510-D8779030DF09} = {A9E20E82-91B6-48EA-9D40-FBF3A5DBDD12}
		{B7984382-61A4-4514-9EC8-B8C02DB6A733} = {A9E20E82-91B6-48EA-9D40-FBF3A5DBDD12}
		{54C8D85A-275A-4155-B453-3369AAF96177} = {A9E20E82-91B6-48EA-9D40-FBF3A5DBDD12}
		{7FDE6820-A904-4E37-A383-A6F7DC62948B} = {A9E20E82-91B6-48EA-9D40-FBF3A5DBDD12}
		{72547BF6-07F3-469E-BD29-59E9695C2B05} = {649FB960-A302-4490-A8BB-F271E661BA88}
		{49A2891C-6BD1-444D-ADC4-49C25C1B460F} = {72547BF6-07F3-469E-BD29-59E9695C2B05}
		{297C8939-EDA8-4911-9F41-7E4928892618} = {72547BF6-07F3-469E-BD29-59E9695C2B05}
		{C286357A-E053-4418-A93E-7650FE57D4D5} = {72547BF6-07F3-469E-BD29-59E9695C2B05}
		{893EC726-DF11-4E99-A371-12B2C88CC8E3} = {72547BF6-07F3-469E-BD29-59E9695C2B05}
		{89E876EC-B0A9-459F-B690-99F5997BC473} = {72547BF6-07F3-469E-BD29-59E9695C2B05}
		{2F83EE2F-C190-417E-8BFA-D206BFEAFB7A} = {72547BF6-07F3-469E-BD29-59E9695C2B05}
		{F6664C98-AE3A-4C7B-A53C-9C70B913AE41} = {649FB960-A302-4490-A8BB-F271E661BA88}
		{52FEE8B3-A528-4D58-88C0-A86B8224D23B} = {F6664C98-AE3A-4C7B-A53C-9C70B913AE41}
		{195E9171-CEC5-4B5E-8EA2-1BBEC075F013} = {F6664C98-AE3A-4C7B-A53C-9C70B913AE41}
		{5FED7AD9-4B0B-4423-AE37-E89E0AD29BB3} = {F6664C98-AE3A-4C7B-A53C-9C70B913AE41}
		{AD6C1169-F674-47A2-B23B-897D84EF7C9A} = {F6664C98-AE3A-4C7B-A53C-9C70B913AE41}
		{870174A0-B892-4571-AA2E-C96B6F884763} = {F6664C98-AE3A-4C7B-A53C-9C70B913AE41}
		{D72E6D9F-84E9-4104-A382-36B0A4B7BE47} = {F6664C98-AE3A-4C7B-A53C-9C70B913AE41}
		{69683DDF-9F33-4E5B-ADEF-7198E6DB6F75} = {228B8C31-B208-448C-89A6-F9F884C8A71E}
		{95060BDA-E143-4EBA-BF05-6B7B4FF86D4F} = {228B8C31-B208-448C-89A6-F9F884C8A71E}
		{029C4AA5-29C0-4D22-AA98-561FDA54D16E} = {228B8C31-B208-448C-89A6-F9F884C8A71E}
		{03F713B9-53FF-419B-8737-EEDA3C29899D} = {228B8C31-B208-448C-89A6-F9F884C8A71E}
		{331B361C-1531-4494-9ED7-A9A724FF81D1} = {228B8C31-B208-448C-89A6-F9F884C8A71E}
		{DFE4ACB2-3B54-43B1-B657-361D2895A457} = {228B8C31-B208-448C-89A6-F9F884C8A71E}
		{4DE4889A-586F-4DD8-908B-D90DDECFA06E} = {228B8C31-B208-448C-89A6-F9F884C8A71E}
		{4E7ED870-1A87-4040-BCF4-608FC6B82124} = {228B8C31-B208-448C-89A6-F9F884C8A71E}
		{29E756C5-1EF7-4FDA-A271-6C60656E2470} = {228B8C31-B208-448C-89A6-F9F884C8A71E}
		{A9F8357E-95D8-4317-B207-3C14E288A839} = {A34EF4B7-B10A-4DB3-A05A-17AB8859F521}
		{B2B2FCBE-D1A6-4DF8-BD68-65320A9A7982} = {A34EF4B7-B10A-4DB3-A05A-17AB8859F521}
		{DBDB0304-0289-42DB-BC63-FF86FEDD1352} = {A34EF4B7-B10A-4DB3-A05A-17AB8859F521}
		{27FD3A39-5304-450E-9331-B7EF2521AC47} = {A34EF4B7-B10A-4DB3-A05A-17AB8859F521}
		{4696C080-E0EB-421A-BE5D-ED441F35CC7B} = {A34EF4B7-B10A-4DB3-A05A-17AB8859F521}
		{EC77A96A-9307-44C0-B7E8-1C24D625A3CB} = {A34EF4B7-B10A-4DB3-A05A-17AB8859F521}
		{381ACDA5-3561-4435-A21B-34658D01ABF9} = {A34EF4B7-B10A-4DB3-A05A-17AB8859F521}
		{F29BDF7A-86C9-45AE-9422-C7125907311C} = {A34EF4B7-B10A-4DB3-A05A-17AB8859F521}
		{55591791-4F02-415A-8E89-5C3F58A35322} = {A34EF4B7-B10A-4DB3-A05A-17AB8859F521}
		{D6BD239F-87EA-496F-BE30-21716759F704} = {A34EF4B7-B10A-4DB3-A05A-17AB8859F521}
		{211FD03D-A53E-4F2B-AECA-EA69EA4E6954} = {A34EF4B7-B10A-4DB3-A05A-17AB8859F521}
		{4B6BF14E-7E83-4E0F-8DFC-E0DA365188AD} = {A34EF4B7-B10A-4DB3-A05A-17AB8859F521}
		{932E4148-ADF1-4579-9D74-358FA9C70247} = {A34EF4B7-B10A-4DB3-A05A-17AB8859F521}
		{030502AA-AACA-42B5-9D4B-6F561EF2D2E0} = {A34EF4B7-B10A-4DB3-A05A-17AB8859F521}
		{E6891B5A-7C5B-4656-BA2F-D711A1E7401C} = {A34EF4B7-B10A-4DB3-A05A-17AB8859F521}
		{E9F776E2-A6E7-4F96-9F4A-EAE7880FBBEC} = {A34EF4B7-B10A-4DB3-A05A-17AB8859F521}
		{722DF29A-9E80-4B63-82D0-E6FA94B04B68} = {A34EF4B7-B10A-4DB3-A05A-17AB8859F521}
		{DE6FF322-6961-478C-8123-E284C15F8105} = {40532C47-957A-4FD3-8C1C-A02C4791DB1C}
		{B8FCC538-78BE-4D3D-B1FB-4FB91F5DCBC5} = {40532C47-957A-4FD3-8C1C-A02C4791DB1C}
		{86751200-69C6-4C32-B040-15310A0850EA} = {40532C47-957A-4FD3-8C1C-A02C4791DB1C}
		{0FEEA3C6-6C16-408B-84B5-D2EA3C018499} = {40532C47-957A-4FD3-8C1C-A02C4791DB1C}
		{8BC66E1E-5A13-432F-957E-A86B2387D369} = {40532C47-957A-4FD3-8C1C-A02C4791DB1C}
		{6264ADAB-8FA3-4DAC-86E0-D2D8F96BEB53} = {40532C47-957A-4FD3-8C1C-A02C4791DB1C}
		{A2A07D62-C053-4FAB-8961-6CD5B3B15FF7} = {40532C47-957A-4FD3-8C1C-A02C4791DB1C}
		{22FBC7D0-3C5F-4DF8-AC50-8AE3DC77A4D8} = {40532C47-957A-4FD3-8C1C-A02C4791DB1C}
	EndGlobalSection
	GlobalSection(ExtensibilityGlobals) = postSolution
		SolutionGuid = {F47469F8-B73F-4063-B546-2AC7E9030294}
	EndGlobalSection
EndGlobal
