
Microsoft Visual Studio Solution File, Format Version 12.00
# Visual Studio Version 16
VisualStudioVersion = 16.0.31205.134
MinimumVisualStudioVersion = 10.0.40219.1
Project("{2150E333-8FDC-42A3-9474-1A3956D46DE8}") = "LevelUpToA", "LevelUpToA", "{6961296A-7CE9-450A-8697-8BF8611E71AF}"
EndProject
Project("{9A19103F-16F7-4668-BE54-9A1E7A4F7556}") = "getboardstatus001", "getboardstatus001\getboardstatus001.csproj", "{F0E08C72-52B9-454E-B7EA-0E29ED05FA8E}"
EndProject
Project("{2150E333-8FDC-42A3-9474-1A3956D46DE8}") = "mapjudgement", "mapjudgement", "{09167AC7-3057-4952-BCAB-642485353EAC}"
EndProject
Project("{9A19103F-16F7-4668-BE54-9A1E7A4F7556}") = "changeboardstatus001", "changeboardstatus001\changeboardstatus001.csproj", "{6ABA200F-AC7F-4E24-BE76-E67363F30D1B}"
EndProject
Project("{9A19103F-16F7-4668-BE54-9A1E7A4F7556}") = "mapjudgement_horizontal001", "mapjudgement_horizontal001\mapjudgement_horizontal001.csproj", "{DDB2E003-DC6F-47A4-8D89-30A3D1E3EE8B}"
EndProject
Project("{9A19103F-16F7-4668-BE54-9A1E7A4F7556}") = "mapjudgement_vertical001", "mapjudgement_vertical001\mapjudgement_vertical001.csproj", "{0611C32F-A4A0-4967-92E7-5D5BCDA9A39A}"
EndProject
Project("{9A19103F-16F7-4668-BE54-9A1E7A4F7556}") = "mapjudgement_all001", "mapjudgement_all001\mapjudgement_all001.csproj", "{47650223-C137-45CE-B762-D7C764673E95}"
EndProject
Project("{2150E333-8FDC-42A3-9474-1A3956D46DE8}") = "orientedmovement", "orientedmovement", "{D7BC0EB1-C104-4FBC-B31F-1F65D67D0815}"
EndProject
Project("{9A19103F-16F7-4668-BE54-9A1E7A4F7556}") = "getcoordinatefrommap001", "getcoordinatefrommap001\getcoordinatefrommap001.csproj", "{152851B0-4C0B-4B84-9E4C-0B6B655052A5}"
EndProject
Project("{9A19103F-16F7-4668-BE54-9A1E7A4F7556}") = "movementanddirection001", "movementanddirection001\movementanddirection001.csproj", "{E3B2526E-5133-47F4-8BCE-3101B2F8A6C7}"
EndProject
Project("{9A19103F-16F7-4668-BE54-9A1E7A4F7556}") = "movementandorientation001", "movementandorientation001\movementandorientation001.csproj", "{8BEBE8E5-C9A5-4100-A601-1F9F91CABC61}"
EndProject
Project("{9A19103F-16F7-4668-BE54-9A1E7A4F7556}") = "regularmovement001", "regularmovement001\regularmovement001.csproj", "{AE3A6C38-21EB-40B1-9940-C1ED581FA634}"
EndProject
Project("{9A19103F-16F7-4668-BE54-9A1E7A4F7556}") = "orientedmovement001", "orientedmovement001\orientedmovement001.csproj", "{D4BBC26E-7930-4A2C-A894-77776FE26CA6}"
EndProject
Project("{2150E333-8FDC-42A3-9474-1A3956D46DE8}") = "snake", "snake", "{26989194-26FB-4FE7-B5B4-74A401D6FE7A}"
EndProject
Project("{9A19103F-16F7-4668-BE54-9A1E7A4F7556}") = "directionofmovement001", "directionofmovement001\directionofmovement001.csproj", "{D0197EA0-00D4-4612-BA93-7F8E533ACCB9}"
EndProject
Project("{9A19103F-16F7-4668-BE54-9A1E7A4F7556}") = "directionofmovement002", "directionofmovement002\directionofmovement002.csproj", "{59241892-2C90-43C0-A964-4B0004877A02}"
EndProject
Project("{9A19103F-16F7-4668-BE54-9A1E7A4F7556}") = "movemultipletimes001", "movemultipletimes001\movemultipletimes001.csproj", "{8069700F-2DDB-4ADD-AAD1-E2000C178A86}"
EndProject
Project("{9A19103F-16F7-4668-BE54-9A1E7A4F7556}") = "widemovement001", "widemovement001\widemovement001.csproj", "{5D19C3AA-57CF-4DE0-914A-2CEC0D54AB47}"
EndProject
Project("{9A19103F-16F7-4668-BE54-9A1E7A4F7556}") = "widemovement002", "widemovement002\widemovement002.csproj", "{DD6AF1A9-5206-4692-91DD-4CECBC846561}"
EndProject
Project("{9A19103F-16F7-4668-BE54-9A1E7A4F7556}") = "movementwithtime001", "movementwithtime001\movementwithtime001.csproj", "{FC9C188C-B63F-45BA-81A6-78EFCA89B8F1}"
EndProject
Project("{9A19103F-16F7-4668-BE54-9A1E7A4F7556}") = "movewithtime002", "movewithtime002\movewithtime002.csproj", "{25E085F9-E4A6-4F1A-ABBF-1778E4D9356D}"
EndProject
Project("{2150E333-8FDC-42A3-9474-1A3956D46DE8}") = "campinggame", "campinggame", "{56A287EB-F9C6-453F-B606-93C8E2A7EA53}"
EndProject
Project("{2150E333-8FDC-42A3-9474-1A3956D46DE8}") = "SkillCheck", "SkillCheck", "{79A3C411-BB0E-4F03-9F8F-02CB4271813F}"
EndProject
Project("{9A19103F-16F7-4668-BE54-9A1E7A4F7556}") = "multiplication001", "multiplication001\multiplication001.csproj", "{3EAE9D31-2F77-4C93-8D02-D7E875652339}"
EndProject
Project("{9A19103F-16F7-4668-BE54-9A1E7A4F7556}") = "addition001", "addition001\addition001.csproj", "{B3724499-2FEC-4C9E-94E7-CC003F731C6C}"
EndProject
Project("{9A19103F-16F7-4668-BE54-9A1E7A4F7556}") = "minimumnumber001", "minimumnumber001\minimumnumber001.csproj", "{3FC3463B-571C-443F-8608-FC1A371AE3AE}"
EndProject
Project("{9A19103F-16F7-4668-BE54-9A1E7A4F7556}") = "matchletters001", "matchletters001\matchletters001.csproj", "{5C7FA784-0ADA-4D9B-8A15-9BC54D726DBA}"
EndProject
Project("{9A19103F-16F7-4668-BE54-9A1E7A4F7556}") = "fizzbuzz001", "fizzbuzz001\fizzbuzz001.csproj", "{D1A7968D-B091-4C6A-B60D-C648ECB76586}"
EndProject
Project("{9A19103F-16F7-4668-BE54-9A1E7A4F7556}") = "longtableeelshop001", "longtableeelshop001\longtableeelshop001.csproj", "{32C17850-4FFC-4DCF-8667-D1B0ECBB1F57}"
EndProject
Project("{9A19103F-16F7-4668-BE54-9A1E7A4F7556}") = "rockpaperscissors001", "rockpaperscissors001\rockpaperscissors001.csproj", "{537A00B3-C76A-483E-9090-AA758393BC74}"
EndProject
Project("{9A19103F-16F7-4668-BE54-9A1E7A4F7556}") = "11masscamp001", "11masscamp001\11masscamp001.csproj", "{E058AA7C-4956-405F-9397-70CFC1590A91}"
EndProject
Project("{9A19103F-16F7-4668-BE54-9A1E7A4F7556}") = "1masscamp002", "1masscamp002\1masscamp002.csproj", "{1629F5AB-5A1E-491D-A3E8-693768CC077B}"
EndProject
Project("{9A19103F-16F7-4668-BE54-9A1E7A4F7556}") = "endigingofcamp001", "endigingofcamp001\endigingofcamp001.csproj", "{C2188262-56FC-4483-8B6A-5382724C3610}"
EndProject
Project("{9A19103F-16F7-4668-BE54-9A1E7A4F7556}") = "effortofcamp001", "effortofcamp001\effortofcamp001.csproj", "{4789114F-C485-476F-A1E7-1DAF8F6CF9E4}"
EndProject
Project("{9A19103F-16F7-4668-BE54-9A1E7A4F7556}") = "numberofcampturns001", "numberofcampturns001\numberofcampturns001.csproj", "{8642D0B2-7212-4C86-A79A-607835AE8D75}"
EndProject
Project("{2150E333-8FDC-42A3-9474-1A3956D46DE8}") = "SkillCheckPQ", "SkillCheckPQ", "{9AA95928-E3F1-4676-A48F-A3F4D7913E5D}"
EndProject
Project("{9A19103F-16F7-4668-BE54-9A1E7A4F7556}") = "wordcount001", "wordcount001\wordcount001.csproj", "{272B367E-DA3B-485E-A8D0-D8C4D4704C76}"
EndProject
Project("{9A19103F-16F7-4668-BE54-9A1E7A4F7556}") = "searchhistory001", "searchhistory001\searchhistory001.csproj", "{2F21634A-3460-4A00-9A86-4661479557DE}"
EndProject
Project("{9A19103F-16F7-4668-BE54-9A1E7A4F7556}") = "lottery001", "lottery001\lottery001.csproj", "{31778A4B-47CE-4428-8D02-2F52D4D8EDEE}"
EndProject
Project("{9A19103F-16F7-4668-BE54-9A1E7A4F7556}") = "baseballumpire001", "baseballumpire001\baseballumpire001.csproj", "{CD868DC5-3389-403B-BE80-A0E4F80429A6}"
EndProject
Project("{9A19103F-16F7-4668-BE54-9A1E7A4F7556}") = "maxaveragenumberdv001", "maxaveragenumberdv001\maxaveragenumberdv001.csproj", "{BD569AF8-9F30-4219-B865-070ABEF1F19F}"
EndProject
Project("{9A19103F-16F7-4668-BE54-9A1E7A4F7556}") = "shiritori001", "shiritori001\shiritori001.csproj", "{1A954585-C9BB-45DA-BA44-35C410DA11FC}"
EndProject
Project("{9A19103F-16F7-4668-BE54-9A1E7A4F7556}") = "matchinggame001", "matchinggame001\matchinggame001.csproj", "{1B62DC14-AB6E-469C-87E6-33E508E624FA}"
EndProject
Project("{2150E333-8FDC-42A3-9474-1A3956D46DE8}") = "Sort", "Sort", "{B3715BDA-8786-4EB6-BD6D-031FB0AED7AD}"
EndProject
Project("{9A19103F-16F7-4668-BE54-9A1E7A4F7556}") = "InsertSort001", "InsertSort001\InsertSort001.csproj", "{E383DBC5-465B-4DE5-AAF7-29FBF7F8B42E}"
EndProject
Project("{2150E333-8FDC-42A3-9474-1A3956D46DE8}") = "Others", "Others", "{7159B02E-2050-40EC-9F1E-E68486AFFC68}"
EndProject
Project("{9A19103F-16F7-4668-BE54-9A1E7A4F7556}") = "selfintroduction001", "selfintroduction001\selfintroduction001.csproj", "{F9EE28EB-BDEB-4AFC-91EE-FC187A4400A8}"
EndProject
Project("{9A19103F-16F7-4668-BE54-9A1E7A4F7556}") = "numbersort001", "numbersort001\numbersort001.csproj", "{E31EDAE0-D1AB-4BA7-B0EA-63C1B0DA9C9E}"
EndProject
Project("{FAE04EC0-301F-11D3-BF4B-00C04F79EFBC}") = "iforternaryoperator001", "iforternaryoperator001\iforternaryoperator001.csproj", "{6BBC5107-F510-4C59-B557-23183CEED782}"
EndProject
Global
	GlobalSection(SolutionConfigurationPlatforms) = preSolution
		Debug|Any CPU = Debug|Any CPU
		Release|Any CPU = Release|Any CPU
	EndGlobalSection
	GlobalSection(ProjectConfigurationPlatforms) = postSolution
		{F0E08C72-52B9-454E-B7EA-0E29ED05FA8E}.Debug|Any CPU.ActiveCfg = Debug|Any CPU
		{F0E08C72-52B9-454E-B7EA-0E29ED05FA8E}.Debug|Any CPU.Build.0 = Debug|Any CPU
		{F0E08C72-52B9-454E-B7EA-0E29ED05FA8E}.Release|Any CPU.ActiveCfg = Release|Any CPU
		{F0E08C72-52B9-454E-B7EA-0E29ED05FA8E}.Release|Any CPU.Build.0 = Release|Any CPU
		{6ABA200F-AC7F-4E24-BE76-E67363F30D1B}.Debug|Any CPU.ActiveCfg = Debug|Any CPU
		{6ABA200F-AC7F-4E24-BE76-E67363F30D1B}.Debug|Any CPU.Build.0 = Debug|Any CPU
		{6ABA200F-AC7F-4E24-BE76-E67363F30D1B}.Release|Any CPU.ActiveCfg = Release|Any CPU
		{6ABA200F-AC7F-4E24-BE76-E67363F30D1B}.Release|Any CPU.Build.0 = Release|Any CPU
		{DDB2E003-DC6F-47A4-8D89-30A3D1E3EE8B}.Debug|Any CPU.ActiveCfg = Debug|Any CPU
		{DDB2E003-DC6F-47A4-8D89-30A3D1E3EE8B}.Debug|Any CPU.Build.0 = Debug|Any CPU
		{DDB2E003-DC6F-47A4-8D89-30A3D1E3EE8B}.Release|Any CPU.ActiveCfg = Release|Any CPU
		{DDB2E003-DC6F-47A4-8D89-30A3D1E3EE8B}.Release|Any CPU.Build.0 = Release|Any CPU
		{0611C32F-A4A0-4967-92E7-5D5BCDA9A39A}.Debug|Any CPU.ActiveCfg = Debug|Any CPU
		{0611C32F-A4A0-4967-92E7-5D5BCDA9A39A}.Debug|Any CPU.Build.0 = Debug|Any CPU
		{0611C32F-A4A0-4967-92E7-5D5BCDA9A39A}.Release|Any CPU.ActiveCfg = Release|Any CPU
		{0611C32F-A4A0-4967-92E7-5D5BCDA9A39A}.Release|Any CPU.Build.0 = Release|Any CPU
		{47650223-C137-45CE-B762-D7C764673E95}.Debug|Any CPU.ActiveCfg = Debug|Any CPU
		{47650223-C137-45CE-B762-D7C764673E95}.Debug|Any CPU.Build.0 = Debug|Any CPU
		{47650223-C137-45CE-B762-D7C764673E95}.Release|Any CPU.ActiveCfg = Release|Any CPU
		{47650223-C137-45CE-B762-D7C764673E95}.Release|Any CPU.Build.0 = Release|Any CPU
		{152851B0-4C0B-4B84-9E4C-0B6B655052A5}.Debug|Any CPU.ActiveCfg = Debug|Any CPU
		{152851B0-4C0B-4B84-9E4C-0B6B655052A5}.Debug|Any CPU.Build.0 = Debug|Any CPU
		{152851B0-4C0B-4B84-9E4C-0B6B655052A5}.Release|Any CPU.ActiveCfg = Release|Any CPU
		{152851B0-4C0B-4B84-9E4C-0B6B655052A5}.Release|Any CPU.Build.0 = Release|Any CPU
		{E3B2526E-5133-47F4-8BCE-3101B2F8A6C7}.Debug|Any CPU.ActiveCfg = Debug|Any CPU
		{E3B2526E-5133-47F4-8BCE-3101B2F8A6C7}.Debug|Any CPU.Build.0 = Debug|Any CPU
		{E3B2526E-5133-47F4-8BCE-3101B2F8A6C7}.Release|Any CPU.ActiveCfg = Release|Any CPU
		{E3B2526E-5133-47F4-8BCE-3101B2F8A6C7}.Release|Any CPU.Build.0 = Release|Any CPU
		{8BEBE8E5-C9A5-4100-A601-1F9F91CABC61}.Debug|Any CPU.ActiveCfg = Debug|Any CPU
		{8BEBE8E5-C9A5-4100-A601-1F9F91CABC61}.Debug|Any CPU.Build.0 = Debug|Any CPU
		{8BEBE8E5-C9A5-4100-A601-1F9F91CABC61}.Release|Any CPU.ActiveCfg = Release|Any CPU
		{8BEBE8E5-C9A5-4100-A601-1F9F91CABC61}.Release|Any CPU.Build.0 = Release|Any CPU
		{AE3A6C38-21EB-40B1-9940-C1ED581FA634}.Debug|Any CPU.ActiveCfg = Debug|Any CPU
		{AE3A6C38-21EB-40B1-9940-C1ED581FA634}.Debug|Any CPU.Build.0 = Debug|Any CPU
		{AE3A6C38-21EB-40B1-9940-C1ED581FA634}.Release|Any CPU.ActiveCfg = Release|Any CPU
		{AE3A6C38-21EB-40B1-9940-C1ED581FA634}.Release|Any CPU.Build.0 = Release|Any CPU
		{D4BBC26E-7930-4A2C-A894-77776FE26CA6}.Debug|Any CPU.ActiveCfg = Debug|Any CPU
		{D4BBC26E-7930-4A2C-A894-77776FE26CA6}.Debug|Any CPU.Build.0 = Debug|Any CPU
		{D4BBC26E-7930-4A2C-A894-77776FE26CA6}.Release|Any CPU.ActiveCfg = Release|Any CPU
		{D4BBC26E-7930-4A2C-A894-77776FE26CA6}.Release|Any CPU.Build.0 = Release|Any CPU
		{D0197EA0-00D4-4612-BA93-7F8E533ACCB9}.Debug|Any CPU.ActiveCfg = Debug|Any CPU
		{D0197EA0-00D4-4612-BA93-7F8E533ACCB9}.Debug|Any CPU.Build.0 = Debug|Any CPU
		{D0197EA0-00D4-4612-BA93-7F8E533ACCB9}.Release|Any CPU.ActiveCfg = Release|Any CPU
		{D0197EA0-00D4-4612-BA93-7F8E533ACCB9}.Release|Any CPU.Build.0 = Release|Any CPU
		{59241892-2C90-43C0-A964-4B0004877A02}.Debug|Any CPU.ActiveCfg = Debug|Any CPU
		{59241892-2C90-43C0-A964-4B0004877A02}.Debug|Any CPU.Build.0 = Debug|Any CPU
		{59241892-2C90-43C0-A964-4B0004877A02}.Release|Any CPU.ActiveCfg = Release|Any CPU
		{59241892-2C90-43C0-A964-4B0004877A02}.Release|Any CPU.Build.0 = Release|Any CPU
		{8069700F-2DDB-4ADD-AAD1-E2000C178A86}.Debug|Any CPU.ActiveCfg = Debug|Any CPU
		{8069700F-2DDB-4ADD-AAD1-E2000C178A86}.Debug|Any CPU.Build.0 = Debug|Any CPU
		{8069700F-2DDB-4ADD-AAD1-E2000C178A86}.Release|Any CPU.ActiveCfg = Release|Any CPU
		{8069700F-2DDB-4ADD-AAD1-E2000C178A86}.Release|Any CPU.Build.0 = Release|Any CPU
		{5D19C3AA-57CF-4DE0-914A-2CEC0D54AB47}.Debug|Any CPU.ActiveCfg = Debug|Any CPU
		{5D19C3AA-57CF-4DE0-914A-2CEC0D54AB47}.Debug|Any CPU.Build.0 = Debug|Any CPU
		{5D19C3AA-57CF-4DE0-914A-2CEC0D54AB47}.Release|Any CPU.ActiveCfg = Release|Any CPU
		{5D19C3AA-57CF-4DE0-914A-2CEC0D54AB47}.Release|Any CPU.Build.0 = Release|Any CPU
		{DD6AF1A9-5206-4692-91DD-4CECBC846561}.Debug|Any CPU.ActiveCfg = Debug|Any CPU
		{DD6AF1A9-5206-4692-91DD-4CECBC846561}.Debug|Any CPU.Build.0 = Debug|Any CPU
		{DD6AF1A9-5206-4692-91DD-4CECBC846561}.Release|Any CPU.ActiveCfg = Release|Any CPU
		{DD6AF1A9-5206-4692-91DD-4CECBC846561}.Release|Any CPU.Build.0 = Release|Any CPU
		{FC9C188C-B63F-45BA-81A6-78EFCA89B8F1}.Debug|Any CPU.ActiveCfg = Debug|Any CPU
		{FC9C188C-B63F-45BA-81A6-78EFCA89B8F1}.Debug|Any CPU.Build.0 = Debug|Any CPU
		{FC9C188C-B63F-45BA-81A6-78EFCA89B8F1}.Release|Any CPU.ActiveCfg = Release|Any CPU
		{FC9C188C-B63F-45BA-81A6-78EFCA89B8F1}.Release|Any CPU.Build.0 = Release|Any CPU
		{25E085F9-E4A6-4F1A-ABBF-1778E4D9356D}.Debug|Any CPU.ActiveCfg = Debug|Any CPU
		{25E085F9-E4A6-4F1A-ABBF-1778E4D9356D}.Debug|Any CPU.Build.0 = Debug|Any CPU
		{25E085F9-E4A6-4F1A-ABBF-1778E4D9356D}.Release|Any CPU.ActiveCfg = Release|Any CPU
		{25E085F9-E4A6-4F1A-ABBF-1778E4D9356D}.Release|Any CPU.Build.0 = Release|Any CPU
		{3EAE9D31-2F77-4C93-8D02-D7E875652339}.Debug|Any CPU.ActiveCfg = Debug|Any CPU
		{3EAE9D31-2F77-4C93-8D02-D7E875652339}.Debug|Any CPU.Build.0 = Debug|Any CPU
		{3EAE9D31-2F77-4C93-8D02-D7E875652339}.Release|Any CPU.ActiveCfg = Release|Any CPU
		{3EAE9D31-2F77-4C93-8D02-D7E875652339}.Release|Any CPU.Build.0 = Release|Any CPU
		{B3724499-2FEC-4C9E-94E7-CC003F731C6C}.Debug|Any CPU.ActiveCfg = Debug|Any CPU
		{B3724499-2FEC-4C9E-94E7-CC003F731C6C}.Debug|Any CPU.Build.0 = Debug|Any CPU
		{B3724499-2FEC-4C9E-94E7-CC003F731C6C}.Release|Any CPU.ActiveCfg = Release|Any CPU
		{B3724499-2FEC-4C9E-94E7-CC003F731C6C}.Release|Any CPU.Build.0 = Release|Any CPU
		{3FC3463B-571C-443F-8608-FC1A371AE3AE}.Debug|Any CPU.ActiveCfg = Debug|Any CPU
		{3FC3463B-571C-443F-8608-FC1A371AE3AE}.Debug|Any CPU.Build.0 = Debug|Any CPU
		{3FC3463B-571C-443F-8608-FC1A371AE3AE}.Release|Any CPU.ActiveCfg = Release|Any CPU
		{3FC3463B-571C-443F-8608-FC1A371AE3AE}.Release|Any CPU.Build.0 = Release|Any CPU
		{5C7FA784-0ADA-4D9B-8A15-9BC54D726DBA}.Debug|Any CPU.ActiveCfg = Debug|Any CPU
		{5C7FA784-0ADA-4D9B-8A15-9BC54D726DBA}.Debug|Any CPU.Build.0 = Debug|Any CPU
		{5C7FA784-0ADA-4D9B-8A15-9BC54D726DBA}.Release|Any CPU.ActiveCfg = Release|Any CPU
		{5C7FA784-0ADA-4D9B-8A15-9BC54D726DBA}.Release|Any CPU.Build.0 = Release|Any CPU
		{D1A7968D-B091-4C6A-B60D-C648ECB76586}.Debug|Any CPU.ActiveCfg = Debug|Any CPU
		{D1A7968D-B091-4C6A-B60D-C648ECB76586}.Debug|Any CPU.Build.0 = Debug|Any CPU
		{D1A7968D-B091-4C6A-B60D-C648ECB76586}.Release|Any CPU.ActiveCfg = Release|Any CPU
		{D1A7968D-B091-4C6A-B60D-C648ECB76586}.Release|Any CPU.Build.0 = Release|Any CPU
		{32C17850-4FFC-4DCF-8667-D1B0ECBB1F57}.Debug|Any CPU.ActiveCfg = Debug|Any CPU
		{32C17850-4FFC-4DCF-8667-D1B0ECBB1F57}.Debug|Any CPU.Build.0 = Debug|Any CPU
		{32C17850-4FFC-4DCF-8667-D1B0ECBB1F57}.Release|Any CPU.ActiveCfg = Release|Any CPU
		{32C17850-4FFC-4DCF-8667-D1B0ECBB1F57}.Release|Any CPU.Build.0 = Release|Any CPU
		{537A00B3-C76A-483E-9090-AA758393BC74}.Debug|Any CPU.ActiveCfg = Debug|Any CPU
		{537A00B3-C76A-483E-9090-AA758393BC74}.Debug|Any CPU.Build.0 = Debug|Any CPU
		{537A00B3-C76A-483E-9090-AA758393BC74}.Release|Any CPU.ActiveCfg = Release|Any CPU
		{537A00B3-C76A-483E-9090-AA758393BC74}.Release|Any CPU.Build.0 = Release|Any CPU
		{E058AA7C-4956-405F-9397-70CFC1590A91}.Debug|Any CPU.ActiveCfg = Debug|Any CPU
		{E058AA7C-4956-405F-9397-70CFC1590A91}.Debug|Any CPU.Build.0 = Debug|Any CPU
		{E058AA7C-4956-405F-9397-70CFC1590A91}.Release|Any CPU.ActiveCfg = Release|Any CPU
		{E058AA7C-4956-405F-9397-70CFC1590A91}.Release|Any CPU.Build.0 = Release|Any CPU
		{1629F5AB-5A1E-491D-A3E8-693768CC077B}.Debug|Any CPU.ActiveCfg = Debug|Any CPU
		{1629F5AB-5A1E-491D-A3E8-693768CC077B}.Debug|Any CPU.Build.0 = Debug|Any CPU
		{1629F5AB-5A1E-491D-A3E8-693768CC077B}.Release|Any CPU.ActiveCfg = Release|Any CPU
		{1629F5AB-5A1E-491D-A3E8-693768CC077B}.Release|Any CPU.Build.0 = Release|Any CPU
		{C2188262-56FC-4483-8B6A-5382724C3610}.Debug|Any CPU.ActiveCfg = Debug|Any CPU
		{C2188262-56FC-4483-8B6A-5382724C3610}.Debug|Any CPU.Build.0 = Debug|Any CPU
		{C2188262-56FC-4483-8B6A-5382724C3610}.Release|Any CPU.ActiveCfg = Release|Any CPU
		{C2188262-56FC-4483-8B6A-5382724C3610}.Release|Any CPU.Build.0 = Release|Any CPU
		{4789114F-C485-476F-A1E7-1DAF8F6CF9E4}.Debug|Any CPU.ActiveCfg = Debug|Any CPU
		{4789114F-C485-476F-A1E7-1DAF8F6CF9E4}.Debug|Any CPU.Build.0 = Debug|Any CPU
		{4789114F-C485-476F-A1E7-1DAF8F6CF9E4}.Release|Any CPU.ActiveCfg = Release|Any CPU
		{4789114F-C485-476F-A1E7-1DAF8F6CF9E4}.Release|Any CPU.Build.0 = Release|Any CPU
		{8642D0B2-7212-4C86-A79A-607835AE8D75}.Debug|Any CPU.ActiveCfg = Debug|Any CPU
		{8642D0B2-7212-4C86-A79A-607835AE8D75}.Debug|Any CPU.Build.0 = Debug|Any CPU
		{8642D0B2-7212-4C86-A79A-607835AE8D75}.Release|Any CPU.ActiveCfg = Release|Any CPU
		{8642D0B2-7212-4C86-A79A-607835AE8D75}.Release|Any CPU.Build.0 = Release|Any CPU
		{272B367E-DA3B-485E-A8D0-D8C4D4704C76}.Debug|Any CPU.ActiveCfg = Debug|Any CPU
		{272B367E-DA3B-485E-A8D0-D8C4D4704C76}.Debug|Any CPU.Build.0 = Debug|Any CPU
		{272B367E-DA3B-485E-A8D0-D8C4D4704C76}.Release|Any CPU.ActiveCfg = Release|Any CPU
		{272B367E-DA3B-485E-A8D0-D8C4D4704C76}.Release|Any CPU.Build.0 = Release|Any CPU
		{2F21634A-3460-4A00-9A86-4661479557DE}.Debug|Any CPU.ActiveCfg = Debug|Any CPU
		{2F21634A-3460-4A00-9A86-4661479557DE}.Debug|Any CPU.Build.0 = Debug|Any CPU
		{2F21634A-3460-4A00-9A86-4661479557DE}.Release|Any CPU.ActiveCfg = Release|Any CPU
		{2F21634A-3460-4A00-9A86-4661479557DE}.Release|Any CPU.Build.0 = Release|Any CPU
		{31778A4B-47CE-4428-8D02-2F52D4D8EDEE}.Debug|Any CPU.ActiveCfg = Debug|Any CPU
		{31778A4B-47CE-4428-8D02-2F52D4D8EDEE}.Debug|Any CPU.Build.0 = Debug|Any CPU
		{31778A4B-47CE-4428-8D02-2F52D4D8EDEE}.Release|Any CPU.ActiveCfg = Release|Any CPU
		{31778A4B-47CE-4428-8D02-2F52D4D8EDEE}.Release|Any CPU.Build.0 = Release|Any CPU
		{CD868DC5-3389-403B-BE80-A0E4F80429A6}.Debug|Any CPU.ActiveCfg = Debug|Any CPU
		{CD868DC5-3389-403B-BE80-A0E4F80429A6}.Debug|Any CPU.Build.0 = Debug|Any CPU
		{CD868DC5-3389-403B-BE80-A0E4F80429A6}.Release|Any CPU.ActiveCfg = Release|Any CPU
		{CD868DC5-3389-403B-BE80-A0E4F80429A6}.Release|Any CPU.Build.0 = Release|Any CPU
		{BD569AF8-9F30-4219-B865-070ABEF1F19F}.Debug|Any CPU.ActiveCfg = Debug|Any CPU
		{BD569AF8-9F30-4219-B865-070ABEF1F19F}.Debug|Any CPU.Build.0 = Debug|Any CPU
		{BD569AF8-9F30-4219-B865-070ABEF1F19F}.Release|Any CPU.ActiveCfg = Release|Any CPU
		{BD569AF8-9F30-4219-B865-070ABEF1F19F}.Release|Any CPU.Build.0 = Release|Any CPU
		{1A954585-C9BB-45DA-BA44-35C410DA11FC}.Debug|Any CPU.ActiveCfg = Debug|Any CPU
		{1A954585-C9BB-45DA-BA44-35C410DA11FC}.Debug|Any CPU.Build.0 = Debug|Any CPU
		{1A954585-C9BB-45DA-BA44-35C410DA11FC}.Release|Any CPU.ActiveCfg = Release|Any CPU
		{1A954585-C9BB-45DA-BA44-35C410DA11FC}.Release|Any CPU.Build.0 = Release|Any CPU
		{1B62DC14-AB6E-469C-87E6-33E508E624FA}.Debug|Any CPU.ActiveCfg = Debug|Any CPU
		{1B62DC14-AB6E-469C-87E6-33E508E624FA}.Debug|Any CPU.Build.0 = Debug|Any CPU
		{1B62DC14-AB6E-469C-87E6-33E508E624FA}.Release|Any CPU.ActiveCfg = Release|Any CPU
		{1B62DC14-AB6E-469C-87E6-33E508E624FA}.Release|Any CPU.Build.0 = Release|Any CPU
		{E383DBC5-465B-4DE5-AAF7-29FBF7F8B42E}.Debug|Any CPU.ActiveCfg = Debug|Any CPU
		{E383DBC5-465B-4DE5-AAF7-29FBF7F8B42E}.Debug|Any CPU.Build.0 = Debug|Any CPU
		{E383DBC5-465B-4DE5-AAF7-29FBF7F8B42E}.Release|Any CPU.ActiveCfg = Release|Any CPU
		{E383DBC5-465B-4DE5-AAF7-29FBF7F8B42E}.Release|Any CPU.Build.0 = Release|Any CPU
		{F9EE28EB-BDEB-4AFC-91EE-FC187A4400A8}.Debug|Any CPU.ActiveCfg = Debug|Any CPU
		{F9EE28EB-BDEB-4AFC-91EE-FC187A4400A8}.Debug|Any CPU.Build.0 = Debug|Any CPU
		{F9EE28EB-BDEB-4AFC-91EE-FC187A4400A8}.Release|Any CPU.ActiveCfg = Release|Any CPU
		{F9EE28EB-BDEB-4AFC-91EE-FC187A4400A8}.Release|Any CPU.Build.0 = Release|Any CPU
		{E31EDAE0-D1AB-4BA7-B0EA-63C1B0DA9C9E}.Debug|Any CPU.ActiveCfg = Debug|Any CPU
		{E31EDAE0-D1AB-4BA7-B0EA-63C1B0DA9C9E}.Debug|Any CPU.Build.0 = Debug|Any CPU
		{E31EDAE0-D1AB-4BA7-B0EA-63C1B0DA9C9E}.Release|Any CPU.ActiveCfg = Release|Any CPU
		{E31EDAE0-D1AB-4BA7-B0EA-63C1B0DA9C9E}.Release|Any CPU.Build.0 = Release|Any CPU
		{6BBC5107-F510-4C59-B557-23183CEED782}.Debug|Any CPU.ActiveCfg = Debug|Any CPU
		{6BBC5107-F510-4C59-B557-23183CEED782}.Debug|Any CPU.Build.0 = Debug|Any CPU
		{6BBC5107-F510-4C59-B557-23183CEED782}.Release|Any CPU.ActiveCfg = Release|Any CPU
		{6BBC5107-F510-4C59-B557-23183CEED782}.Release|Any CPU.Build.0 = Release|Any CPU
	EndGlobalSection
	GlobalSection(SolutionProperties) = preSolution
		HideSolutionNode = FALSE
	EndGlobalSection
	GlobalSection(NestedProjects) = preSolution
		{F0E08C72-52B9-454E-B7EA-0E29ED05FA8E} = {09167AC7-3057-4952-BCAB-642485353EAC}
		{09167AC7-3057-4952-BCAB-642485353EAC} = {6961296A-7CE9-450A-8697-8BF8611E71AF}
		{6ABA200F-AC7F-4E24-BE76-E67363F30D1B} = {09167AC7-3057-4952-BCAB-642485353EAC}
		{DDB2E003-DC6F-47A4-8D89-30A3D1E3EE8B} = {09167AC7-3057-4952-BCAB-642485353EAC}
		{0611C32F-A4A0-4967-92E7-5D5BCDA9A39A} = {09167AC7-3057-4952-BCAB-642485353EAC}
		{47650223-C137-45CE-B762-D7C764673E95} = {09167AC7-3057-4952-BCAB-642485353EAC}
		{D7BC0EB1-C104-4FBC-B31F-1F65D67D0815} = {6961296A-7CE9-450A-8697-8BF8611E71AF}
		{152851B0-4C0B-4B84-9E4C-0B6B655052A5} = {D7BC0EB1-C104-4FBC-B31F-1F65D67D0815}
		{E3B2526E-5133-47F4-8BCE-3101B2F8A6C7} = {D7BC0EB1-C104-4FBC-B31F-1F65D67D0815}
		{8BEBE8E5-C9A5-4100-A601-1F9F91CABC61} = {D7BC0EB1-C104-4FBC-B31F-1F65D67D0815}
		{AE3A6C38-21EB-40B1-9940-C1ED581FA634} = {D7BC0EB1-C104-4FBC-B31F-1F65D67D0815}
		{D4BBC26E-7930-4A2C-A894-77776FE26CA6} = {D7BC0EB1-C104-4FBC-B31F-1F65D67D0815}
		{26989194-26FB-4FE7-B5B4-74A401D6FE7A} = {6961296A-7CE9-450A-8697-8BF8611E71AF}
		{D0197EA0-00D4-4612-BA93-7F8E533ACCB9} = {26989194-26FB-4FE7-B5B4-74A401D6FE7A}
		{59241892-2C90-43C0-A964-4B0004877A02} = {26989194-26FB-4FE7-B5B4-74A401D6FE7A}
		{8069700F-2DDB-4ADD-AAD1-E2000C178A86} = {26989194-26FB-4FE7-B5B4-74A401D6FE7A}
		{5D19C3AA-57CF-4DE0-914A-2CEC0D54AB47} = {26989194-26FB-4FE7-B5B4-74A401D6FE7A}
		{DD6AF1A9-5206-4692-91DD-4CECBC846561} = {26989194-26FB-4FE7-B5B4-74A401D6FE7A}
		{FC9C188C-B63F-45BA-81A6-78EFCA89B8F1} = {26989194-26FB-4FE7-B5B4-74A401D6FE7A}
		{25E085F9-E4A6-4F1A-ABBF-1778E4D9356D} = {26989194-26FB-4FE7-B5B4-74A401D6FE7A}
		{56A287EB-F9C6-453F-B606-93C8E2A7EA53} = {6961296A-7CE9-450A-8697-8BF8611E71AF}
		{3EAE9D31-2F77-4C93-8D02-D7E875652339} = {79A3C411-BB0E-4F03-9F8F-02CB4271813F}
		{B3724499-2FEC-4C9E-94E7-CC003F731C6C} = {79A3C411-BB0E-4F03-9F8F-02CB4271813F}
		{3FC3463B-571C-443F-8608-FC1A371AE3AE} = {79A3C411-BB0E-4F03-9F8F-02CB4271813F}
		{5C7FA784-0ADA-4D9B-8A15-9BC54D726DBA} = {79A3C411-BB0E-4F03-9F8F-02CB4271813F}
		{D1A7968D-B091-4C6A-B60D-C648ECB76586} = {79A3C411-BB0E-4F03-9F8F-02CB4271813F}
		{32C17850-4FFC-4DCF-8667-D1B0ECBB1F57} = {79A3C411-BB0E-4F03-9F8F-02CB4271813F}
		{537A00B3-C76A-483E-9090-AA758393BC74} = {79A3C411-BB0E-4F03-9F8F-02CB4271813F}
		{E058AA7C-4956-405F-9397-70CFC1590A91} = {56A287EB-F9C6-453F-B606-93C8E2A7EA53}
		{1629F5AB-5A1E-491D-A3E8-693768CC077B} = {56A287EB-F9C6-453F-B606-93C8E2A7EA53}
		{C2188262-56FC-4483-8B6A-5382724C3610} = {56A287EB-F9C6-453F-B606-93C8E2A7EA53}
		{4789114F-C485-476F-A1E7-1DAF8F6CF9E4} = {56A287EB-F9C6-453F-B606-93C8E2A7EA53}
		{8642D0B2-7212-4C86-A79A-607835AE8D75} = {56A287EB-F9C6-453F-B606-93C8E2A7EA53}
		{272B367E-DA3B-485E-A8D0-D8C4D4704C76} = {9AA95928-E3F1-4676-A48F-A3F4D7913E5D}
		{2F21634A-3460-4A00-9A86-4661479557DE} = {9AA95928-E3F1-4676-A48F-A3F4D7913E5D}
		{31778A4B-47CE-4428-8D02-2F52D4D8EDEE} = {9AA95928-E3F1-4676-A48F-A3F4D7913E5D}
		{CD868DC5-3389-403B-BE80-A0E4F80429A6} = {9AA95928-E3F1-4676-A48F-A3F4D7913E5D}
		{BD569AF8-9F30-4219-B865-070ABEF1F19F} = {9AA95928-E3F1-4676-A48F-A3F4D7913E5D}
		{1A954585-C9BB-45DA-BA44-35C410DA11FC} = {9AA95928-E3F1-4676-A48F-A3F4D7913E5D}
		{1B62DC14-AB6E-469C-87E6-33E508E624FA} = {9AA95928-E3F1-4676-A48F-A3F4D7913E5D}
		{E383DBC5-465B-4DE5-AAF7-29FBF7F8B42E} = {B3715BDA-8786-4EB6-BD6D-031FB0AED7AD}
		{F9EE28EB-BDEB-4AFC-91EE-FC187A4400A8} = {7159B02E-2050-40EC-9F1E-E68486AFFC68}
		{E31EDAE0-D1AB-4BA7-B0EA-63C1B0DA9C9E} = {7159B02E-2050-40EC-9F1E-E68486AFFC68}
		{6BBC5107-F510-4C59-B557-23183CEED782} = {7159B02E-2050-40EC-9F1E-E68486AFFC68}
	EndGlobalSection
	GlobalSection(ExtensibilityGlobals) = postSolution
		SolutionGuid = {F47469F8-B73F-4063-B546-2AC7E9030294}
	EndGlobalSection
EndGlobal
