
Microsoft Visual Studio Solution File, Format Version 12.00
# Visual Studio Version 16
VisualStudioVersion = 16.0.31205.134
MinimumVisualStudioVersion = 10.0.40219.1
Project("{2150E333-8FDC-42A3-9474-1A3956D46DE8}") = "LevelUpToA", "LevelUpToA", "{6961296A-7CE9-450A-8697-8BF8611E71AF}"
EndProject
Project("{9A19103F-16F7-4668-BE54-9A1E7A4F7556}") = "getboardstatus001", "getboardstatus001\getboardstatus001.csproj", "{F0E08C72-52B9-454E-B7EA-0E29ED05FA8E}"
EndProject
Project("{2150E333-8FDC-42A3-9474-1A3956D46DE8}") = "mapjudgement", "mapjudgement", "{09167AC7-3057-4952-BCAB-642485353EAC}"
EndProject
Project("{9A19103F-16F7-4668-BE54-9A1E7A4F7556}") = "changeboardstatus001", "changeboardstatus001\changeboardstatus001.csproj", "{6ABA200F-AC7F-4E24-BE76-E67363F30D1B}"
EndProject
Project("{9A19103F-16F7-4668-BE54-9A1E7A4F7556}") = "mapjudgement_horizontal001", "mapjudgement_horizontal001\mapjudgement_horizontal001.csproj", "{DDB2E003-DC6F-47A4-8D89-30A3D1E3EE8B}"
EndProject
Project("{9A19103F-16F7-4668-BE54-9A1E7A4F7556}") = "mapjudgement_vertical001", "mapjudgement_vertical001\mapjudgement_vertical001.csproj", "{0611C32F-A4A0-4967-92E7-5D5BCDA9A39A}"
EndProject
Project("{9A19103F-16F7-4668-BE54-9A1E7A4F7556}") = "mapjudgement_all001", "mapjudgement_all001\mapjudgement_all001.csproj", "{47650223-C137-45CE-B762-D7C764673E95}"
EndProject
Project("{2150E333-8FDC-42A3-9474-1A3956D46DE8}") = "orientedmovement", "orientedmovement", "{D7BC0EB1-C104-4FBC-B31F-1F65D67D0815}"
EndProject
Project("{9A19103F-16F7-4668-BE54-9A1E7A4F7556}") = "getcoordinatefrommap001", "getcoordinatefrommap001\getcoordinatefrommap001.csproj", "{152851B0-4C0B-4B84-9E4C-0B6B655052A5}"
EndProject
Project("{9A19103F-16F7-4668-BE54-9A1E7A4F7556}") = "movementanddirection001", "movementanddirection001\movementanddirection001.csproj", "{E3B2526E-5133-47F4-8BCE-3101B2F8A6C7}"
EndProject
Project("{9A19103F-16F7-4668-BE54-9A1E7A4F7556}") = "movementandorientation001", "movementandorientation001\movementandorientation001.csproj", "{8BEBE8E5-C9A5-4100-A601-1F9F91CABC61}"
EndProject
Project("{9A19103F-16F7-4668-BE54-9A1E7A4F7556}") = "regularmovement001", "regularmovement001\regularmovement001.csproj", "{AE3A6C38-21EB-40B1-9940-C1ED581FA634}"
EndProject
Project("{9A19103F-16F7-4668-BE54-9A1E7A4F7556}") = "orientedmovement001", "orientedmovement001\orientedmovement001.csproj", "{D4BBC26E-7930-4A2C-A894-77776FE26CA6}"
EndProject
Project("{2150E333-8FDC-42A3-9474-1A3956D46DE8}") = "snake", "snake", "{26989194-26FB-4FE7-B5B4-74A401D6FE7A}"
EndProject
Project("{9A19103F-16F7-4668-BE54-9A1E7A4F7556}") = "directionofmovement001", "directionofmovement001\directionofmovement001.csproj", "{D0197EA0-00D4-4612-BA93-7F8E533ACCB9}"
EndProject
Project("{9A19103F-16F7-4668-BE54-9A1E7A4F7556}") = "directionofmovement002", "directionofmovement002\directionofmovement002.csproj", "{59241892-2C90-43C0-A964-4B0004877A02}"
EndProject
Project("{9A19103F-16F7-4668-BE54-9A1E7A4F7556}") = "movemultipletimes001", "movemultipletimes001\movemultipletimes001.csproj", "{8069700F-2DDB-4ADD-AAD1-E2000C178A86}"
EndProject
Project("{9A19103F-16F7-4668-BE54-9A1E7A4F7556}") = "widemovement001", "widemovement001\widemovement001.csproj", "{5D19C3AA-57CF-4DE0-914A-2CEC0D54AB47}"
EndProject
Project("{FAE04EC0-301F-11D3-BF4B-00C04F79EFBC}") = "widemovement002", "widemovement002\widemovement002.csproj", "{DD6AF1A9-5206-4692-91DD-4CECBC846561}"
EndProject
Global
	GlobalSection(SolutionConfigurationPlatforms) = preSolution
		Debug|Any CPU = Debug|Any CPU
		Release|Any CPU = Release|Any CPU
	EndGlobalSection
	GlobalSection(ProjectConfigurationPlatforms) = postSolution
		{F0E08C72-52B9-454E-B7EA-0E29ED05FA8E}.Debug|Any CPU.ActiveCfg = Debug|Any CPU
		{F0E08C72-52B9-454E-B7EA-0E29ED05FA8E}.Debug|Any CPU.Build.0 = Debug|Any CPU
		{F0E08C72-52B9-454E-B7EA-0E29ED05FA8E}.Release|Any CPU.ActiveCfg = Release|Any CPU
		{F0E08C72-52B9-454E-B7EA-0E29ED05FA8E}.Release|Any CPU.Build.0 = Release|Any CPU
		{6ABA200F-AC7F-4E24-BE76-E67363F30D1B}.Debug|Any CPU.ActiveCfg = Debug|Any CPU
		{6ABA200F-AC7F-4E24-BE76-E67363F30D1B}.Debug|Any CPU.Build.0 = Debug|Any CPU
		{6ABA200F-AC7F-4E24-BE76-E67363F30D1B}.Release|Any CPU.ActiveCfg = Release|Any CPU
		{6ABA200F-AC7F-4E24-BE76-E67363F30D1B}.Release|Any CPU.Build.0 = Release|Any CPU
		{DDB2E003-DC6F-47A4-8D89-30A3D1E3EE8B}.Debug|Any CPU.ActiveCfg = Debug|Any CPU
		{DDB2E003-DC6F-47A4-8D89-30A3D1E3EE8B}.Debug|Any CPU.Build.0 = Debug|Any CPU
		{DDB2E003-DC6F-47A4-8D89-30A3D1E3EE8B}.Release|Any CPU.ActiveCfg = Release|Any CPU
		{DDB2E003-DC6F-47A4-8D89-30A3D1E3EE8B}.Release|Any CPU.Build.0 = Release|Any CPU
		{0611C32F-A4A0-4967-92E7-5D5BCDA9A39A}.Debug|Any CPU.ActiveCfg = Debug|Any CPU
		{0611C32F-A4A0-4967-92E7-5D5BCDA9A39A}.Debug|Any CPU.Build.0 = Debug|Any CPU
		{0611C32F-A4A0-4967-92E7-5D5BCDA9A39A}.Release|Any CPU.ActiveCfg = Release|Any CPU
		{0611C32F-A4A0-4967-92E7-5D5BCDA9A39A}.Release|Any CPU.Build.0 = Release|Any CPU
		{47650223-C137-45CE-B762-D7C764673E95}.Debug|Any CPU.ActiveCfg = Debug|Any CPU
		{47650223-C137-45CE-B762-D7C764673E95}.Debug|Any CPU.Build.0 = Debug|Any CPU
		{47650223-C137-45CE-B762-D7C764673E95}.Release|Any CPU.ActiveCfg = Release|Any CPU
		{47650223-C137-45CE-B762-D7C764673E95}.Release|Any CPU.Build.0 = Release|Any CPU
		{152851B0-4C0B-4B84-9E4C-0B6B655052A5}.Debug|Any CPU.ActiveCfg = Debug|Any CPU
		{152851B0-4C0B-4B84-9E4C-0B6B655052A5}.Debug|Any CPU.Build.0 = Debug|Any CPU
		{152851B0-4C0B-4B84-9E4C-0B6B655052A5}.Release|Any CPU.ActiveCfg = Release|Any CPU
		{152851B0-4C0B-4B84-9E4C-0B6B655052A5}.Release|Any CPU.Build.0 = Release|Any CPU
		{E3B2526E-5133-47F4-8BCE-3101B2F8A6C7}.Debug|Any CPU.ActiveCfg = Debug|Any CPU
		{E3B2526E-5133-47F4-8BCE-3101B2F8A6C7}.Debug|Any CPU.Build.0 = Debug|Any CPU
		{E3B2526E-5133-47F4-8BCE-3101B2F8A6C7}.Release|Any CPU.ActiveCfg = Release|Any CPU
		{E3B2526E-5133-47F4-8BCE-3101B2F8A6C7}.Release|Any CPU.Build.0 = Release|Any CPU
		{8BEBE8E5-C9A5-4100-A601-1F9F91CABC61}.Debug|Any CPU.ActiveCfg = Debug|Any CPU
		{8BEBE8E5-C9A5-4100-A601-1F9F91CABC61}.Debug|Any CPU.Build.0 = Debug|Any CPU
		{8BEBE8E5-C9A5-4100-A601-1F9F91CABC61}.Release|Any CPU.ActiveCfg = Release|Any CPU
		{8BEBE8E5-C9A5-4100-A601-1F9F91CABC61}.Release|Any CPU.Build.0 = Release|Any CPU
		{AE3A6C38-21EB-40B1-9940-C1ED581FA634}.Debug|Any CPU.ActiveCfg = Debug|Any CPU
		{AE3A6C38-21EB-40B1-9940-C1ED581FA634}.Debug|Any CPU.Build.0 = Debug|Any CPU
		{AE3A6C38-21EB-40B1-9940-C1ED581FA634}.Release|Any CPU.ActiveCfg = Release|Any CPU
		{AE3A6C38-21EB-40B1-9940-C1ED581FA634}.Release|Any CPU.Build.0 = Release|Any CPU
		{D4BBC26E-7930-4A2C-A894-77776FE26CA6}.Debug|Any CPU.ActiveCfg = Debug|Any CPU
		{D4BBC26E-7930-4A2C-A894-77776FE26CA6}.Debug|Any CPU.Build.0 = Debug|Any CPU
		{D4BBC26E-7930-4A2C-A894-77776FE26CA6}.Release|Any CPU.ActiveCfg = Release|Any CPU
		{D4BBC26E-7930-4A2C-A894-77776FE26CA6}.Release|Any CPU.Build.0 = Release|Any CPU
		{D0197EA0-00D4-4612-BA93-7F8E533ACCB9}.Debug|Any CPU.ActiveCfg = Debug|Any CPU
		{D0197EA0-00D4-4612-BA93-7F8E533ACCB9}.Debug|Any CPU.Build.0 = Debug|Any CPU
		{D0197EA0-00D4-4612-BA93-7F8E533ACCB9}.Release|Any CPU.ActiveCfg = Release|Any CPU
		{D0197EA0-00D4-4612-BA93-7F8E533ACCB9}.Release|Any CPU.Build.0 = Release|Any CPU
		{59241892-2C90-43C0-A964-4B0004877A02}.Debug|Any CPU.ActiveCfg = Debug|Any CPU
		{59241892-2C90-43C0-A964-4B0004877A02}.Debug|Any CPU.Build.0 = Debug|Any CPU
		{59241892-2C90-43C0-A964-4B0004877A02}.Release|Any CPU.ActiveCfg = Release|Any CPU
		{59241892-2C90-43C0-A964-4B0004877A02}.Release|Any CPU.Build.0 = Release|Any CPU
		{8069700F-2DDB-4ADD-AAD1-E2000C178A86}.Debug|Any CPU.ActiveCfg = Debug|Any CPU
		{8069700F-2DDB-4ADD-AAD1-E2000C178A86}.Debug|Any CPU.Build.0 = Debug|Any CPU
		{8069700F-2DDB-4ADD-AAD1-E2000C178A86}.Release|Any CPU.ActiveCfg = Release|Any CPU
		{8069700F-2DDB-4ADD-AAD1-E2000C178A86}.Release|Any CPU.Build.0 = Release|Any CPU
		{5D19C3AA-57CF-4DE0-914A-2CEC0D54AB47}.Debug|Any CPU.ActiveCfg = Debug|Any CPU
		{5D19C3AA-57CF-4DE0-914A-2CEC0D54AB47}.Debug|Any CPU.Build.0 = Debug|Any CPU
		{5D19C3AA-57CF-4DE0-914A-2CEC0D54AB47}.Release|Any CPU.ActiveCfg = Release|Any CPU
		{5D19C3AA-57CF-4DE0-914A-2CEC0D54AB47}.Release|Any CPU.Build.0 = Release|Any CPU
		{DD6AF1A9-5206-4692-91DD-4CECBC846561}.Debug|Any CPU.ActiveCfg = Debug|Any CPU
		{DD6AF1A9-5206-4692-91DD-4CECBC846561}.Debug|Any CPU.Build.0 = Debug|Any CPU
		{DD6AF1A9-5206-4692-91DD-4CECBC846561}.Release|Any CPU.ActiveCfg = Release|Any CPU
		{DD6AF1A9-5206-4692-91DD-4CECBC846561}.Release|Any CPU.Build.0 = Release|Any CPU
	EndGlobalSection
	GlobalSection(SolutionProperties) = preSolution
		HideSolutionNode = FALSE
	EndGlobalSection
	GlobalSection(NestedProjects) = preSolution
		{F0E08C72-52B9-454E-B7EA-0E29ED05FA8E} = {09167AC7-3057-4952-BCAB-642485353EAC}
		{09167AC7-3057-4952-BCAB-642485353EAC} = {6961296A-7CE9-450A-8697-8BF8611E71AF}
		{6ABA200F-AC7F-4E24-BE76-E67363F30D1B} = {09167AC7-3057-4952-BCAB-642485353EAC}
		{DDB2E003-DC6F-47A4-8D89-30A3D1E3EE8B} = {09167AC7-3057-4952-BCAB-642485353EAC}
		{0611C32F-A4A0-4967-92E7-5D5BCDA9A39A} = {09167AC7-3057-4952-BCAB-642485353EAC}
		{47650223-C137-45CE-B762-D7C764673E95} = {09167AC7-3057-4952-BCAB-642485353EAC}
		{D7BC0EB1-C104-4FBC-B31F-1F65D67D0815} = {6961296A-7CE9-450A-8697-8BF8611E71AF}
		{152851B0-4C0B-4B84-9E4C-0B6B655052A5} = {D7BC0EB1-C104-4FBC-B31F-1F65D67D0815}
		{E3B2526E-5133-47F4-8BCE-3101B2F8A6C7} = {D7BC0EB1-C104-4FBC-B31F-1F65D67D0815}
		{8BEBE8E5-C9A5-4100-A601-1F9F91CABC61} = {D7BC0EB1-C104-4FBC-B31F-1F65D67D0815}
		{AE3A6C38-21EB-40B1-9940-C1ED581FA634} = {D7BC0EB1-C104-4FBC-B31F-1F65D67D0815}
		{D4BBC26E-7930-4A2C-A894-77776FE26CA6} = {D7BC0EB1-C104-4FBC-B31F-1F65D67D0815}
		{26989194-26FB-4FE7-B5B4-74A401D6FE7A} = {6961296A-7CE9-450A-8697-8BF8611E71AF}
		{D0197EA0-00D4-4612-BA93-7F8E533ACCB9} = {26989194-26FB-4FE7-B5B4-74A401D6FE7A}
		{59241892-2C90-43C0-A964-4B0004877A02} = {26989194-26FB-4FE7-B5B4-74A401D6FE7A}
		{8069700F-2DDB-4ADD-AAD1-E2000C178A86} = {26989194-26FB-4FE7-B5B4-74A401D6FE7A}
		{5D19C3AA-57CF-4DE0-914A-2CEC0D54AB47} = {26989194-26FB-4FE7-B5B4-74A401D6FE7A}
		{DD6AF1A9-5206-4692-91DD-4CECBC846561} = {26989194-26FB-4FE7-B5B4-74A401D6FE7A}
	EndGlobalSection
	GlobalSection(ExtensibilityGlobals) = postSolution
		SolutionGuid = {F47469F8-B73F-4063-B546-2AC7E9030294}
	EndGlobalSection
EndGlobal
